// !$*UTF8*$!
{
	archiveVersion = 1;
	classes = {
	};
	objectVersion = 55;
	objects = {

/* Begin PBXBuildFile section */
		5A0F0A36299BCC71005D9E42 /* AppDelegate.swift in Sources */ = {isa = PBXBuildFile; fileRef = 5A0F0A35299BCC71005D9E42 /* AppDelegate.swift */; };
		5A0F0A38299BCC71005D9E42 /* SceneDelegate.swift in Sources */ = {isa = PBXBuildFile; fileRef = 5A0F0A37299BCC71005D9E42 /* SceneDelegate.swift */; };
		5A0F0A3A299BCC71005D9E42 /* ViewController.swift in Sources */ = {isa = PBXBuildFile; fileRef = 5A0F0A39299BCC71005D9E42 /* ViewController.swift */; };
		5A0F0A3D299BCC71005D9E42 /* Main.storyboard in Resources */ = {isa = PBXBuildFile; fileRef = 5A0F0A3B299BCC71005D9E42 /* Main.storyboard */; };
		5A0F0A3F299BCC7C005D9E42 /* Assets.xcassets in Resources */ = {isa = PBXBuildFile; fileRef = 5A0F0A3E299BCC7C005D9E42 /* Assets.xcassets */; };
		5A0F0A42299BCC7C005D9E42 /* LaunchScreen.storyboard in Resources */ = {isa = PBXBuildFile; fileRef = 5A0F0A40299BCC7C005D9E42 /* LaunchScreen.storyboard */; };
		5A0F0A4D299BCC7C005D9E42 /* DiscountAppTests.swift in Sources */ = {isa = PBXBuildFile; fileRef = 5A0F0A4C299BCC7C005D9E42 /* DiscountAppTests.swift */; };
		5A0F0A57299BCC7C005D9E42 /* DiscountAppUITests.swift in Sources */ = {isa = PBXBuildFile; fileRef = 5A0F0A56299BCC7C005D9E42 /* DiscountAppUITests.swift */; };
		5A0F0A59299BCC7C005D9E42 /* DiscountAppUITestsLaunchTests.swift in Sources */ = {isa = PBXBuildFile; fileRef = 5A0F0A58299BCC7C005D9E42 /* DiscountAppUITestsLaunchTests.swift */; };
/* End PBXBuildFile section */

/* Begin PBXContainerItemProxy section */
		5A0F0A49299BCC7C005D9E42 /* PBXContainerItemProxy */ = {
			isa = PBXContainerItemProxy;
			containerPortal = 5A0F0A2A299BCC71005D9E42 /* Project object */;
			proxyType = 1;
			remoteGlobalIDString = 5A0F0A31299BCC71005D9E42;
			remoteInfo = DiscountApp;
		};
		5A0F0A53299BCC7C005D9E42 /* PBXContainerItemProxy */ = {
			isa = PBXContainerItemProxy;
			containerPortal = 5A0F0A2A299BCC71005D9E42 /* Project object */;
			proxyType = 1;
			remoteGlobalIDString = 5A0F0A31299BCC71005D9E42;
			remoteInfo = DiscountApp;
		};
/* End PBXContainerItemProxy section */

/* Begin PBXFileReference section */
		5A0F0A32299BCC71005D9E42 /* DiscountApp.app */ = {isa = PBXFileReference; explicitFileType = wrapper.application; includeInIndex = 0; path = DiscountApp.app; sourceTree = BUILT_PRODUCTS_DIR; };
		5A0F0A35299BCC71005D9E42 /* AppDelegate.swift */ = {isa = PBXFileReference; lastKnownFileType = sourcecode.swift; path = AppDelegate.swift; sourceTree = "<group>"; };
		5A0F0A37299BCC71005D9E42 /* SceneDelegate.swift */ = {isa = PBXFileReference; lastKnownFileType = sourcecode.swift; path = SceneDelegate.swift; sourceTree = "<group>"; };
		5A0F0A39299BCC71005D9E42 /* ViewController.swift */ = {isa = PBXFileReference; lastKnownFileType = sourcecode.swift; path = ViewController.swift; sourceTree = "<group>"; };
		5A0F0A3C299BCC71005D9E42 /* Base */ = {isa = PBXFileReference; lastKnownFileType = file.storyboard; name = Base; path = Base.lproj/Main.storyboard; sourceTree = "<group>"; };
		5A0F0A3E299BCC7C005D9E42 /* Assets.xcassets */ = {isa = PBXFileReference; lastKnownFileType = folder.assetcatalog; path = Assets.xcassets; sourceTree = "<group>"; };
		5A0F0A41299BCC7C005D9E42 /* Base */ = {isa = PBXFileReference; lastKnownFileType = file.storyboard; name = Base; path = Base.lproj/LaunchScreen.storyboard; sourceTree = "<group>"; };
		5A0F0A43299BCC7C005D9E42 /* Info.plist */ = {isa = PBXFileReference; lastKnownFileType = text.plist.xml; path = Info.plist; sourceTree = "<group>"; };
		5A0F0A48299BCC7C005D9E42 /* DiscountAppTests.xctest */ = {isa = PBXFileReference; explicitFileType = wrapper.cfbundle; includeInIndex = 0; path = DiscountAppTests.xctest; sourceTree = BUILT_PRODUCTS_DIR; };
		5A0F0A4C299BCC7C005D9E42 /* DiscountAppTests.swift */ = {isa = PBXFileReference; lastKnownFileType = sourcecode.swift; path = DiscountAppTests.swift; sourceTree = "<group>"; };
		5A0F0A52299BCC7C005D9E42 /* DiscountAppUITests.xctest */ = {isa = PBXFileReference; explicitFileType = wrapper.cfbundle; includeInIndex = 0; path = DiscountAppUITests.xctest; sourceTree = BUILT_PRODUCTS_DIR; };
		5A0F0A56299BCC7C005D9E42 /* DiscountAppUITests.swift */ = {isa = PBXFileReference; lastKnownFileType = sourcecode.swift; path = DiscountAppUITests.swift; sourceTree = "<group>"; };
		5A0F0A58299BCC7C005D9E42 /* DiscountAppUITestsLaunchTests.swift */ = {isa = PBXFileReference; lastKnownFileType = sourcecode.swift; path = DiscountAppUITestsLaunchTests.swift; sourceTree = "<group>"; };
/* End PBXFileReference section */

/* Begin PBXFrameworksBuildPhase section */
		5A0F0A2F299BCC71005D9E42 /* Frameworks */ = {
			isa = PBXFrameworksBuildPhase;
			buildActionMask = 2147483647;
			files = (
			);
			runOnlyForDeploymentPostprocessing = 0;
		};
		5A0F0A45299BCC7C005D9E42 /* Frameworks */ = {
			isa = PBXFrameworksBuildPhase;
			buildActionMask = 2147483647;
			files = (
			);
			runOnlyForDeploymentPostprocessing = 0;
		};
		5A0F0A4F299BCC7C005D9E42 /* Frameworks */ = {
			isa = PBXFrameworksBuildPhase;
			buildActionMask = 2147483647;
			files = (
			);
			runOnlyForDeploymentPostprocessing = 0;
		};
/* End PBXFrameworksBuildPhase section */

/* Begin PBXGroup section */
		5A0F0A29299BCC71005D9E42 = {
			isa = PBXGroup;
			children = (
				5A0F0A34299BCC71005D9E42 /* DiscountApp */,
				5A0F0A4B299BCC7C005D9E42 /* DiscountAppTests */,
				5A0F0A55299BCC7C005D9E42 /* DiscountAppUITests */,
				5A0F0A33299BCC71005D9E42 /* Products */,
			);
			sourceTree = "<group>";
		};
		5A0F0A33299BCC71005D9E42 /* Products */ = {
			isa = PBXGroup;
			children = (
				5A0F0A32299BCC71005D9E42 /* DiscountApp.app */,
				5A0F0A48299BCC7C005D9E42 /* DiscountAppTests.xctest */,
				5A0F0A52299BCC7C005D9E42 /* DiscountAppUITests.xctest */,
			);
			name = Products;
			sourceTree = "<group>";
		};
		5A0F0A34299BCC71005D9E42 /* DiscountApp */ = {
			isa = PBXGroup;
			children = (
				5A0F0A35299BCC71005D9E42 /* AppDelegate.swift */,
				5A0F0A37299BCC71005D9E42 /* SceneDelegate.swift */,
				5A0F0A39299BCC71005D9E42 /* ViewController.swift */,
				5A0F0A3B299BCC71005D9E42 /* Main.storyboard */,
				5A0F0A3E299BCC7C005D9E42 /* Assets.xcassets */,
				5A0F0A40299BCC7C005D9E42 /* LaunchScreen.storyboard */,
				5A0F0A43299BCC7C005D9E42 /* Info.plist */,
			);
			path = DiscountApp;
			sourceTree = "<group>";
		};
		5A0F0A4B299BCC7C005D9E42 /* DiscountAppTests */ = {
			isa = PBXGroup;
			children = (
				5A0F0A4C299BCC7C005D9E42 /* DiscountAppTests.swift */,
			);
			path = DiscountAppTests;
			sourceTree = "<group>";
		};
		5A0F0A55299BCC7C005D9E42 /* DiscountAppUITests */ = {
			isa = PBXGroup;
			children = (
				5A0F0A56299BCC7C005D9E42 /* DiscountAppUITests.swift */,
				5A0F0A58299BCC7C005D9E42 /* DiscountAppUITestsLaunchTests.swift */,
			);
			path = DiscountAppUITests;
			sourceTree = "<group>";
		};
/* End PBXGroup section */

/* Begin PBXNativeTarget section */
		5A0F0A31299BCC71005D9E42 /* DiscountApp */ = {
			isa = PBXNativeTarget;
			buildConfigurationList = 5A0F0A5C299BCC7C005D9E42 /* Build configuration list for PBXNativeTarget "DiscountApp" */;
			buildPhases = (
				5A0F0A2E299BCC71005D9E42 /* Sources */,
				5A0F0A2F299BCC71005D9E42 /* Frameworks */,
				5A0F0A30299BCC71005D9E42 /* Resources */,
			);
			buildRules = (
			);
			dependencies = (
			);
			name = DiscountApp;
			productName = DiscountApp;
			productReference = 5A0F0A32299BCC71005D9E42 /* DiscountApp.app */;
			productType = "com.apple.product-type.application";
		};
		5A0F0A47299BCC7C005D9E42 /* DiscountAppTests */ = {
			isa = PBXNativeTarget;
			buildConfigurationList = 5A0F0A5F299BCC7C005D9E42 /* Build configuration list for PBXNativeTarget "DiscountAppTests" */;
			buildPhases = (
				5A0F0A44299BCC7C005D9E42 /* Sources */,
				5A0F0A45299BCC7C005D9E42 /* Frameworks */,
				5A0F0A46299BCC7C005D9E42 /* Resources */,
			);
			buildRules = (
			);
			dependencies = (
				5A0F0A4A299BCC7C005D9E42 /* PBXTargetDependency */,
			);
			name = DiscountAppTests;
			productName = DiscountAppTests;
			productReference = 5A0F0A48299BCC7C005D9E42 /* DiscountAppTests.xctest */;
			productType = "com.apple.product-type.bundle.unit-test";
		};
		5A0F0A51299BCC7C005D9E42 /* DiscountAppUITests */ = {
			isa = PBXNativeTarget;
			buildConfigurationList = 5A0F0A62299BCC7C005D9E42 /* Build configuration list for PBXNativeTarget "DiscountAppUITests" */;
			buildPhases = (
				5A0F0A4E299BCC7C005D9E42 /* Sources */,
				5A0F0A4F299BCC7C005D9E42 /* Frameworks */,
				5A0F0A50299BCC7C005D9E42 /* Resources */,
			);
			buildRules = (
			);
			dependencies = (
				5A0F0A54299BCC7C005D9E42 /* PBXTargetDependency */,
			);
			name = DiscountAppUITests;
			productName = DiscountAppUITests;
			productReference = 5A0F0A52299BCC7C005D9E42 /* DiscountAppUITests.xctest */;
			productType = "com.apple.product-type.bundle.ui-testing";
		};
/* End PBXNativeTarget section */

/* Begin PBXProject section */
		5A0F0A2A299BCC71005D9E42 /* Project object */ = {
			isa = PBXProject;
			attributes = {
				BuildIndependentTargetsInParallel = 1;
				LastSwiftUpdateCheck = 1340;
				LastUpgradeCheck = 1340;
				TargetAttributes = {
					5A0F0A31299BCC71005D9E42 = {
						CreatedOnToolsVersion = 13.4.1;
					};
					5A0F0A47299BCC7C005D9E42 = {
						CreatedOnToolsVersion = 13.4.1;
						TestTargetID = 5A0F0A31299BCC71005D9E42;
					};
					5A0F0A51299BCC7C005D9E42 = {
						CreatedOnToolsVersion = 13.4.1;
						TestTargetID = 5A0F0A31299BCC71005D9E42;
					};
				};
			};
			buildConfigurationList = 5A0F0A2D299BCC71005D9E42 /* Build configuration list for PBXProject "DiscountApp" */;
			compatibilityVersion = "Xcode 13.0";
			developmentRegion = en;
			hasScannedForEncodings = 0;
			knownRegions = (
				en,
				Base,
			);
			mainGroup = 5A0F0A29299BCC71005D9E42;
			productRefGroup = 5A0F0A33299BCC71005D9E42 /* Products */;
			projectDirPath = "";
			projectRoot = "";
			targets = (
				5A0F0A31299BCC71005D9E42 /* DiscountApp */,
				5A0F0A47299BCC7C005D9E42 /* DiscountAppTests */,
				5A0F0A51299BCC7C005D9E42 /* DiscountAppUITests */,
			);
		};
/* End PBXProject section */

/* Begin PBXResourcesBuildPhase section */
		5A0F0A30299BCC71005D9E42 /* Resources */ = {
			isa = PBXResourcesBuildPhase;
			buildActionMask = 2147483647;
			files = (
				5A0F0A42299BCC7C005D9E42 /* LaunchScreen.storyboard in Resources */,
				5A0F0A3F299BCC7C005D9E42 /* Assets.xcassets in Resources */,
				5A0F0A3D299BCC71005D9E42 /* Main.storyboard in Resources */,
			);
			runOnlyForDeploymentPostprocessing = 0;
		};
		5A0F0A46299BCC7C005D9E42 /* Resources */ = {
			isa = PBXResourcesBuildPhase;
			buildActionMask = 2147483647;
			files = (
			);
			runOnlyForDeploymentPostprocessing = 0;
		};
		5A0F0A50299BCC7C005D9E42 /* Resources */ = {
			isa = PBXResourcesBuildPhase;
			buildActionMask = 2147483647;
			files = (
			);
			runOnlyForDeploymentPostprocessing = 0;
		};
/* End PBXResourcesBuildPhase section */

/* Begin PBXSourcesBuildPhase section */
		5A0F0A2E299BCC71005D9E42 /* Sources */ = {
			isa = PBXSourcesBuildPhase;
			buildActionMask = 2147483647;
			files = (
				5A0F0A3A299BCC71005D9E42 /* ViewController.swift in Sources */,
				5A0F0A36299BCC71005D9E42 /* AppDelegate.swift in Sources */,
				5A0F0A38299BCC71005D9E42 /* SceneDelegate.swift in Sources */,
			);
			runOnlyForDeploymentPostprocessing = 0;
		};
		5A0F0A44299BCC7C005D9E42 /* Sources */ = {
			isa = PBXSourcesBuildPhase;
			buildActionMask = 2147483647;
			files = (
				5A0F0A4D299BCC7C005D9E42 /* DiscountAppTests.swift in Sources */,
			);
			runOnlyForDeploymentPostprocessing = 0;
		};
		5A0F0A4E299BCC7C005D9E42 /* Sources */ = {
			isa = PBXSourcesBuildPhase;
			buildActionMask = 2147483647;
			files = (
				5A0F0A57299BCC7C005D9E42 /* DiscountAppUITests.swift in Sources */,
				5A0F0A59299BCC7C005D9E42 /* DiscountAppUITestsLaunchTests.swift in Sources */,
			);
			runOnlyForDeploymentPostprocessing = 0;
		};
/* End PBXSourcesBuildPhase section */

/* Begin PBXTargetDependency section */
		5A0F0A4A299BCC7C005D9E42 /* PBXTargetDependency */ = {
			isa = PBXTargetDependency;
			target = 5A0F0A31299BCC71005D9E42 /* DiscountApp */;
			targetProxy = 5A0F0A49299BCC7C005D9E42 /* PBXContainerItemProxy */;
		};
		5A0F0A54299BCC7C005D9E42 /* PBXTargetDependency */ = {
			isa = PBXTargetDependency;
			target = 5A0F0A31299BCC71005D9E42 /* DiscountApp */;
			targetProxy = 5A0F0A53299BCC7C005D9E42 /* PBXContainerItemProxy */;
		};
/* End PBXTargetDependency section */

/* Begin PBXVariantGroup section */
		5A0F0A3B299BCC71005D9E42 /* Main.storyboard */ = {
			isa = PBXVariantGroup;
			children = (
				5A0F0A3C299BCC71005D9E42 /* Base */,
			);
			name = Main.storyboard;
			sourceTree = "<group>";
		};
		5A0F0A40299BCC7C005D9E42 /* LaunchScreen.storyboard */ = {
			isa = PBXVariantGroup;
			children = (
				5A0F0A41299BCC7C005D9E42 /* Base */,
			);
			name = LaunchScreen.storyboard;
			sourceTree = "<group>";
		};
/* End PBXVariantGroup section */

/* Begin XCBuildConfiguration section */
		5A0F0A5A299BCC7C005D9E42 /* Debug */ = {
			isa = XCBuildConfiguration;
			buildSettings = {
				ALWAYS_SEARCH_USER_PATHS = NO;
				CLANG_ANALYZER_NONNULL = YES;
				CLANG_ANALYZER_NUMBER_OBJECT_CONVERSION = YES_AGGRESSIVE;
				CLANG_CXX_LANGUAGE_STANDARD = "gnu++17";
				CLANG_ENABLE_MODULES = YES;
				CLANG_ENABLE_OBJC_ARC = YES;
				CLANG_ENABLE_OBJC_WEAK = YES;
				CLANG_WARN_BLOCK_CAPTURE_AUTORELEASING = YES;
				CLANG_WARN_BOOL_CONVERSION = YES;
				CLANG_WARN_COMMA = YES;
				CLANG_WARN_CONSTANT_CONVERSION = YES;
				CLANG_WARN_DEPRECATED_OBJC_IMPLEMENTATIONS = YES;
				CLANG_WARN_DIRECT_OBJC_ISA_USAGE = YES_ERROR;
				CLANG_WARN_DOCUMENTATION_COMMENTS = YES;
				CLANG_WARN_EMPTY_BODY = YES;
				CLANG_WARN_ENUM_CONVERSION = YES;
				CLANG_WARN_INFINITE_RECURSION = YES;
				CLANG_WARN_INT_CONVERSION = YES;
				CLANG_WARN_NON_LITERAL_NULL_CONVERSION = YES;
				CLANG_WARN_OBJC_IMPLICIT_RETAIN_SELF = YES;
				CLANG_WARN_OBJC_LITERAL_CONVERSION = YES;
				CLANG_WARN_OBJC_ROOT_CLASS = YES_ERROR;
				CLANG_WARN_QUOTED_INCLUDE_IN_FRAMEWORK_HEADER = YES;
				CLANG_WARN_RANGE_LOOP_ANALYSIS = YES;
				CLANG_WARN_STRICT_PROTOTYPES = YES;
				CLANG_WARN_SUSPICIOUS_MOVE = YES;
				CLANG_WARN_UNGUARDED_AVAILABILITY = YES_AGGRESSIVE;
				CLANG_WARN_UNREACHABLE_CODE = YES;
				CLANG_WARN__DUPLICATE_METHOD_MATCH = YES;
				COPY_PHASE_STRIP = NO;
				DEBUG_INFORMATION_FORMAT = dwarf;
				ENABLE_STRICT_OBJC_MSGSEND = YES;
				ENABLE_TESTABILITY = YES;
				GCC_C_LANGUAGE_STANDARD = gnu11;
				GCC_DYNAMIC_NO_PIC = NO;
				GCC_NO_COMMON_BLOCKS = YES;
				GCC_OPTIMIZATION_LEVEL = 0;
				GCC_PREPROCESSOR_DEFINITIONS = (
					"DEBUG=1",
					"$(inherited)",
				);
				GCC_WARN_64_TO_32_BIT_CONVERSION = YES;
				GCC_WARN_ABOUT_RETURN_TYPE = YES_ERROR;
				GCC_WARN_UNDECLARED_SELECTOR = YES;
				GCC_WARN_UNINITIALIZED_AUTOS = YES_AGGRESSIVE;
				GCC_WARN_UNUSED_FUNCTION = YES;
				GCC_WARN_UNUSED_VARIABLE = YES;
				IPHONEOS_DEPLOYMENT_TARGET = 15.5;
				MTL_ENABLE_DEBUG_INFO = INCLUDE_SOURCE;
				MTL_FAST_MATH = YES;
				ONLY_ACTIVE_ARCH = YES;
				SDKROOT = iphoneos;
				SWIFT_ACTIVE_COMPILATION_CONDITIONS = DEBUG;
				SWIFT_OPTIMIZATION_LEVEL = "-Onone";
			};
			name = Debug;
		};
		5A0F0A5B299BCC7C005D9E42 /* Release */ = {
			isa = XCBuildConfiguration;
			buildSettings = {
				ALWAYS_SEARCH_USER_PATHS = NO;
				CLANG_ANALYZER_NONNULL = YES;
				CLANG_ANALYZER_NUMBER_OBJECT_CONVERSION = YES_AGGRESSIVE;
				CLANG_CXX_LANGUAGE_STANDARD = "gnu++17";
				CLANG_ENABLE_MODULES = YES;
				CLANG_ENABLE_OBJC_ARC = YES;
				CLANG_ENABLE_OBJC_WEAK = YES;
				CLANG_WARN_BLOCK_CAPTURE_AUTORELEASING = YES;
				CLANG_WARN_BOOL_CONVERSION = YES;
				CLANG_WARN_COMMA = YES;
				CLANG_WARN_CONSTANT_CONVERSION = YES;
				CLANG_WARN_DEPRECATED_OBJC_IMPLEMENTATIONS = YES;
				CLANG_WARN_DIRECT_OBJC_ISA_USAGE = YES_ERROR;
				CLANG_WARN_DOCUMENTATION_COMMENTS = YES;
				CLANG_WARN_EMPTY_BODY = YES;
				CLANG_WARN_ENUM_CONVERSION = YES;
				CLANG_WARN_INFINITE_RECURSION = YES;
				CLANG_WARN_INT_CONVERSION = YES;
				CLANG_WARN_NON_LITERAL_NULL_CONVERSION = YES;
				CLANG_WARN_OBJC_IMPLICIT_RETAIN_SELF = YES;
				CLANG_WARN_OBJC_LITERAL_CONVERSION = YES;
				CLANG_WARN_OBJC_ROOT_CLASS = YES_ERROR;
				CLANG_WARN_QUOTED_INCLUDE_IN_FRAMEWORK_HEADER = YES;
				CLANG_WARN_RANGE_LOOP_ANALYSIS = YES;
				CLANG_WARN_STRICT_PROTOTYPES = YES;
				CLANG_WARN_SUSPICIOUS_MOVE = YES;
				CLANG_WARN_UNGUARDED_AVAILABILITY = YES_AGGRESSIVE;
				CLANG_WARN_UNREACHABLE_CODE = YES;
				CLANG_WARN__DUPLICATE_METHOD_MATCH = YES;
				COPY_PHASE_STRIP = NO;
				DEBUG_INFORMATION_FORMAT = "dwarf-with-dsym";
				ENABLE_NS_ASSERTIONS = NO;
				ENABLE_STRICT_OBJC_MSGSEND = YES;
				GCC_C_LANGUAGE_STANDARD = gnu11;
				GCC_NO_COMMON_BLOCKS = YES;
				GCC_WARN_64_TO_32_BIT_CONVERSION = YES;
				GCC_WARN_ABOUT_RETURN_TYPE = YES_ERROR;
				GCC_WARN_UNDECLARED_SELECTOR = YES;
				GCC_WARN_UNINITIALIZED_AUTOS = YES_AGGRESSIVE;
				GCC_WARN_UNUSED_FUNCTION = YES;
				GCC_WARN_UNUSED_VARIABLE = YES;
				IPHONEOS_DEPLOYMENT_TARGET = 15.5;
				MTL_ENABLE_DEBUG_INFO = NO;
				MTL_FAST_MATH = YES;
				SDKROOT = iphoneos;
				SWIFT_COMPILATION_MODE = wholemodule;
				SWIFT_OPTIMIZATION_LEVEL = "-O";
				VALIDATE_PRODUCT = YES;
			};
			name = Release;
		};
		5A0F0A5D299BCC7C005D9E42 /* Debug */ = {
			isa = XCBuildConfiguration;
			buildSettings = {
				ASSETCATALOG_COMPILER_APPICON_NAME = AppIcon;
				ASSETCATALOG_COMPILER_GLOBAL_ACCENT_COLOR_NAME = AccentColor;
				CODE_SIGN_STYLE = Automatic;
				CURRENT_PROJECT_VERSION = 1;
				GENERATE_INFOPLIST_FILE = YES;
				INFOPLIST_FILE = DiscountApp/Info.plist;
				INFOPLIST_KEY_CFBundleDisplayName = DiscountApp;
				INFOPLIST_KEY_UIApplicationSupportsIndirectInputEvents = YES;
				INFOPLIST_KEY_UILaunchStoryboardName = LaunchScreen;
				INFOPLIST_KEY_UIMainStoryboardFile = Main;
				INFOPLIST_KEY_UISupportedInterfaceOrientations_iPad = "UIInterfaceOrientationPortrait UIInterfaceOrientationPortraitUpsideDown UIInterfaceOrientationLandscapeLeft UIInterfaceOrientationLandscapeRight";
				INFOPLIST_KEY_UISupportedInterfaceOrientations_iPhone = "UIInterfaceOrientationPortrait UIInterfaceOrientationLandscapeLeft UIInterfaceOrientationLandscapeRight";
				LD_RUNPATH_SEARCH_PATHS = (
					"$(inherited)",
					"@executable_path/Frameworks",
				);
				MARKETING_VERSION = 1.0;
				PRODUCT_BUNDLE_IDENTIFIER = nwmissouri.edu.DiscountApp;
				PRODUCT_NAME = "$(TARGET_NAME)";
				SWIFT_EMIT_LOC_STRINGS = YES;
				SWIFT_VERSION = 5.0;
				TARGETED_DEVICE_FAMILY = "1,2";
			};
			name = Debug;
		};
		5A0F0A5E299BCC7C005D9E42 /* Release */ = {
			isa = XCBuildConfiguration;
			buildSettings = {
				ASSETCATALOG_COMPILER_APPICON_NAME = AppIcon;
				ASSETCATALOG_COMPILER_GLOBAL_ACCENT_COLOR_NAME = AccentColor;
				CODE_SIGN_STYLE = Automatic;
				CURRENT_PROJECT_VERSION = 1;
				GENERATE_INFOPLIST_FILE = YES;
				INFOPLIST_FILE = DiscountApp/Info.plist;
				INFOPLIST_KEY_CFBundleDisplayName = DiscountApp;
				INFOPLIST_KEY_UIApplicationSupportsIndirectInputEvents = YES;
				INFOPLIST_KEY_UILaunchStoryboardName = LaunchScreen;
				INFOPLIST_KEY_UIMainStoryboardFile = Main;
				INFOPLIST_KEY_UISupportedInterfaceOrientations_iPad = "UIInterfaceOrientationPortrait UIInterfaceOrientationPortraitUpsideDown UIInterfaceOrientationLandscapeLeft UIInterfaceOrientationLandscapeRight";
				INFOPLIST_KEY_UISupportedInterfaceOrientations_iPhone = "UIInterfaceOrientationPortrait UIInterfaceOrientationLandscapeLeft UIInterfaceOrientationLandscapeRight";
				LD_RUNPATH_SEARCH_PATHS = (
					"$(inherited)",
					"@executable_path/Frameworks",
				);
				MARKETING_VERSION = 1.0;
				PRODUCT_BUNDLE_IDENTIFIER = nwmissouri.edu.DiscountApp;
				PRODUCT_NAME = "$(TARGET_NAME)";
				SWIFT_EMIT_LOC_STRINGS = YES;
				SWIFT_VERSION = 5.0;
				TARGETED_DEVICE_FAMILY = "1,2";
			};
			name = Release;
		};
		5A0F0A60299BCC7C005D9E42 /* Debug */ = {
			isa = XCBuildConfiguration;
			buildSettings = {
				ALWAYS_EMBED_SWIFT_STANDARD_LIBRARIES = YES;
				BUNDLE_LOADER = "$(TEST_HOST)";
				CODE_SIGN_STYLE = Automatic;
				CURRENT_PROJECT_VERSION = 1;
				GENERATE_INFOPLIST_FILE = YES;
				IPHONEOS_DEPLOYMENT_TARGET = 15.5;
				MARKETING_VERSION = 1.0;
				PRODUCT_BUNDLE_IDENTIFIER = nwmissouri.edu.DiscountAppTests;
				PRODUCT_NAME = "$(TARGET_NAME)";
				SWIFT_EMIT_LOC_STRINGS = NO;
				SWIFT_VERSION = 5.0;
				TARGETED_DEVICE_FAMILY = "1,2";
				TEST_HOST = "$(BUILT_PRODUCTS_DIR)/DiscountApp.app/DiscountApp";
			};
			name = Debug;
		};
		5A0F0A61299BCC7C005D9E42 /* Release */ = {
			isa = XCBuildConfiguration;
			buildSettings = {
				ALWAYS_EMBED_SWIFT_STANDARD_LIBRARIES = YES;
				BUNDLE_LOADER = "$(TEST_HOST)";
				CODE_SIGN_STYLE = Automatic;
				CURRENT_PROJECT_VERSION = 1;
				GENERATE_INFOPLIST_FILE = YES;
				IPHONEOS_DEPLOYMENT_TARGET = 15.5;
				MARKETING_VERSION = 1.0;
				PRODUCT_BUNDLE_IDENTIFIER = nwmissouri.edu.DiscountAppTests;
				PRODUCT_NAME = "$(TARGET_NAME)";
				SWIFT_EMIT_LOC_STRINGS = NO;
				SWIFT_VERSION = 5.0;
				TARGETED_DEVICE_FAMILY = "1,2";
				TEST_HOST = "$(BUILT_PRODUCTS_DIR)/DiscountApp.app/DiscountApp";
			};
			name = Release;
		};
		5A0F0A63299BCC7C005D9E42 /* Debug */ = {
			isa = XCBuildConfiguration;
			buildSettings = {
				ALWAYS_EMBED_SWIFT_STANDARD_LIBRARIES = YES;
				CODE_SIGN_STYLE = Automatic;
				CURRENT_PROJECT_VERSION = 1;
				GENERATE_INFOPLIST_FILE = YES;
				MARKETING_VERSION = 1.0;
				PRODUCT_BUNDLE_IDENTIFIER = nwmissouri.edu.DiscountAppUITests;
				PRODUCT_NAME = "$(TARGET_NAME)";
				SWIFT_EMIT_LOC_STRINGS = NO;
				SWIFT_VERSION = 5.0;
				TARGETED_DEVICE_FAMILY = "1,2";
				TEST_TARGET_NAME = DiscountApp;
			};
			name = Debug;
		};
		5A0F0A64299BCC7C005D9E42 /* Release */ = {
			isa = XCBuildConfiguration;
			buildSettings = {
				ALWAYS_EMBED_SWIFT_STANDARD_LIBRARIES = YES;
				CODE_SIGN_STYLE = Automatic;
				CURRENT_PROJECT_VERSION = 1;
				GENERATE_INFOPLIST_FILE = YES;
				MARKETING_VERSION = 1.0;
				PRODUCT_BUNDLE_IDENTIFIER = nwmissouri.edu.DiscountAppUITests;
				PRODUCT_NAME = "$(TARGET_NAME)";
				SWIFT_EMIT_LOC_STRINGS = NO;
				SWIFT_VERSION = 5.0;
				TARGETED_DEVICE_FAMILY = "1,2";
				TEST_TARGET_NAME = DiscountApp;
			};
			name = Release;
		};
/* End XCBuildConfiguration section */

/* Begin XCConfigurationList section */
		5A0F0A2D299BCC71005D9E42 /* Build configuration list for PBXProject "DiscountApp" */ = {
			isa = XCConfigurationList;
			buildConfigurations = (
				5A0F0A5A299BCC7C005D9E42 /* Debug */,
				5A0F0A5B299BCC7C005D9E42 /* Release */,
			);
			defaultConfigurationIsVisible = 0;
			defaultConfigurationName = Release;
		};
		5A0F0A5C299BCC7C005D9E42 /* Build configuration list for PBXNativeTarget "DiscountApp" */ = {
			isa = XCConfigurationList;
			buildConfigurations = (
				5A0F0A5D299BCC7C005D9E42 /* Debug */,
				5A0F0A5E299BCC7C005D9E42 /* Release */,
			);
			defaultConfigurationIsVisible = 0;
			defaultConfigurationName = Release;
		};
		5A0F0A5F299BCC7C005D9E42 /* Build configuration list for PBXNativeTarget "DiscountAppTests" */ = {
			isa = XCConfigurationList;
			buildConfigurations = (
				5A0F0A60299BCC7C005D9E42 /* Debug */,
				5A0F0A61299BCC7C005D9E42 /* Release */,
			);
			defaultConfigurationIsVisible = 0;
			defaultConfigurationName = Release;
		};
		5A0F0A62299BCC7C005D9E42 /* Build configuration list for PBXNativeTarget "DiscountAppUITests" */ = {
			isa = XCConfigurationList;
			buildConfigurations = (
				5A0F0A63299BCC7C005D9E42 /* Debug */,
				5A0F0A64299BCC7C005D9E42 /* Release */,
			);
			defaultConfigurationIsVisible = 0;
			defaultConfigurationName = Release;
		};
/* End XCConfigurationList section */
	};
	rootObject = 5A0F0A2A299BCC71005D9E42 /* Project object */;
}
