// !$*UTF8*$!
{
	archiveVersion = 1;
	classes = {
	};
	objectVersion = 55;
	objects = {

/* Begin PBXBuildFile section */
		5A0F0A72299BD8DC005D9E42 /* AppDelegate.swift in Sources */ = {isa = PBXBuildFile; fileRef = 5A0F0A71299BD8DC005D9E42 /* AppDelegate.swift */; };
		5A0F0A74299BD8DC005D9E42 /* SceneDelegate.swift in Sources */ = {isa = PBXBuildFile; fileRef = 5A0F0A73299BD8DC005D9E42 /* SceneDelegate.swift */; };
		5A0F0A76299BD8DC005D9E42 /* ViewController.swift in Sources */ = {isa = PBXBuildFile; fileRef = 5A0F0A75299BD8DC005D9E42 /* ViewController.swift */; };
		5A0F0A79299BD8DC005D9E42 /* Main.storyboard in Resources */ = {isa = PBXBuildFile; fileRef = 5A0F0A77299BD8DC005D9E42 /* Main.storyboard */; };
		5A0F0A7B299BD8DF005D9E42 /* Assets.xcassets in Resources */ = {isa = PBXBuildFile; fileRef = 5A0F0A7A299BD8DF005D9E42 /* Assets.xcassets */; };
		5A0F0A7E299BD8DF005D9E42 /* LaunchScreen.storyboard in Resources */ = {isa = PBXBuildFile; fileRef = 5A0F0A7C299BD8DF005D9E42 /* LaunchScreen.storyboard */; };
		5A0F0A89299BD8DF005D9E42 /* Madire_CalculatorAppTests.swift in Sources */ = {isa = PBXBuildFile; fileRef = 5A0F0A88299BD8DF005D9E42 /* Madire_CalculatorAppTests.swift */; };
		5A0F0A93299BD8DF005D9E42 /* Madire_CalculatorAppUITests.swift in Sources */ = {isa = PBXBuildFile; fileRef = 5A0F0A92299BD8DF005D9E42 /* Madire_CalculatorAppUITests.swift */; };
		5A0F0A95299BD8DF005D9E42 /* Madire_CalculatorAppUITestsLaunchTests.swift in Sources */ = {isa = PBXBuildFile; fileRef = 5A0F0A94299BD8DF005D9E42 /* Madire_CalculatorAppUITestsLaunchTests.swift */; };
/* End PBXBuildFile section */

/* Begin PBXContainerItemProxy section */
		5A0F0A85299BD8DF005D9E42 /* PBXContainerItemProxy */ = {
			isa = PBXContainerItemProxy;
			containerPortal = 5A0F0A66299BD8DB005D9E42 /* Project object */;
			proxyType = 1;
			remoteGlobalIDString = 5A0F0A6D299BD8DB005D9E42;
			remoteInfo = Madire_CalculatorApp;
		};
		5A0F0A8F299BD8DF005D9E42 /* PBXContainerItemProxy */ = {
			isa = PBXContainerItemProxy;
			containerPortal = 5A0F0A66299BD8DB005D9E42 /* Project object */;
			proxyType = 1;
			remoteGlobalIDString = 5A0F0A6D299BD8DB005D9E42;
			remoteInfo = Madire_CalculatorApp;
		};
/* End PBXContainerItemProxy section */

/* Begin PBXFileReference section */
		5A0F0A6E299BD8DB005D9E42 /* Madire_CalculatorApp.app */ = {isa = PBXFileReference; explicitFileType = wrapper.application; includeInIndex = 0; path = Madire_CalculatorApp.app; sourceTree = BUILT_PRODUCTS_DIR; };
		5A0F0A71299BD8DC005D9E42 /* AppDelegate.swift */ = {isa = PBXFileReference; lastKnownFileType = sourcecode.swift; path = AppDelegate.swift; sourceTree = "<group>"; };
		5A0F0A73299BD8DC005D9E42 /* SceneDelegate.swift */ = {isa = PBXFileReference; lastKnownFileType = sourcecode.swift; path = SceneDelegate.swift; sourceTree = "<group>"; };
		5A0F0A75299BD8DC005D9E42 /* ViewController.swift */ = {isa = PBXFileReference; lastKnownFileType = sourcecode.swift; path = ViewController.swift; sourceTree = "<group>"; };
		5A0F0A78299BD8DC005D9E42 /* Base */ = {isa = PBXFileReference; lastKnownFileType = file.storyboard; name = Base; path = Base.lproj/Main.storyboard; sourceTree = "<group>"; };
		5A0F0A7A299BD8DF005D9E42 /* Assets.xcassets */ = {isa = PBXFileReference; lastKnownFileType = folder.assetcatalog; path = Assets.xcassets; sourceTree = "<group>"; };
		5A0F0A7D299BD8DF005D9E42 /* Base */ = {isa = PBXFileReference; lastKnownFileType = file.storyboard; name = Base; path = Base.lproj/LaunchScreen.storyboard; sourceTree = "<group>"; };
		5A0F0A7F299BD8DF005D9E42 /* Info.plist */ = {isa = PBXFileReference; lastKnownFileType = text.plist.xml; path = Info.plist; sourceTree = "<group>"; };
		5A0F0A84299BD8DF005D9E42 /* Madire_CalculatorAppTests.xctest */ = {isa = PBXFileReference; explicitFileType = wrapper.cfbundle; includeInIndex = 0; path = Madire_CalculatorAppTests.xctest; sourceTree = BUILT_PRODUCTS_DIR; };
		5A0F0A88299BD8DF005D9E42 /* Madire_CalculatorAppTests.swift */ = {isa = PBXFileReference; lastKnownFileType = sourcecode.swift; path = Madire_CalculatorAppTests.swift; sourceTree = "<group>"; };
		5A0F0A8E299BD8DF005D9E42 /* Madire_CalculatorAppUITests.xctest */ = {isa = PBXFileReference; explicitFileType = wrapper.cfbundle; includeInIndex = 0; path = Madire_CalculatorAppUITests.xctest; sourceTree = BUILT_PRODUCTS_DIR; };
		5A0F0A92299BD8DF005D9E42 /* Madire_CalculatorAppUITests.swift */ = {isa = PBXFileReference; lastKnownFileType = sourcecode.swift; path = Madire_CalculatorAppUITests.swift; sourceTree = "<group>"; };
		5A0F0A94299BD8DF005D9E42 /* Madire_CalculatorAppUITestsLaunchTests.swift */ = {isa = PBXFileReference; lastKnownFileType = sourcecode.swift; path = Madire_CalculatorAppUITestsLaunchTests.swift; sourceTree = "<group>"; };
/* End PBXFileReference section */

/* Begin PBXFrameworksBuildPhase section */
		5A0F0A6B299BD8DB005D9E42 /* Frameworks */ = {
			isa = PBXFrameworksBuildPhase;
			buildActionMask = 2147483647;
			files = (
			);
			runOnlyForDeploymentPostprocessing = 0;
		};
		5A0F0A81299BD8DF005D9E42 /* Frameworks */ = {
			isa = PBXFrameworksBuildPhase;
			buildActionMask = 2147483647;
			files = (
			);
			runOnlyForDeploymentPostprocessing = 0;
		};
		5A0F0A8B299BD8DF005D9E42 /* Frameworks */ = {
			isa = PBXFrameworksBuildPhase;
			buildActionMask = 2147483647;
			files = (
			);
			runOnlyForDeploymentPostprocessing = 0;
		};
/* End PBXFrameworksBuildPhase section */

/* Begin PBXGroup section */
		5A0F0A65299BD8DB005D9E42 = {
			isa = PBXGroup;
			children = (
				5A0F0A70299BD8DB005D9E42 /* Madire_CalculatorApp */,
				5A0F0A87299BD8DF005D9E42 /* Madire_CalculatorAppTests */,
				5A0F0A91299BD8DF005D9E42 /* Madire_CalculatorAppUITests */,
				5A0F0A6F299BD8DB005D9E42 /* Products */,
			);
			sourceTree = "<group>";
		};
		5A0F0A6F299BD8DB005D9E42 /* Products */ = {
			isa = PBXGroup;
			children = (
				5A0F0A6E299BD8DB005D9E42 /* Madire_CalculatorApp.app */,
				5A0F0A84299BD8DF005D9E42 /* Madire_CalculatorAppTests.xctest */,
				5A0F0A8E299BD8DF005D9E42 /* Madire_CalculatorAppUITests.xctest */,
			);
			name = Products;
			sourceTree = "<group>";
		};
		5A0F0A70299BD8DB005D9E42 /* Madire_CalculatorApp */ = {
			isa = PBXGroup;
			children = (
				5A0F0A71299BD8DC005D9E42 /* AppDelegate.swift */,
				5A0F0A73299BD8DC005D9E42 /* SceneDelegate.swift */,
				5A0F0A75299BD8DC005D9E42 /* ViewController.swift */,
				5A0F0A77299BD8DC005D9E42 /* Main.storyboard */,
				5A0F0A7A299BD8DF005D9E42 /* Assets.xcassets */,
				5A0F0A7C299BD8DF005D9E42 /* LaunchScreen.storyboard */,
				5A0F0A7F299BD8DF005D9E42 /* Info.plist */,
			);
			path = Madire_CalculatorApp;
			sourceTree = "<group>";
		};
		5A0F0A87299BD8DF005D9E42 /* Madire_CalculatorAppTests */ = {
			isa = PBXGroup;
			children = (
				5A0F0A88299BD8DF005D9E42 /* Madire_CalculatorAppTests.swift */,
			);
			path = Madire_CalculatorAppTests;
			sourceTree = "<group>";
		};
		5A0F0A91299BD8DF005D9E42 /* Madire_CalculatorAppUITests */ = {
			isa = PBXGroup;
			children = (
				5A0F0A92299BD8DF005D9E42 /* Madire_CalculatorAppUITests.swift */,
				5A0F0A94299BD8DF005D9E42 /* Madire_CalculatorAppUITestsLaunchTests.swift */,
			);
			path = Madire_CalculatorAppUITests;
			sourceTree = "<group>";
		};
/* End PBXGroup section */

/* Begin PBXNativeTarget section */
		5A0F0A6D299BD8DB005D9E42 /* Madire_CalculatorApp */ = {
			isa = PBXNativeTarget;
			buildConfigurationList = 5A0F0A98299BD8DF005D9E42 /* Build configuration list for PBXNativeTarget "Madire_CalculatorApp" */;
			buildPhases = (
				5A0F0A6A299BD8DB005D9E42 /* Sources */,
				5A0F0A6B299BD8DB005D9E42 /* Frameworks */,
				5A0F0A6C299BD8DB005D9E42 /* Resources */,
			);
			buildRules = (
			);
			dependencies = (
			);
			name = Madire_CalculatorApp;
			productName = Madire_CalculatorApp;
			productReference = 5A0F0A6E299BD8DB005D9E42 /* Madire_CalculatorApp.app */;
			productType = "com.apple.product-type.application";
		};
		5A0F0A83299BD8DF005D9E42 /* Madire_CalculatorAppTests */ = {
			isa = PBXNativeTarget;
			buildConfigurationList = 5A0F0A9B299BD8DF005D9E42 /* Build configuration list for PBXNativeTarget "Madire_CalculatorAppTests" */;
			buildPhases = (
				5A0F0A80299BD8DF005D9E42 /* Sources */,
				5A0F0A81299BD8DF005D9E42 /* Frameworks */,
				5A0F0A82299BD8DF005D9E42 /* Resources */,
			);
			buildRules = (
			);
			dependencies = (
				5A0F0A86299BD8DF005D9E42 /* PBXTargetDependency */,
			);
			name = Madire_CalculatorAppTests;
			productName = Madire_CalculatorAppTests;
			productReference = 5A0F0A84299BD8DF005D9E42 /* Madire_CalculatorAppTests.xctest */;
			productType = "com.apple.product-type.bundle.unit-test";
		};
		5A0F0A8D299BD8DF005D9E42 /* Madire_CalculatorAppUITests */ = {
			isa = PBXNativeTarget;
			buildConfigurationList = 5A0F0A9E299BD8DF005D9E42 /* Build configuration list for PBXNativeTarget "Madire_CalculatorAppUITests" */;
			buildPhases = (
				5A0F0A8A299BD8DF005D9E42 /* Sources */,
				5A0F0A8B299BD8DF005D9E42 /* Frameworks */,
				5A0F0A8C299BD8DF005D9E42 /* Resources */,
			);
			buildRules = (
			);
			dependencies = (
				5A0F0A90299BD8DF005D9E42 /* PBXTargetDependency */,
			);
			name = Madire_CalculatorAppUITests;
			productName = Madire_CalculatorAppUITests;
			productReference = 5A0F0A8E299BD8DF005D9E42 /* Madire_CalculatorAppUITests.xctest */;
			productType = "com.apple.product-type.bundle.ui-testing";
		};
/* End PBXNativeTarget section */

/* Begin PBXProject section */
		5A0F0A66299BD8DB005D9E42 /* Project object */ = {
			isa = PBXProject;
			attributes = {
				BuildIndependentTargetsInParallel = 1;
				LastSwiftUpdateCheck = 1340;
				LastUpgradeCheck = 1340;
				TargetAttributes = {
					5A0F0A6D299BD8DB005D9E42 = {
						CreatedOnToolsVersion = 13.4.1;
					};
					5A0F0A83299BD8DF005D9E42 = {
						CreatedOnToolsVersion = 13.4.1;
						TestTargetID = 5A0F0A6D299BD8DB005D9E42;
					};
					5A0F0A8D299BD8DF005D9E42 = {
						CreatedOnToolsVersion = 13.4.1;
						TestTargetID = 5A0F0A6D299BD8DB005D9E42;
					};
				};
			};
			buildConfigurationList = 5A0F0A69299BD8DB005D9E42 /* Build configuration list for PBXProject "Madire_CalculatorApp" */;
			compatibilityVersion = "Xcode 13.0";
			developmentRegion = en;
			hasScannedForEncodings = 0;
			knownRegions = (
				en,
				Base,
			);
			mainGroup = 5A0F0A65299BD8DB005D9E42;
			productRefGroup = 5A0F0A6F299BD8DB005D9E42 /* Products */;
			projectDirPath = "";
			projectRoot = "";
			targets = (
				5A0F0A6D299BD8DB005D9E42 /* Madire_CalculatorApp */,
				5A0F0A83299BD8DF005D9E42 /* Madire_CalculatorAppTests */,
				5A0F0A8D299BD8DF005D9E42 /* Madire_CalculatorAppUITests */,
			);
		};
/* End PBXProject section */

/* Begin PBXResourcesBuildPhase section */
		5A0F0A6C299BD8DB005D9E42 /* Resources */ = {
			isa = PBXResourcesBuildPhase;
			buildActionMask = 2147483647;
			files = (
				5A0F0A7E299BD8DF005D9E42 /* LaunchScreen.storyboard in Resources */,
				5A0F0A7B299BD8DF005D9E42 /* Assets.xcassets in Resources */,
				5A0F0A79299BD8DC005D9E42 /* Main.storyboard in Resources */,
			);
			runOnlyForDeploymentPostprocessing = 0;
		};
		5A0F0A82299BD8DF005D9E42 /* Resources */ = {
			isa = PBXResourcesBuildPhase;
			buildActionMask = 2147483647;
			files = (
			);
			runOnlyForDeploymentPostprocessing = 0;
		};
		5A0F0A8C299BD8DF005D9E42 /* Resources */ = {
			isa = PBXResourcesBuildPhase;
			buildActionMask = 2147483647;
			files = (
			);
			runOnlyForDeploymentPostprocessing = 0;
		};
/* End PBXResourcesBuildPhase section */

/* Begin PBXSourcesBuildPhase section */
		5A0F0A6A299BD8DB005D9E42 /* Sources */ = {
			isa = PBXSourcesBuildPhase;
			buildActionMask = 2147483647;
			files = (
				5A0F0A76299BD8DC005D9E42 /* ViewController.swift in Sources */,
				5A0F0A72299BD8DC005D9E42 /* AppDelegate.swift in Sources */,
				5A0F0A74299BD8DC005D9E42 /* SceneDelegate.swift in Sources */,
			);
			runOnlyForDeploymentPostprocessing = 0;
		};
		5A0F0A80299BD8DF005D9E42 /* Sources */ = {
			isa = PBXSourcesBuildPhase;
			buildActionMask = 2147483647;
			files = (
				5A0F0A89299BD8DF005D9E42 /* Madire_CalculatorAppTests.swift in Sources */,
			);
			runOnlyForDeploymentPostprocessing = 0;
		};
		5A0F0A8A299BD8DF005D9E42 /* Sources */ = {
			isa = PBXSourcesBuildPhase;
			buildActionMask = 2147483647;
			files = (
				5A0F0A95299BD8DF005D9E42 /* Madire_CalculatorAppUITestsLaunchTests.swift in Sources */,
				5A0F0A93299BD8DF005D9E42 /* Madire_CalculatorAppUITests.swift in Sources */,
			);
			runOnlyForDeploymentPostprocessing = 0;
		};
/* End PBXSourcesBuildPhase section */

/* Begin PBXTargetDependency section */
		5A0F0A86299BD8DF005D9E42 /* PBXTargetDependency */ = {
			isa = PBXTargetDependency;
			target = 5A0F0A6D299BD8DB005D9E42 /* Madire_CalculatorApp */;
			targetProxy = 5A0F0A85299BD8DF005D9E42 /* PBXContainerItemProxy */;
		};
		5A0F0A90299BD8DF005D9E42 /* PBXTargetDependency */ = {
			isa = PBXTargetDependency;
			target = 5A0F0A6D299BD8DB005D9E42 /* Madire_CalculatorApp */;
			targetProxy = 5A0F0A8F299BD8DF005D9E42 /* PBXContainerItemProxy */;
		};
/* End PBXTargetDependency section */

/* Begin PBXVariantGroup section */
		5A0F0A77299BD8DC005D9E42 /* Main.storyboard */ = {
			isa = PBXVariantGroup;
			children = (
				5A0F0A78299BD8DC005D9E42 /* Base */,
			);
			name = Main.storyboard;
			sourceTree = "<group>";
		};
		5A0F0A7C299BD8DF005D9E42 /* LaunchScreen.storyboard */ = {
			isa = PBXVariantGroup;
			children = (
				5A0F0A7D299BD8DF005D9E42 /* Base */,
			);
			name = LaunchScreen.storyboard;
			sourceTree = "<group>";
		};
/* End PBXVariantGroup section */

/* Begin XCBuildConfiguration section */
		5A0F0A96299BD8DF005D9E42 /* Debug */ = {
			isa = XCBuildConfiguration;
			buildSettings = {
				ALWAYS_SEARCH_USER_PATHS = NO;
				CLANG_ANALYZER_NONNULL = YES;
				CLANG_ANALYZER_NUMBER_OBJECT_CONVERSION = YES_AGGRESSIVE;
				CLANG_CXX_LANGUAGE_STANDARD = "gnu++17";
				CLANG_ENABLE_MODULES = YES;
				CLANG_ENABLE_OBJC_ARC = YES;
				CLANG_ENABLE_OBJC_WEAK = YES;
				CLANG_WARN_BLOCK_CAPTURE_AUTORELEASING = YES;
				CLANG_WARN_BOOL_CONVERSION = YES;
				CLANG_WARN_COMMA = YES;
				CLANG_WARN_CONSTANT_CONVERSION = YES;
				CLANG_WARN_DEPRECATED_OBJC_IMPLEMENTATIONS = YES;
				CLANG_WARN_DIRECT_OBJC_ISA_USAGE = YES_ERROR;
				CLANG_WARN_DOCUMENTATION_COMMENTS = YES;
				CLANG_WARN_EMPTY_BODY = YES;
				CLANG_WARN_ENUM_CONVERSION = YES;
				CLANG_WARN_INFINITE_RECURSION = YES;
				CLANG_WARN_INT_CONVERSION = YES;
				CLANG_WARN_NON_LITERAL_NULL_CONVERSION = YES;
				CLANG_WARN_OBJC_IMPLICIT_RETAIN_SELF = YES;
				CLANG_WARN_OBJC_LITERAL_CONVERSION = YES;
				CLANG_WARN_OBJC_ROOT_CLASS = YES_ERROR;
				CLANG_WARN_QUOTED_INCLUDE_IN_FRAMEWORK_HEADER = YES;
				CLANG_WARN_RANGE_LOOP_ANALYSIS = YES;
				CLANG_WARN_STRICT_PROTOTYPES = YES;
				CLANG_WARN_SUSPICIOUS_MOVE = YES;
				CLANG_WARN_UNGUARDED_AVAILABILITY = YES_AGGRESSIVE;
				CLANG_WARN_UNREACHABLE_CODE = YES;
				CLANG_WARN__DUPLICATE_METHOD_MATCH = YES;
				COPY_PHASE_STRIP = NO;
				DEBUG_INFORMATION_FORMAT = dwarf;
				ENABLE_STRICT_OBJC_MSGSEND = YES;
				ENABLE_TESTABILITY = YES;
				GCC_C_LANGUAGE_STANDARD = gnu11;
				GCC_DYNAMIC_NO_PIC = NO;
				GCC_NO_COMMON_BLOCKS = YES;
				GCC_OPTIMIZATION_LEVEL = 0;
				GCC_PREPROCESSOR_DEFINITIONS = (
					"DEBUG=1",
					"$(inherited)",
				);
				GCC_WARN_64_TO_32_BIT_CONVERSION = YES;
				GCC_WARN_ABOUT_RETURN_TYPE = YES_ERROR;
				GCC_WARN_UNDECLARED_SELECTOR = YES;
				GCC_WARN_UNINITIALIZED_AUTOS = YES_AGGRESSIVE;
				GCC_WARN_UNUSED_FUNCTION = YES;
				GCC_WARN_UNUSED_VARIABLE = YES;
				IPHONEOS_DEPLOYMENT_TARGET = 15.5;
				MTL_ENABLE_DEBUG_INFO = INCLUDE_SOURCE;
				MTL_FAST_MATH = YES;
				ONLY_ACTIVE_ARCH = YES;
				SDKROOT = iphoneos;
				SWIFT_ACTIVE_COMPILATION_CONDITIONS = DEBUG;
				SWIFT_OPTIMIZATION_LEVEL = "-Onone";
			};
			name = Debug;
		};
		5A0F0A97299BD8DF005D9E42 /* Release */ = {
			isa = XCBuildConfiguration;
			buildSettings = {
				ALWAYS_SEARCH_USER_PATHS = NO;
				CLANG_ANALYZER_NONNULL = YES;
				CLANG_ANALYZER_NUMBER_OBJECT_CONVERSION = YES_AGGRESSIVE;
				CLANG_CXX_LANGUAGE_STANDARD = "gnu++17";
				CLANG_ENABLE_MODULES = YES;
				CLANG_ENABLE_OBJC_ARC = YES;
				CLANG_ENABLE_OBJC_WEAK = YES;
				CLANG_WARN_BLOCK_CAPTURE_AUTORELEASING = YES;
				CLANG_WARN_BOOL_CONVERSION = YES;
				CLANG_WARN_COMMA = YES;
				CLANG_WARN_CONSTANT_CONVERSION = YES;
				CLANG_WARN_DEPRECATED_OBJC_IMPLEMENTATIONS = YES;
				CLANG_WARN_DIRECT_OBJC_ISA_USAGE = YES_ERROR;
				CLANG_WARN_DOCUMENTATION_COMMENTS = YES;
				CLANG_WARN_EMPTY_BODY = YES;
				CLANG_WARN_ENUM_CONVERSION = YES;
				CLANG_WARN_INFINITE_RECURSION = YES;
				CLANG_WARN_INT_CONVERSION = YES;
				CLANG_WARN_NON_LITERAL_NULL_CONVERSION = YES;
				CLANG_WARN_OBJC_IMPLICIT_RETAIN_SELF = YES;
				CLANG_WARN_OBJC_LITERAL_CONVERSION = YES;
				CLANG_WARN_OBJC_ROOT_CLASS = YES_ERROR;
				CLANG_WARN_QUOTED_INCLUDE_IN_FRAMEWORK_HEADER = YES;
				CLANG_WARN_RANGE_LOOP_ANALYSIS = YES;
				CLANG_WARN_STRICT_PROTOTYPES = YES;
				CLANG_WARN_SUSPICIOUS_MOVE = YES;
				CLANG_WARN_UNGUARDED_AVAILABILITY = YES_AGGRESSIVE;
				CLANG_WARN_UNREACHABLE_CODE = YES;
				CLANG_WARN__DUPLICATE_METHOD_MATCH = YES;
				COPY_PHASE_STRIP = NO;
				DEBUG_INFORMATION_FORMAT = "dwarf-with-dsym";
				ENABLE_NS_ASSERTIONS = NO;
				ENABLE_STRICT_OBJC_MSGSEND = YES;
				GCC_C_LANGUAGE_STANDARD = gnu11;
				GCC_NO_COMMON_BLOCKS = YES;
				GCC_WARN_64_TO_32_BIT_CONVERSION = YES;
				GCC_WARN_ABOUT_RETURN_TYPE = YES_ERROR;
				GCC_WARN_UNDECLARED_SELECTOR = YES;
				GCC_WARN_UNINITIALIZED_AUTOS = YES_AGGRESSIVE;
				GCC_WARN_UNUSED_FUNCTION = YES;
				GCC_WARN_UNUSED_VARIABLE = YES;
				IPHONEOS_DEPLOYMENT_TARGET = 15.5;
				MTL_ENABLE_DEBUG_INFO = NO;
				MTL_FAST_MATH = YES;
				SDKROOT = iphoneos;
				SWIFT_COMPILATION_MODE = wholemodule;
				SWIFT_OPTIMIZATION_LEVEL = "-O";
				VALIDATE_PRODUCT = YES;
			};
			name = Release;
		};
		5A0F0A99299BD8DF005D9E42 /* Debug */ = {
			isa = XCBuildConfiguration;
			buildSettings = {
				ASSETCATALOG_COMPILER_APPICON_NAME = AppIcon;
				ASSETCATALOG_COMPILER_GLOBAL_ACCENT_COLOR_NAME = AccentColor;
				CODE_SIGN_STYLE = Automatic;
				CURRENT_PROJECT_VERSION = 1;
				GENERATE_INFOPLIST_FILE = YES;
				INFOPLIST_FILE = Madire_CalculatorApp/Info.plist;
				INFOPLIST_KEY_CFBundleDisplayName = Madire_CalculatorApp;
				INFOPLIST_KEY_UIApplicationSupportsIndirectInputEvents = YES;
				INFOPLIST_KEY_UILaunchStoryboardName = LaunchScreen;
				INFOPLIST_KEY_UIMainStoryboardFile = Main;
				INFOPLIST_KEY_UISupportedInterfaceOrientations_iPad = "UIInterfaceOrientationPortrait UIInterfaceOrientationPortraitUpsideDown UIInterfaceOrientationLandscapeLeft UIInterfaceOrientationLandscapeRight";
				INFOPLIST_KEY_UISupportedInterfaceOrientations_iPhone = "UIInterfaceOrientationPortrait UIInterfaceOrientationLandscapeLeft UIInterfaceOrientationLandscapeRight";
				IPHONEOS_DEPLOYMENT_TARGET = 15.0;
				LD_RUNPATH_SEARCH_PATHS = (
					"$(inherited)",
					"@executable_path/Frameworks",
				);
				MARKETING_VERSION = 1.0;
				PRODUCT_BUNDLE_IDENTIFIER = "nwmissouri.edu.Madire-CalculatorApp";
				PRODUCT_NAME = "$(TARGET_NAME)";
				SWIFT_EMIT_LOC_STRINGS = YES;
				SWIFT_VERSION = 5.0;
				TARGETED_DEVICE_FAMILY = "1,2";
			};
			name = Debug;
		};
		5A0F0A9A299BD8DF005D9E42 /* Release */ = {
			isa = XCBuildConfiguration;
			buildSettings = {
				ASSETCATALOG_COMPILER_APPICON_NAME = AppIcon;
				ASSETCATALOG_COMPILER_GLOBAL_ACCENT_COLOR_NAME = AccentColor;
				CODE_SIGN_STYLE = Automatic;
				CURRENT_PROJECT_VERSION = 1;
				GENERATE_INFOPLIST_FILE = YES;
				INFOPLIST_FILE = Madire_CalculatorApp/Info.plist;
				INFOPLIST_KEY_CFBundleDisplayName = Madire_CalculatorApp;
				INFOPLIST_KEY_UIApplicationSupportsIndirectInputEvents = YES;
				INFOPLIST_KEY_UILaunchStoryboardName = LaunchScreen;
				INFOPLIST_KEY_UIMainStoryboardFile = Main;
				INFOPLIST_KEY_UISupportedInterfaceOrientations_iPad = "UIInterfaceOrientationPortrait UIInterfaceOrientationPortraitUpsideDown UIInterfaceOrientationLandscapeLeft UIInterfaceOrientationLandscapeRight";
				INFOPLIST_KEY_UISupportedInterfaceOrientations_iPhone = "UIInterfaceOrientationPortrait UIInterfaceOrientationLandscapeLeft UIInterfaceOrientationLandscapeRight";
				IPHONEOS_DEPLOYMENT_TARGET = 15.0;
				LD_RUNPATH_SEARCH_PATHS = (
					"$(inherited)",
					"@executable_path/Frameworks",
				);
				MARKETING_VERSION = 1.0;
				PRODUCT_BUNDLE_IDENTIFIER = "nwmissouri.edu.Madire-CalculatorApp";
				PRODUCT_NAME = "$(TARGET_NAME)";
				SWIFT_EMIT_LOC_STRINGS = YES;
				SWIFT_VERSION = 5.0;
				TARGETED_DEVICE_FAMILY = "1,2";
			};
			name = Release;
		};
		5A0F0A9C299BD8DF005D9E42 /* Debug */ = {
			isa = XCBuildConfiguration;
			buildSettings = {
				ALWAYS_EMBED_SWIFT_STANDARD_LIBRARIES = YES;
				BUNDLE_LOADER = "$(TEST_HOST)";
				CODE_SIGN_STYLE = Automatic;
				CURRENT_PROJECT_VERSION = 1;
				GENERATE_INFOPLIST_FILE = YES;
				IPHONEOS_DEPLOYMENT_TARGET = 15.5;
				MARKETING_VERSION = 1.0;
				PRODUCT_BUNDLE_IDENTIFIER = "nwmissouri.edu.Madire-CalculatorAppTests";
				PRODUCT_NAME = "$(TARGET_NAME)";
				SWIFT_EMIT_LOC_STRINGS = NO;
				SWIFT_VERSION = 5.0;
				TARGETED_DEVICE_FAMILY = "1,2";
				TEST_HOST = "$(BUILT_PRODUCTS_DIR)/Madire_CalculatorApp.app/Madire_CalculatorApp";
			};
			name = Debug;
		};
		5A0F0A9D299BD8DF005D9E42 /* Release */ = {
			isa = XCBuildConfiguration;
			buildSettings = {
				ALWAYS_EMBED_SWIFT_STANDARD_LIBRARIES = YES;
				BUNDLE_LOADER = "$(TEST_HOST)";
				CODE_SIGN_STYLE = Automatic;
				CURRENT_PROJECT_VERSION = 1;
				GENERATE_INFOPLIST_FILE = YES;
				IPHONEOS_DEPLOYMENT_TARGET = 15.5;
				MARKETING_VERSION = 1.0;
				PRODUCT_BUNDLE_IDENTIFIER = "nwmissouri.edu.Madire-CalculatorAppTests";
				PRODUCT_NAME = "$(TARGET_NAME)";
				SWIFT_EMIT_LOC_STRINGS = NO;
				SWIFT_VERSION = 5.0;
				TARGETED_DEVICE_FAMILY = "1,2";
				TEST_HOST = "$(BUILT_PRODUCTS_DIR)/Madire_CalculatorApp.app/Madire_CalculatorApp";
			};
			name = Release;
		};
		5A0F0A9F299BD8DF005D9E42 /* Debug */ = {
			isa = XCBuildConfiguration;
			buildSettings = {
				ALWAYS_EMBED_SWIFT_STANDARD_LIBRARIES = YES;
				CODE_SIGN_STYLE = Automatic;
				CURRENT_PROJECT_VERSION = 1;
				GENERATE_INFOPLIST_FILE = YES;
				MARKETING_VERSION = 1.0;
				PRODUCT_BUNDLE_IDENTIFIER = "nwmissouri.edu.Madire-CalculatorAppUITests";
				PRODUCT_NAME = "$(TARGET_NAME)";
				SWIFT_EMIT_LOC_STRINGS = NO;
				SWIFT_VERSION = 5.0;
				TARGETED_DEVICE_FAMILY = "1,2";
				TEST_TARGET_NAME = Madire_CalculatorApp;
			};
			name = Debug;
		};
		5A0F0AA0299BD8DF005D9E42 /* Release */ = {
			isa = XCBuildConfiguration;
			buildSettings = {
				ALWAYS_EMBED_SWIFT_STANDARD_LIBRARIES = YES;
				CODE_SIGN_STYLE = Automatic;
				CURRENT_PROJECT_VERSION = 1;
				GENERATE_INFOPLIST_FILE = YES;
				MARKETING_VERSION = 1.0;
				PRODUCT_BUNDLE_IDENTIFIER = "nwmissouri.edu.Madire-CalculatorAppUITests";
				PRODUCT_NAME = "$(TARGET_NAME)";
				SWIFT_EMIT_LOC_STRINGS = NO;
				SWIFT_VERSION = 5.0;
				TARGETED_DEVICE_FAMILY = "1,2";
				TEST_TARGET_NAME = Madire_CalculatorApp;
			};
			name = Release;
		};
/* End XCBuildConfiguration section */

/* Begin XCConfigurationList section */
		5A0F0A69299BD8DB005D9E42 /* Build configuration list for PBXProject "Madire_CalculatorApp" */ = {
			isa = XCConfigurationList;
			buildConfigurations = (
				5A0F0A96299BD8DF005D9E42 /* Debug */,
				5A0F0A97299BD8DF005D9E42 /* Release */,
			);
			defaultConfigurationIsVisible = 0;
			defaultConfigurationName = Release;
		};
		5A0F0A98299BD8DF005D9E42 /* Build configuration list for PBXNativeTarget "Madire_CalculatorApp" */ = {
			isa = XCConfigurationList;
			buildConfigurations = (
				5A0F0A99299BD8DF005D9E42 /* Debug */,
				5A0F0A9A299BD8DF005D9E42 /* Release */,
			);
			defaultConfigurationIsVisible = 0;
			defaultConfigurationName = Release;
		};
		5A0F0A9B299BD8DF005D9E42 /* Build configuration list for PBXNativeTarget "Madire_CalculatorAppTests" */ = {
			isa = XCConfigurationList;
			buildConfigurations = (
				5A0F0A9C299BD8DF005D9E42 /* Debug */,
				5A0F0A9D299BD8DF005D9E42 /* Release */,
			);
			defaultConfigurationIsVisible = 0;
			defaultConfigurationName = Release;
		};
		5A0F0A9E299BD8DF005D9E42 /* Build configuration list for PBXNativeTarget "Madire_CalculatorAppUITests" */ = {
			isa = XCConfigurationList;
			buildConfigurations = (
				5A0F0A9F299BD8DF005D9E42 /* Debug */,
				5A0F0AA0299BD8DF005D9E42 /* Release */,
			);
			defaultConfigurationIsVisible = 0;
			defaultConfigurationName = Release;
		};
/* End XCConfigurationList section */
	};
	rootObject = 5A0F0A66299BD8DB005D9E42 /* Project object */;
}
