// !$*UTF8*$!
{
	archiveVersion = 1;
	classes = {
	};
	objectVersion = 55;
	objects = {

/* Begin PBXBuildFile section */
		5AA3374E29D32585006EFAD5 /* AppDelegate.swift in Sources */ = {isa = PBXBuildFile; fileRef = 5AA3374D29D32585006EFAD5 /* AppDelegate.swift */; };
		5AA3375029D32585006EFAD5 /* SceneDelegate.swift in Sources */ = {isa = PBXBuildFile; fileRef = 5AA3374F29D32585006EFAD5 /* SceneDelegate.swift */; };
		5AA3375229D32585006EFAD5 /* ViewController.swift in Sources */ = {isa = PBXBuildFile; fileRef = 5AA3375129D32585006EFAD5 /* ViewController.swift */; };
		5AA3375529D32585006EFAD5 /* Main.storyboard in Resources */ = {isa = PBXBuildFile; fileRef = 5AA3375329D32585006EFAD5 /* Main.storyboard */; };
		5AA3375729D3258B006EFAD5 /* Assets.xcassets in Resources */ = {isa = PBXBuildFile; fileRef = 5AA3375629D3258B006EFAD5 /* Assets.xcassets */; };
		5AA3375A29D3258B006EFAD5 /* LaunchScreen.storyboard in Resources */ = {isa = PBXBuildFile; fileRef = 5AA3375829D3258B006EFAD5 /* LaunchScreen.storyboard */; };
		5AA3376529D3258C006EFAD5 /* AnimationsAppTests.swift in Sources */ = {isa = PBXBuildFile; fileRef = 5AA3376429D3258C006EFAD5 /* AnimationsAppTests.swift */; };
		5AA3376F29D3258D006EFAD5 /* AnimationsAppUITests.swift in Sources */ = {isa = PBXBuildFile; fileRef = 5AA3376E29D3258D006EFAD5 /* AnimationsAppUITests.swift */; };
		5AA3377129D3258D006EFAD5 /* AnimationsAppUITestsLaunchTests.swift in Sources */ = {isa = PBXBuildFile; fileRef = 5AA3377029D3258D006EFAD5 /* AnimationsAppUITestsLaunchTests.swift */; };
/* End PBXBuildFile section */

/* Begin PBXContainerItemProxy section */
		5AA3376129D3258C006EFAD5 /* PBXContainerItemProxy */ = {
			isa = PBXContainerItemProxy;
			containerPortal = 5AA3374229D32584006EFAD5 /* Project object */;
			proxyType = 1;
			remoteGlobalIDString = 5AA3374929D32584006EFAD5;
			remoteInfo = AnimationsApp;
		};
		5AA3376B29D3258D006EFAD5 /* PBXContainerItemProxy */ = {
			isa = PBXContainerItemProxy;
			containerPortal = 5AA3374229D32584006EFAD5 /* Project object */;
			proxyType = 1;
			remoteGlobalIDString = 5AA3374929D32584006EFAD5;
			remoteInfo = AnimationsApp;
		};
/* End PBXContainerItemProxy section */

/* Begin PBXFileReference section */
		5AA3374A29D32584006EFAD5 /* AnimationsApp.app */ = {isa = PBXFileReference; explicitFileType = wrapper.application; includeInIndex = 0; path = AnimationsApp.app; sourceTree = BUILT_PRODUCTS_DIR; };
		5AA3374D29D32585006EFAD5 /* AppDelegate.swift */ = {isa = PBXFileReference; lastKnownFileType = sourcecode.swift; path = AppDelegate.swift; sourceTree = "<group>"; };
		5AA3374F29D32585006EFAD5 /* SceneDelegate.swift */ = {isa = PBXFileReference; lastKnownFileType = sourcecode.swift; path = SceneDelegate.swift; sourceTree = "<group>"; };
		5AA3375129D32585006EFAD5 /* ViewController.swift */ = {isa = PBXFileReference; lastKnownFileType = sourcecode.swift; path = ViewController.swift; sourceTree = "<group>"; };
		5AA3375429D32585006EFAD5 /* Base */ = {isa = PBXFileReference; lastKnownFileType = file.storyboard; name = Base; path = Base.lproj/Main.storyboard; sourceTree = "<group>"; };
		5AA3375629D3258B006EFAD5 /* Assets.xcassets */ = {isa = PBXFileReference; lastKnownFileType = folder.assetcatalog; path = Assets.xcassets; sourceTree = "<group>"; };
		5AA3375929D3258B006EFAD5 /* Base */ = {isa = PBXFileReference; lastKnownFileType = file.storyboard; name = Base; path = Base.lproj/LaunchScreen.storyboard; sourceTree = "<group>"; };
		5AA3375B29D3258B006EFAD5 /* Info.plist */ = {isa = PBXFileReference; lastKnownFileType = text.plist.xml; path = Info.plist; sourceTree = "<group>"; };
		5AA3376029D3258C006EFAD5 /* AnimationsAppTests.xctest */ = {isa = PBXFileReference; explicitFileType = wrapper.cfbundle; includeInIndex = 0; path = AnimationsAppTests.xctest; sourceTree = BUILT_PRODUCTS_DIR; };
		5AA3376429D3258C006EFAD5 /* AnimationsAppTests.swift */ = {isa = PBXFileReference; lastKnownFileType = sourcecode.swift; path = AnimationsAppTests.swift; sourceTree = "<group>"; };
		5AA3376A29D3258D006EFAD5 /* AnimationsAppUITests.xctest */ = {isa = PBXFileReference; explicitFileType = wrapper.cfbundle; includeInIndex = 0; path = AnimationsAppUITests.xctest; sourceTree = BUILT_PRODUCTS_DIR; };
		5AA3376E29D3258D006EFAD5 /* AnimationsAppUITests.swift */ = {isa = PBXFileReference; lastKnownFileType = sourcecode.swift; path = AnimationsAppUITests.swift; sourceTree = "<group>"; };
		5AA3377029D3258D006EFAD5 /* AnimationsAppUITestsLaunchTests.swift */ = {isa = PBXFileReference; lastKnownFileType = sourcecode.swift; path = AnimationsAppUITestsLaunchTests.swift; sourceTree = "<group>"; };
/* End PBXFileReference section */

/* Begin PBXFrameworksBuildPhase section */
		5AA3374729D32584006EFAD5 /* Frameworks */ = {
			isa = PBXFrameworksBuildPhase;
			buildActionMask = 2147483647;
			files = (
			);
			runOnlyForDeploymentPostprocessing = 0;
		};
		5AA3375D29D3258C006EFAD5 /* Frameworks */ = {
			isa = PBXFrameworksBuildPhase;
			buildActionMask = 2147483647;
			files = (
			);
			runOnlyForDeploymentPostprocessing = 0;
		};
		5AA3376729D3258D006EFAD5 /* Frameworks */ = {
			isa = PBXFrameworksBuildPhase;
			buildActionMask = 2147483647;
			files = (
			);
			runOnlyForDeploymentPostprocessing = 0;
		};
/* End PBXFrameworksBuildPhase section */

/* Begin PBXGroup section */
		5AA3374129D32584006EFAD5 = {
			isa = PBXGroup;
			children = (
				5AA3374C29D32584006EFAD5 /* AnimationsApp */,
				5AA3376329D3258C006EFAD5 /* AnimationsAppTests */,
				5AA3376D29D3258D006EFAD5 /* AnimationsAppUITests */,
				5AA3374B29D32584006EFAD5 /* Products */,
			);
			sourceTree = "<group>";
		};
		5AA3374B29D32584006EFAD5 /* Products */ = {
			isa = PBXGroup;
			children = (
				5AA3374A29D32584006EFAD5 /* AnimationsApp.app */,
				5AA3376029D3258C006EFAD5 /* AnimationsAppTests.xctest */,
				5AA3376A29D3258D006EFAD5 /* AnimationsAppUITests.xctest */,
			);
			name = Products;
			sourceTree = "<group>";
		};
		5AA3374C29D32584006EFAD5 /* AnimationsApp */ = {
			isa = PBXGroup;
			children = (
				5AA3374D29D32585006EFAD5 /* AppDelegate.swift */,
				5AA3374F29D32585006EFAD5 /* SceneDelegate.swift */,
				5AA3375129D32585006EFAD5 /* ViewController.swift */,
				5AA3375329D32585006EFAD5 /* Main.storyboard */,
				5AA3375629D3258B006EFAD5 /* Assets.xcassets */,
				5AA3375829D3258B006EFAD5 /* LaunchScreen.storyboard */,
				5AA3375B29D3258B006EFAD5 /* Info.plist */,
			);
			path = AnimationsApp;
			sourceTree = "<group>";
		};
		5AA3376329D3258C006EFAD5 /* AnimationsAppTests */ = {
			isa = PBXGroup;
			children = (
				5AA3376429D3258C006EFAD5 /* AnimationsAppTests.swift */,
			);
			path = AnimationsAppTests;
			sourceTree = "<group>";
		};
		5AA3376D29D3258D006EFAD5 /* AnimationsAppUITests */ = {
			isa = PBXGroup;
			children = (
				5AA3376E29D3258D006EFAD5 /* AnimationsAppUITests.swift */,
				5AA3377029D3258D006EFAD5 /* AnimationsAppUITestsLaunchTests.swift */,
			);
			path = AnimationsAppUITests;
			sourceTree = "<group>";
		};
/* End PBXGroup section */

/* Begin PBXNativeTarget section */
		5AA3374929D32584006EFAD5 /* AnimationsApp */ = {
			isa = PBXNativeTarget;
			buildConfigurationList = 5AA3377429D3258D006EFAD5 /* Build configuration list for PBXNativeTarget "AnimationsApp" */;
			buildPhases = (
				5AA3374629D32584006EFAD5 /* Sources */,
				5AA3374729D32584006EFAD5 /* Frameworks */,
				5AA3374829D32584006EFAD5 /* Resources */,
			);
			buildRules = (
			);
			dependencies = (
			);
			name = AnimationsApp;
			productName = AnimationsApp;
			productReference = 5AA3374A29D32584006EFAD5 /* AnimationsApp.app */;
			productType = "com.apple.product-type.application";
		};
		5AA3375F29D3258C006EFAD5 /* AnimationsAppTests */ = {
			isa = PBXNativeTarget;
			buildConfigurationList = 5AA3377729D3258D006EFAD5 /* Build configuration list for PBXNativeTarget "AnimationsAppTests" */;
			buildPhases = (
				5AA3375C29D3258C006EFAD5 /* Sources */,
				5AA3375D29D3258C006EFAD5 /* Frameworks */,
				5AA3375E29D3258C006EFAD5 /* Resources */,
			);
			buildRules = (
			);
			dependencies = (
				5AA3376229D3258C006EFAD5 /* PBXTargetDependency */,
			);
			name = AnimationsAppTests;
			productName = AnimationsAppTests;
			productReference = 5AA3376029D3258C006EFAD5 /* AnimationsAppTests.xctest */;
			productType = "com.apple.product-type.bundle.unit-test";
		};
		5AA3376929D3258D006EFAD5 /* AnimationsAppUITests */ = {
			isa = PBXNativeTarget;
			buildConfigurationList = 5AA3377A29D3258D006EFAD5 /* Build configuration list for PBXNativeTarget "AnimationsAppUITests" */;
			buildPhases = (
				5AA3376629D3258D006EFAD5 /* Sources */,
				5AA3376729D3258D006EFAD5 /* Frameworks */,
				5AA3376829D3258D006EFAD5 /* Resources */,
			);
			buildRules = (
			);
			dependencies = (
				5AA3376C29D3258D006EFAD5 /* PBXTargetDependency */,
			);
			name = AnimationsAppUITests;
			productName = AnimationsAppUITests;
			productReference = 5AA3376A29D3258D006EFAD5 /* AnimationsAppUITests.xctest */;
			productType = "com.apple.product-type.bundle.ui-testing";
		};
/* End PBXNativeTarget section */

/* Begin PBXProject section */
		5AA3374229D32584006EFAD5 /* Project object */ = {
			isa = PBXProject;
			attributes = {
				BuildIndependentTargetsInParallel = 1;
				LastSwiftUpdateCheck = 1340;
				LastUpgradeCheck = 1340;
				TargetAttributes = {
					5AA3374929D32584006EFAD5 = {
						CreatedOnToolsVersion = 13.4.1;
					};
					5AA3375F29D3258C006EFAD5 = {
						CreatedOnToolsVersion = 13.4.1;
						TestTargetID = 5AA3374929D32584006EFAD5;
					};
					5AA3376929D3258D006EFAD5 = {
						CreatedOnToolsVersion = 13.4.1;
						TestTargetID = 5AA3374929D32584006EFAD5;
					};
				};
			};
			buildConfigurationList = 5AA3374529D32584006EFAD5 /* Build configuration list for PBXProject "AnimationsApp" */;
			compatibilityVersion = "Xcode 13.0";
			developmentRegion = en;
			hasScannedForEncodings = 0;
			knownRegions = (
				en,
				Base,
			);
			mainGroup = 5AA3374129D32584006EFAD5;
			productRefGroup = 5AA3374B29D32584006EFAD5 /* Products */;
			projectDirPath = "";
			projectRoot = "";
			targets = (
				5AA3374929D32584006EFAD5 /* AnimationsApp */,
				5AA3375F29D3258C006EFAD5 /* AnimationsAppTests */,
				5AA3376929D3258D006EFAD5 /* AnimationsAppUITests */,
			);
		};
/* End PBXProject section */

/* Begin PBXResourcesBuildPhase section */
		5AA3374829D32584006EFAD5 /* Resources */ = {
			isa = PBXResourcesBuildPhase;
			buildActionMask = 2147483647;
			files = (
				5AA3375A29D3258B006EFAD5 /* LaunchScreen.storyboard in Resources */,
				5AA3375729D3258B006EFAD5 /* Assets.xcassets in Resources */,
				5AA3375529D32585006EFAD5 /* Main.storyboard in Resources */,
			);
			runOnlyForDeploymentPostprocessing = 0;
		};
		5AA3375E29D3258C006EFAD5 /* Resources */ = {
			isa = PBXResourcesBuildPhase;
			buildActionMask = 2147483647;
			files = (
			);
			runOnlyForDeploymentPostprocessing = 0;
		};
		5AA3376829D3258D006EFAD5 /* Resources */ = {
			isa = PBXResourcesBuildPhase;
			buildActionMask = 2147483647;
			files = (
			);
			runOnlyForDeploymentPostprocessing = 0;
		};
/* End PBXResourcesBuildPhase section */

/* Begin PBXSourcesBuildPhase section */
		5AA3374629D32584006EFAD5 /* Sources */ = {
			isa = PBXSourcesBuildPhase;
			buildActionMask = 2147483647;
			files = (
				5AA3375229D32585006EFAD5 /* ViewController.swift in Sources */,
				5AA3374E29D32585006EFAD5 /* AppDelegate.swift in Sources */,
				5AA3375029D32585006EFAD5 /* SceneDelegate.swift in Sources */,
			);
			runOnlyForDeploymentPostprocessing = 0;
		};
		5AA3375C29D3258C006EFAD5 /* Sources */ = {
			isa = PBXSourcesBuildPhase;
			buildActionMask = 2147483647;
			files = (
				5AA3376529D3258C006EFAD5 /* AnimationsAppTests.swift in Sources */,
			);
			runOnlyForDeploymentPostprocessing = 0;
		};
		5AA3376629D3258D006EFAD5 /* Sources */ = {
			isa = PBXSourcesBuildPhase;
			buildActionMask = 2147483647;
			files = (
				5AA3376F29D3258D006EFAD5 /* AnimationsAppUITests.swift in Sources */,
				5AA3377129D3258D006EFAD5 /* AnimationsAppUITestsLaunchTests.swift in Sources */,
			);
			runOnlyForDeploymentPostprocessing = 0;
		};
/* End PBXSourcesBuildPhase section */

/* Begin PBXTargetDependency section */
		5AA3376229D3258C006EFAD5 /* PBXTargetDependency */ = {
			isa = PBXTargetDependency;
			target = 5AA3374929D32584006EFAD5 /* AnimationsApp */;
			targetProxy = 5AA3376129D3258C006EFAD5 /* PBXContainerItemProxy */;
		};
		5AA3376C29D3258D006EFAD5 /* PBXTargetDependency */ = {
			isa = PBXTargetDependency;
			target = 5AA3374929D32584006EFAD5 /* AnimationsApp */;
			targetProxy = 5AA3376B29D3258D006EFAD5 /* PBXContainerItemProxy */;
		};
/* End PBXTargetDependency section */

/* Begin PBXVariantGroup section */
		5AA3375329D32585006EFAD5 /* Main.storyboard */ = {
			isa = PBXVariantGroup;
			children = (
				5AA3375429D32585006EFAD5 /* Base */,
			);
			name = Main.storyboard;
			sourceTree = "<group>";
		};
		5AA3375829D3258B006EFAD5 /* LaunchScreen.storyboard */ = {
			isa = PBXVariantGroup;
			children = (
				5AA3375929D3258B006EFAD5 /* Base */,
			);
			name = LaunchScreen.storyboard;
			sourceTree = "<group>";
		};
/* End PBXVariantGroup section */

/* Begin XCBuildConfiguration section */
		5AA3377229D3258D006EFAD5 /* Debug */ = {
			isa = XCBuildConfiguration;
			buildSettings = {
				ALWAYS_SEARCH_USER_PATHS = NO;
				CLANG_ANALYZER_NONNULL = YES;
				CLANG_ANALYZER_NUMBER_OBJECT_CONVERSION = YES_AGGRESSIVE;
				CLANG_CXX_LANGUAGE_STANDARD = "gnu++17";
				CLANG_ENABLE_MODULES = YES;
				CLANG_ENABLE_OBJC_ARC = YES;
				CLANG_ENABLE_OBJC_WEAK = YES;
				CLANG_WARN_BLOCK_CAPTURE_AUTORELEASING = YES;
				CLANG_WARN_BOOL_CONVERSION = YES;
				CLANG_WARN_COMMA = YES;
				CLANG_WARN_CONSTANT_CONVERSION = YES;
				CLANG_WARN_DEPRECATED_OBJC_IMPLEMENTATIONS = YES;
				CLANG_WARN_DIRECT_OBJC_ISA_USAGE = YES_ERROR;
				CLANG_WARN_DOCUMENTATION_COMMENTS = YES;
				CLANG_WARN_EMPTY_BODY = YES;
				CLANG_WARN_ENUM_CONVERSION = YES;
				CLANG_WARN_INFINITE_RECURSION = YES;
				CLANG_WARN_INT_CONVERSION = YES;
				CLANG_WARN_NON_LITERAL_NULL_CONVERSION = YES;
				CLANG_WARN_OBJC_IMPLICIT_RETAIN_SELF = YES;
				CLANG_WARN_OBJC_LITERAL_CONVERSION = YES;
				CLANG_WARN_OBJC_ROOT_CLASS = YES_ERROR;
				CLANG_WARN_QUOTED_INCLUDE_IN_FRAMEWORK_HEADER = YES;
				CLANG_WARN_RANGE_LOOP_ANALYSIS = YES;
				CLANG_WARN_STRICT_PROTOTYPES = YES;
				CLANG_WARN_SUSPICIOUS_MOVE = YES;
				CLANG_WARN_UNGUARDED_AVAILABILITY = YES_AGGRESSIVE;
				CLANG_WARN_UNREACHABLE_CODE = YES;
				CLANG_WARN__DUPLICATE_METHOD_MATCH = YES;
				COPY_PHASE_STRIP = NO;
				DEBUG_INFORMATION_FORMAT = dwarf;
				ENABLE_STRICT_OBJC_MSGSEND = YES;
				ENABLE_TESTABILITY = YES;
				GCC_C_LANGUAGE_STANDARD = gnu11;
				GCC_DYNAMIC_NO_PIC = NO;
				GCC_NO_COMMON_BLOCKS = YES;
				GCC_OPTIMIZATION_LEVEL = 0;
				GCC_PREPROCESSOR_DEFINITIONS = (
					"DEBUG=1",
					"$(inherited)",
				);
				GCC_WARN_64_TO_32_BIT_CONVERSION = YES;
				GCC_WARN_ABOUT_RETURN_TYPE = YES_ERROR;
				GCC_WARN_UNDECLARED_SELECTOR = YES;
				GCC_WARN_UNINITIALIZED_AUTOS = YES_AGGRESSIVE;
				GCC_WARN_UNUSED_FUNCTION = YES;
				GCC_WARN_UNUSED_VARIABLE = YES;
				IPHONEOS_DEPLOYMENT_TARGET = 15.5;
				MTL_ENABLE_DEBUG_INFO = INCLUDE_SOURCE;
				MTL_FAST_MATH = YES;
				ONLY_ACTIVE_ARCH = YES;
				SDKROOT = iphoneos;
				SWIFT_ACTIVE_COMPILATION_CONDITIONS = DEBUG;
				SWIFT_OPTIMIZATION_LEVEL = "-Onone";
			};
			name = Debug;
		};
		5AA3377329D3258D006EFAD5 /* Release */ = {
			isa = XCBuildConfiguration;
			buildSettings = {
				ALWAYS_SEARCH_USER_PATHS = NO;
				CLANG_ANALYZER_NONNULL = YES;
				CLANG_ANALYZER_NUMBER_OBJECT_CONVERSION = YES_AGGRESSIVE;
				CLANG_CXX_LANGUAGE_STANDARD = "gnu++17";
				CLANG_ENABLE_MODULES = YES;
				CLANG_ENABLE_OBJC_ARC = YES;
				CLANG_ENABLE_OBJC_WEAK = YES;
				CLANG_WARN_BLOCK_CAPTURE_AUTORELEASING = YES;
				CLANG_WARN_BOOL_CONVERSION = YES;
				CLANG_WARN_COMMA = YES;
				CLANG_WARN_CONSTANT_CONVERSION = YES;
				CLANG_WARN_DEPRECATED_OBJC_IMPLEMENTATIONS = YES;
				CLANG_WARN_DIRECT_OBJC_ISA_USAGE = YES_ERROR;
				CLANG_WARN_DOCUMENTATION_COMMENTS = YES;
				CLANG_WARN_EMPTY_BODY = YES;
				CLANG_WARN_ENUM_CONVERSION = YES;
				CLANG_WARN_INFINITE_RECURSION = YES;
				CLANG_WARN_INT_CONVERSION = YES;
				CLANG_WARN_NON_LITERAL_NULL_CONVERSION = YES;
				CLANG_WARN_OBJC_IMPLICIT_RETAIN_SELF = YES;
				CLANG_WARN_OBJC_LITERAL_CONVERSION = YES;
				CLANG_WARN_OBJC_ROOT_CLASS = YES_ERROR;
				CLANG_WARN_QUOTED_INCLUDE_IN_FRAMEWORK_HEADER = YES;
				CLANG_WARN_RANGE_LOOP_ANALYSIS = YES;
				CLANG_WARN_STRICT_PROTOTYPES = YES;
				CLANG_WARN_SUSPICIOUS_MOVE = YES;
				CLANG_WARN_UNGUARDED_AVAILABILITY = YES_AGGRESSIVE;
				CLANG_WARN_UNREACHABLE_CODE = YES;
				CLANG_WARN__DUPLICATE_METHOD_MATCH = YES;
				COPY_PHASE_STRIP = NO;
				DEBUG_INFORMATION_FORMAT = "dwarf-with-dsym";
				ENABLE_NS_ASSERTIONS = NO;
				ENABLE_STRICT_OBJC_MSGSEND = YES;
				GCC_C_LANGUAGE_STANDARD = gnu11;
				GCC_NO_COMMON_BLOCKS = YES;
				GCC_WARN_64_TO_32_BIT_CONVERSION = YES;
				GCC_WARN_ABOUT_RETURN_TYPE = YES_ERROR;
				GCC_WARN_UNDECLARED_SELECTOR = YES;
				GCC_WARN_UNINITIALIZED_AUTOS = YES_AGGRESSIVE;
				GCC_WARN_UNUSED_FUNCTION = YES;
				GCC_WARN_UNUSED_VARIABLE = YES;
				IPHONEOS_DEPLOYMENT_TARGET = 15.5;
				MTL_ENABLE_DEBUG_INFO = NO;
				MTL_FAST_MATH = YES;
				SDKROOT = iphoneos;
				SWIFT_COMPILATION_MODE = wholemodule;
				SWIFT_OPTIMIZATION_LEVEL = "-O";
				VALIDATE_PRODUCT = YES;
			};
			name = Release;
		};
		5AA3377529D3258D006EFAD5 /* Debug */ = {
			isa = XCBuildConfiguration;
			buildSettings = {
				ASSETCATALOG_COMPILER_APPICON_NAME = AppIcon;
				ASSETCATALOG_COMPILER_GLOBAL_ACCENT_COLOR_NAME = AccentColor;
				CODE_SIGN_STYLE = Automatic;
				CURRENT_PROJECT_VERSION = 1;
				GENERATE_INFOPLIST_FILE = YES;
				INFOPLIST_FILE = AnimationsApp/Info.plist;
				INFOPLIST_KEY_CFBundleDisplayName = AnimationsApp;
				INFOPLIST_KEY_UIApplicationSupportsIndirectInputEvents = YES;
				INFOPLIST_KEY_UILaunchStoryboardName = LaunchScreen;
				INFOPLIST_KEY_UIMainStoryboardFile = Main;
				INFOPLIST_KEY_UISupportedInterfaceOrientations_iPad = "UIInterfaceOrientationPortrait UIInterfaceOrientationPortraitUpsideDown UIInterfaceOrientationLandscapeLeft UIInterfaceOrientationLandscapeRight";
				INFOPLIST_KEY_UISupportedInterfaceOrientations_iPhone = "UIInterfaceOrientationPortrait UIInterfaceOrientationLandscapeLeft UIInterfaceOrientationLandscapeRight";
				LD_RUNPATH_SEARCH_PATHS = (
					"$(inherited)",
					"@executable_path/Frameworks",
				);
				MARKETING_VERSION = 1.0;
				PRODUCT_BUNDLE_IDENTIFIER = nwmissouri.edu.AnimationsApp;
				PRODUCT_NAME = "$(TARGET_NAME)";
				SWIFT_EMIT_LOC_STRINGS = YES;
				SWIFT_VERSION = 5.0;
				TARGETED_DEVICE_FAMILY = "1,2";
			};
			name = Debug;
		};
		5AA3377629D3258D006EFAD5 /* Release */ = {
			isa = XCBuildConfiguration;
			buildSettings = {
				ASSETCATALOG_COMPILER_APPICON_NAME = AppIcon;
				ASSETCATALOG_COMPILER_GLOBAL_ACCENT_COLOR_NAME = AccentColor;
				CODE_SIGN_STYLE = Automatic;
				CURRENT_PROJECT_VERSION = 1;
				GENERATE_INFOPLIST_FILE = YES;
				INFOPLIST_FILE = AnimationsApp/Info.plist;
				INFOPLIST_KEY_CFBundleDisplayName = AnimationsApp;
				INFOPLIST_KEY_UIApplicationSupportsIndirectInputEvents = YES;
				INFOPLIST_KEY_UILaunchStoryboardName = LaunchScreen;
				INFOPLIST_KEY_UIMainStoryboardFile = Main;
				INFOPLIST_KEY_UISupportedInterfaceOrientations_iPad = "UIInterfaceOrientationPortrait UIInterfaceOrientationPortraitUpsideDown UIInterfaceOrientationLandscapeLeft UIInterfaceOrientationLandscapeRight";
				INFOPLIST_KEY_UISupportedInterfaceOrientations_iPhone = "UIInterfaceOrientationPortrait UIInterfaceOrientationLandscapeLeft UIInterfaceOrientationLandscapeRight";
				LD_RUNPATH_SEARCH_PATHS = (
					"$(inherited)",
					"@executable_path/Frameworks",
				);
				MARKETING_VERSION = 1.0;
				PRODUCT_BUNDLE_IDENTIFIER = nwmissouri.edu.AnimationsApp;
				PRODUCT_NAME = "$(TARGET_NAME)";
				SWIFT_EMIT_LOC_STRINGS = YES;
				SWIFT_VERSION = 5.0;
				TARGETED_DEVICE_FAMILY = "1,2";
			};
			name = Release;
		};
		5AA3377829D3258D006EFAD5 /* Debug */ = {
			isa = XCBuildConfiguration;
			buildSettings = {
				ALWAYS_EMBED_SWIFT_STANDARD_LIBRARIES = YES;
				BUNDLE_LOADER = "$(TEST_HOST)";
				CODE_SIGN_STYLE = Automatic;
				CURRENT_PROJECT_VERSION = 1;
				GENERATE_INFOPLIST_FILE = YES;
				IPHONEOS_DEPLOYMENT_TARGET = 15.5;
				MARKETING_VERSION = 1.0;
				PRODUCT_BUNDLE_IDENTIFIER = nwmissouri.edu.AnimationsAppTests;
				PRODUCT_NAME = "$(TARGET_NAME)";
				SWIFT_EMIT_LOC_STRINGS = NO;
				SWIFT_VERSION = 5.0;
				TARGETED_DEVICE_FAMILY = "1,2";
				TEST_HOST = "$(BUILT_PRODUCTS_DIR)/AnimationsApp.app/AnimationsApp";
			};
			name = Debug;
		};
		5AA3377929D3258D006EFAD5 /* Release */ = {
			isa = XCBuildConfiguration;
			buildSettings = {
				ALWAYS_EMBED_SWIFT_STANDARD_LIBRARIES = YES;
				BUNDLE_LOADER = "$(TEST_HOST)";
				CODE_SIGN_STYLE = Automatic;
				CURRENT_PROJECT_VERSION = 1;
				GENERATE_INFOPLIST_FILE = YES;
				IPHONEOS_DEPLOYMENT_TARGET = 15.5;
				MARKETING_VERSION = 1.0;
				PRODUCT_BUNDLE_IDENTIFIER = nwmissouri.edu.AnimationsAppTests;
				PRODUCT_NAME = "$(TARGET_NAME)";
				SWIFT_EMIT_LOC_STRINGS = NO;
				SWIFT_VERSION = 5.0;
				TARGETED_DEVICE_FAMILY = "1,2";
				TEST_HOST = "$(BUILT_PRODUCTS_DIR)/AnimationsApp.app/AnimationsApp";
			};
			name = Release;
		};
		5AA3377B29D3258D006EFAD5 /* Debug */ = {
			isa = XCBuildConfiguration;
			buildSettings = {
				ALWAYS_EMBED_SWIFT_STANDARD_LIBRARIES = YES;
				CODE_SIGN_STYLE = Automatic;
				CURRENT_PROJECT_VERSION = 1;
				GENERATE_INFOPLIST_FILE = YES;
				MARKETING_VERSION = 1.0;
				PRODUCT_BUNDLE_IDENTIFIER = nwmissouri.edu.AnimationsAppUITests;
				PRODUCT_NAME = "$(TARGET_NAME)";
				SWIFT_EMIT_LOC_STRINGS = NO;
				SWIFT_VERSION = 5.0;
				TARGETED_DEVICE_FAMILY = "1,2";
				TEST_TARGET_NAME = AnimationsApp;
			};
			name = Debug;
		};
		5AA3377C29D3258D006EFAD5 /* Release */ = {
			isa = XCBuildConfiguration;
			buildSettings = {
				ALWAYS_EMBED_SWIFT_STANDARD_LIBRARIES = YES;
				CODE_SIGN_STYLE = Automatic;
				CURRENT_PROJECT_VERSION = 1;
				GENERATE_INFOPLIST_FILE = YES;
				MARKETING_VERSION = 1.0;
				PRODUCT_BUNDLE_IDENTIFIER = nwmissouri.edu.AnimationsAppUITests;
				PRODUCT_NAME = "$(TARGET_NAME)";
				SWIFT_EMIT_LOC_STRINGS = NO;
				SWIFT_VERSION = 5.0;
				TARGETED_DEVICE_FAMILY = "1,2";
				TEST_TARGET_NAME = AnimationsApp;
			};
			name = Release;
		};
/* End XCBuildConfiguration section */

/* Begin XCConfigurationList section */
		5AA3374529D32584006EFAD5 /* Build configuration list for PBXProject "AnimationsApp" */ = {
			isa = XCConfigurationList;
			buildConfigurations = (
				5AA3377229D3258D006EFAD5 /* Debug */,
				5AA3377329D3258D006EFAD5 /* Release */,
			);
			defaultConfigurationIsVisible = 0;
			defaultConfigurationName = Release;
		};
		5AA3377429D3258D006EFAD5 /* Build configuration list for PBXNativeTarget "AnimationsApp" */ = {
			isa = XCConfigurationList;
			buildConfigurations = (
				5AA3377529D3258D006EFAD5 /* Debug */,
				5AA3377629D3258D006EFAD5 /* Release */,
			);
			defaultConfigurationIsVisible = 0;
			defaultConfigurationName = Release;
		};
		5AA3377729D3258D006EFAD5 /* Build configuration list for PBXNativeTarget "AnimationsAppTests" */ = {
			isa = XCConfigurationList;
			buildConfigurations = (
				5AA3377829D3258D006EFAD5 /* Debug */,
				5AA3377929D3258D006EFAD5 /* Release */,
			);
			defaultConfigurationIsVisible = 0;
			defaultConfigurationName = Release;
		};
		5AA3377A29D3258D006EFAD5 /* Build configuration list for PBXNativeTarget "AnimationsAppUITests" */ = {
			isa = XCConfigurationList;
			buildConfigurations = (
				5AA3377B29D3258D006EFAD5 /* Debug */,
				5AA3377C29D3258D006EFAD5 /* Release */,
			);
			defaultConfigurationIsVisible = 0;
			defaultConfigurationName = Release;
		};
/* End XCConfigurationList section */
	};
	rootObject = 5AA3374229D32584006EFAD5 /* Project object */;
}
