// !$*UTF8*$!
{
	archiveVersion = 1;
	classes = {
	};
	objectVersion = 55;
	objects = {

/* Begin PBXBuildFile section */
		5ACC16E029CC884C0093EEC4 /* AppDelegate.swift in Sources */ = {isa = PBXBuildFile; fileRef = 5ACC16DF29CC884C0093EEC4 /* AppDelegate.swift */; };
		5ACC16E229CC884C0093EEC4 /* SceneDelegate.swift in Sources */ = {isa = PBXBuildFile; fileRef = 5ACC16E129CC884C0093EEC4 /* SceneDelegate.swift */; };
		5ACC16E429CC884C0093EEC4 /* ViewController.swift in Sources */ = {isa = PBXBuildFile; fileRef = 5ACC16E329CC884C0093EEC4 /* ViewController.swift */; };
		5ACC16E729CC884C0093EEC4 /* Main.storyboard in Resources */ = {isa = PBXBuildFile; fileRef = 5ACC16E529CC884C0093EEC4 /* Main.storyboard */; };
		5ACC16E929CC88550093EEC4 /* Assets.xcassets in Resources */ = {isa = PBXBuildFile; fileRef = 5ACC16E829CC88550093EEC4 /* Assets.xcassets */; };
		5ACC16EC29CC88550093EEC4 /* LaunchScreen.storyboard in Resources */ = {isa = PBXBuildFile; fileRef = 5ACC16EA29CC88550093EEC4 /* LaunchScreen.storyboard */; };
		5ACC16F729CC88550093EEC4 /* CoordinatesDemoTests.swift in Sources */ = {isa = PBXBuildFile; fileRef = 5ACC16F629CC88550093EEC4 /* CoordinatesDemoTests.swift */; };
		5ACC170129CC88550093EEC4 /* CoordinatesDemoUITests.swift in Sources */ = {isa = PBXBuildFile; fileRef = 5ACC170029CC88550093EEC4 /* CoordinatesDemoUITests.swift */; };
		5ACC170329CC88550093EEC4 /* CoordinatesDemoUITestsLaunchTests.swift in Sources */ = {isa = PBXBuildFile; fileRef = 5ACC170229CC88550093EEC4 /* CoordinatesDemoUITestsLaunchTests.swift */; };
/* End PBXBuildFile section */

/* Begin PBXContainerItemProxy section */
		5ACC16F329CC88550093EEC4 /* PBXContainerItemProxy */ = {
			isa = PBXContainerItemProxy;
			containerPortal = 5ACC16D429CC884C0093EEC4 /* Project object */;
			proxyType = 1;
			remoteGlobalIDString = 5ACC16DB29CC884C0093EEC4;
			remoteInfo = CoordinatesDemo;
		};
		5ACC16FD29CC88550093EEC4 /* PBXContainerItemProxy */ = {
			isa = PBXContainerItemProxy;
			containerPortal = 5ACC16D429CC884C0093EEC4 /* Project object */;
			proxyType = 1;
			remoteGlobalIDString = 5ACC16DB29CC884C0093EEC4;
			remoteInfo = CoordinatesDemo;
		};
/* End PBXContainerItemProxy section */

/* Begin PBXFileReference section */
		5ACC16DC29CC884C0093EEC4 /* CoordinatesDemo.app */ = {isa = PBXFileReference; explicitFileType = wrapper.application; includeInIndex = 0; path = CoordinatesDemo.app; sourceTree = BUILT_PRODUCTS_DIR; };
		5ACC16DF29CC884C0093EEC4 /* AppDelegate.swift */ = {isa = PBXFileReference; lastKnownFileType = sourcecode.swift; path = AppDelegate.swift; sourceTree = "<group>"; };
		5ACC16E129CC884C0093EEC4 /* SceneDelegate.swift */ = {isa = PBXFileReference; lastKnownFileType = sourcecode.swift; path = SceneDelegate.swift; sourceTree = "<group>"; };
		5ACC16E329CC884C0093EEC4 /* ViewController.swift */ = {isa = PBXFileReference; lastKnownFileType = sourcecode.swift; path = ViewController.swift; sourceTree = "<group>"; };
		5ACC16E629CC884C0093EEC4 /* Base */ = {isa = PBXFileReference; lastKnownFileType = file.storyboard; name = Base; path = Base.lproj/Main.storyboard; sourceTree = "<group>"; };
		5ACC16E829CC88550093EEC4 /* Assets.xcassets */ = {isa = PBXFileReference; lastKnownFileType = folder.assetcatalog; path = Assets.xcassets; sourceTree = "<group>"; };
		5ACC16EB29CC88550093EEC4 /* Base */ = {isa = PBXFileReference; lastKnownFileType = file.storyboard; name = Base; path = Base.lproj/LaunchScreen.storyboard; sourceTree = "<group>"; };
		5ACC16ED29CC88550093EEC4 /* Info.plist */ = {isa = PBXFileReference; lastKnownFileType = text.plist.xml; path = Info.plist; sourceTree = "<group>"; };
		5ACC16F229CC88550093EEC4 /* CoordinatesDemoTests.xctest */ = {isa = PBXFileReference; explicitFileType = wrapper.cfbundle; includeInIndex = 0; path = CoordinatesDemoTests.xctest; sourceTree = BUILT_PRODUCTS_DIR; };
		5ACC16F629CC88550093EEC4 /* CoordinatesDemoTests.swift */ = {isa = PBXFileReference; lastKnownFileType = sourcecode.swift; path = CoordinatesDemoTests.swift; sourceTree = "<group>"; };
		5ACC16FC29CC88550093EEC4 /* CoordinatesDemoUITests.xctest */ = {isa = PBXFileReference; explicitFileType = wrapper.cfbundle; includeInIndex = 0; path = CoordinatesDemoUITests.xctest; sourceTree = BUILT_PRODUCTS_DIR; };
		5ACC170029CC88550093EEC4 /* CoordinatesDemoUITests.swift */ = {isa = PBXFileReference; lastKnownFileType = sourcecode.swift; path = CoordinatesDemoUITests.swift; sourceTree = "<group>"; };
		5ACC170229CC88550093EEC4 /* CoordinatesDemoUITestsLaunchTests.swift */ = {isa = PBXFileReference; lastKnownFileType = sourcecode.swift; path = CoordinatesDemoUITestsLaunchTests.swift; sourceTree = "<group>"; };
/* End PBXFileReference section */

/* Begin PBXFrameworksBuildPhase section */
		5ACC16D929CC884C0093EEC4 /* Frameworks */ = {
			isa = PBXFrameworksBuildPhase;
			buildActionMask = 2147483647;
			files = (
			);
			runOnlyForDeploymentPostprocessing = 0;
		};
		5ACC16EF29CC88550093EEC4 /* Frameworks */ = {
			isa = PBXFrameworksBuildPhase;
			buildActionMask = 2147483647;
			files = (
			);
			runOnlyForDeploymentPostprocessing = 0;
		};
		5ACC16F929CC88550093EEC4 /* Frameworks */ = {
			isa = PBXFrameworksBuildPhase;
			buildActionMask = 2147483647;
			files = (
			);
			runOnlyForDeploymentPostprocessing = 0;
		};
/* End PBXFrameworksBuildPhase section */

/* Begin PBXGroup section */
		5ACC16D329CC884C0093EEC4 = {
			isa = PBXGroup;
			children = (
				5ACC16DE29CC884C0093EEC4 /* CoordinatesDemo */,
				5ACC16F529CC88550093EEC4 /* CoordinatesDemoTests */,
				5ACC16FF29CC88550093EEC4 /* CoordinatesDemoUITests */,
				5ACC16DD29CC884C0093EEC4 /* Products */,
			);
			sourceTree = "<group>";
		};
		5ACC16DD29CC884C0093EEC4 /* Products */ = {
			isa = PBXGroup;
			children = (
				5ACC16DC29CC884C0093EEC4 /* CoordinatesDemo.app */,
				5ACC16F229CC88550093EEC4 /* CoordinatesDemoTests.xctest */,
				5ACC16FC29CC88550093EEC4 /* CoordinatesDemoUITests.xctest */,
			);
			name = Products;
			sourceTree = "<group>";
		};
		5ACC16DE29CC884C0093EEC4 /* CoordinatesDemo */ = {
			isa = PBXGroup;
			children = (
				5ACC16DF29CC884C0093EEC4 /* AppDelegate.swift */,
				5ACC16E129CC884C0093EEC4 /* SceneDelegate.swift */,
				5ACC16E329CC884C0093EEC4 /* ViewController.swift */,
				5ACC16E529CC884C0093EEC4 /* Main.storyboard */,
				5ACC16E829CC88550093EEC4 /* Assets.xcassets */,
				5ACC16EA29CC88550093EEC4 /* LaunchScreen.storyboard */,
				5ACC16ED29CC88550093EEC4 /* Info.plist */,
			);
			path = CoordinatesDemo;
			sourceTree = "<group>";
		};
		5ACC16F529CC88550093EEC4 /* CoordinatesDemoTests */ = {
			isa = PBXGroup;
			children = (
				5ACC16F629CC88550093EEC4 /* CoordinatesDemoTests.swift */,
			);
			path = CoordinatesDemoTests;
			sourceTree = "<group>";
		};
		5ACC16FF29CC88550093EEC4 /* CoordinatesDemoUITests */ = {
			isa = PBXGroup;
			children = (
				5ACC170029CC88550093EEC4 /* CoordinatesDemoUITests.swift */,
				5ACC170229CC88550093EEC4 /* CoordinatesDemoUITestsLaunchTests.swift */,
			);
			path = CoordinatesDemoUITests;
			sourceTree = "<group>";
		};
/* End PBXGroup section */

/* Begin PBXNativeTarget section */
		5ACC16DB29CC884C0093EEC4 /* CoordinatesDemo */ = {
			isa = PBXNativeTarget;
			buildConfigurationList = 5ACC170629CC88550093EEC4 /* Build configuration list for PBXNativeTarget "CoordinatesDemo" */;
			buildPhases = (
				5ACC16D829CC884C0093EEC4 /* Sources */,
				5ACC16D929CC884C0093EEC4 /* Frameworks */,
				5ACC16DA29CC884C0093EEC4 /* Resources */,
			);
			buildRules = (
			);
			dependencies = (
			);
			name = CoordinatesDemo;
			productName = CoordinatesDemo;
			productReference = 5ACC16DC29CC884C0093EEC4 /* CoordinatesDemo.app */;
			productType = "com.apple.product-type.application";
		};
		5ACC16F129CC88550093EEC4 /* CoordinatesDemoTests */ = {
			isa = PBXNativeTarget;
			buildConfigurationList = 5ACC170929CC88550093EEC4 /* Build configuration list for PBXNativeTarget "CoordinatesDemoTests" */;
			buildPhases = (
				5ACC16EE29CC88550093EEC4 /* Sources */,
				5ACC16EF29CC88550093EEC4 /* Frameworks */,
				5ACC16F029CC88550093EEC4 /* Resources */,
			);
			buildRules = (
			);
			dependencies = (
				5ACC16F429CC88550093EEC4 /* PBXTargetDependency */,
			);
			name = CoordinatesDemoTests;
			productName = CoordinatesDemoTests;
			productReference = 5ACC16F229CC88550093EEC4 /* CoordinatesDemoTests.xctest */;
			productType = "com.apple.product-type.bundle.unit-test";
		};
		5ACC16FB29CC88550093EEC4 /* CoordinatesDemoUITests */ = {
			isa = PBXNativeTarget;
			buildConfigurationList = 5ACC170C29CC88550093EEC4 /* Build configuration list for PBXNativeTarget "CoordinatesDemoUITests" */;
			buildPhases = (
				5ACC16F829CC88550093EEC4 /* Sources */,
				5ACC16F929CC88550093EEC4 /* Frameworks */,
				5ACC16FA29CC88550093EEC4 /* Resources */,
			);
			buildRules = (
			);
			dependencies = (
				5ACC16FE29CC88550093EEC4 /* PBXTargetDependency */,
			);
			name = CoordinatesDemoUITests;
			productName = CoordinatesDemoUITests;
			productReference = 5ACC16FC29CC88550093EEC4 /* CoordinatesDemoUITests.xctest */;
			productType = "com.apple.product-type.bundle.ui-testing";
		};
/* End PBXNativeTarget section */

/* Begin PBXProject section */
		5ACC16D429CC884C0093EEC4 /* Project object */ = {
			isa = PBXProject;
			attributes = {
				BuildIndependentTargetsInParallel = 1;
				LastSwiftUpdateCheck = 1340;
				LastUpgradeCheck = 1340;
				TargetAttributes = {
					5ACC16DB29CC884C0093EEC4 = {
						CreatedOnToolsVersion = 13.4.1;
					};
					5ACC16F129CC88550093EEC4 = {
						CreatedOnToolsVersion = 13.4.1;
						TestTargetID = 5ACC16DB29CC884C0093EEC4;
					};
					5ACC16FB29CC88550093EEC4 = {
						CreatedOnToolsVersion = 13.4.1;
						TestTargetID = 5ACC16DB29CC884C0093EEC4;
					};
				};
			};
			buildConfigurationList = 5ACC16D729CC884C0093EEC4 /* Build configuration list for PBXProject "CoordinatesDemo" */;
			compatibilityVersion = "Xcode 13.0";
			developmentRegion = en;
			hasScannedForEncodings = 0;
			knownRegions = (
				en,
				Base,
			);
			mainGroup = 5ACC16D329CC884C0093EEC4;
			productRefGroup = 5ACC16DD29CC884C0093EEC4 /* Products */;
			projectDirPath = "";
			projectRoot = "";
			targets = (
				5ACC16DB29CC884C0093EEC4 /* CoordinatesDemo */,
				5ACC16F129CC88550093EEC4 /* CoordinatesDemoTests */,
				5ACC16FB29CC88550093EEC4 /* CoordinatesDemoUITests */,
			);
		};
/* End PBXProject section */

/* Begin PBXResourcesBuildPhase section */
		5ACC16DA29CC884C0093EEC4 /* Resources */ = {
			isa = PBXResourcesBuildPhase;
			buildActionMask = 2147483647;
			files = (
				5ACC16EC29CC88550093EEC4 /* LaunchScreen.storyboard in Resources */,
				5ACC16E929CC88550093EEC4 /* Assets.xcassets in Resources */,
				5ACC16E729CC884C0093EEC4 /* Main.storyboard in Resources */,
			);
			runOnlyForDeploymentPostprocessing = 0;
		};
		5ACC16F029CC88550093EEC4 /* Resources */ = {
			isa = PBXResourcesBuildPhase;
			buildActionMask = 2147483647;
			files = (
			);
			runOnlyForDeploymentPostprocessing = 0;
		};
		5ACC16FA29CC88550093EEC4 /* Resources */ = {
			isa = PBXResourcesBuildPhase;
			buildActionMask = 2147483647;
			files = (
			);
			runOnlyForDeploymentPostprocessing = 0;
		};
/* End PBXResourcesBuildPhase section */

/* Begin PBXSourcesBuildPhase section */
		5ACC16D829CC884C0093EEC4 /* Sources */ = {
			isa = PBXSourcesBuildPhase;
			buildActionMask = 2147483647;
			files = (
				5ACC16E429CC884C0093EEC4 /* ViewController.swift in Sources */,
				5ACC16E029CC884C0093EEC4 /* AppDelegate.swift in Sources */,
				5ACC16E229CC884C0093EEC4 /* SceneDelegate.swift in Sources */,
			);
			runOnlyForDeploymentPostprocessing = 0;
		};
		5ACC16EE29CC88550093EEC4 /* Sources */ = {
			isa = PBXSourcesBuildPhase;
			buildActionMask = 2147483647;
			files = (
				5ACC16F729CC88550093EEC4 /* CoordinatesDemoTests.swift in Sources */,
			);
			runOnlyForDeploymentPostprocessing = 0;
		};
		5ACC16F829CC88550093EEC4 /* Sources */ = {
			isa = PBXSourcesBuildPhase;
			buildActionMask = 2147483647;
			files = (
				5ACC170129CC88550093EEC4 /* CoordinatesDemoUITests.swift in Sources */,
				5ACC170329CC88550093EEC4 /* CoordinatesDemoUITestsLaunchTests.swift in Sources */,
			);
			runOnlyForDeploymentPostprocessing = 0;
		};
/* End PBXSourcesBuildPhase section */

/* Begin PBXTargetDependency section */
		5ACC16F429CC88550093EEC4 /* PBXTargetDependency */ = {
			isa = PBXTargetDependency;
			target = 5ACC16DB29CC884C0093EEC4 /* CoordinatesDemo */;
			targetProxy = 5ACC16F329CC88550093EEC4 /* PBXContainerItemProxy */;
		};
		5ACC16FE29CC88550093EEC4 /* PBXTargetDependency */ = {
			isa = PBXTargetDependency;
			target = 5ACC16DB29CC884C0093EEC4 /* CoordinatesDemo */;
			targetProxy = 5ACC16FD29CC88550093EEC4 /* PBXContainerItemProxy */;
		};
/* End PBXTargetDependency section */

/* Begin PBXVariantGroup section */
		5ACC16E529CC884C0093EEC4 /* Main.storyboard */ = {
			isa = PBXVariantGroup;
			children = (
				5ACC16E629CC884C0093EEC4 /* Base */,
			);
			name = Main.storyboard;
			sourceTree = "<group>";
		};
		5ACC16EA29CC88550093EEC4 /* LaunchScreen.storyboard */ = {
			isa = PBXVariantGroup;
			children = (
				5ACC16EB29CC88550093EEC4 /* Base */,
			);
			name = LaunchScreen.storyboard;
			sourceTree = "<group>";
		};
/* End PBXVariantGroup section */

/* Begin XCBuildConfiguration section */
		5ACC170429CC88550093EEC4 /* Debug */ = {
			isa = XCBuildConfiguration;
			buildSettings = {
				ALWAYS_SEARCH_USER_PATHS = NO;
				CLANG_ANALYZER_NONNULL = YES;
				CLANG_ANALYZER_NUMBER_OBJECT_CONVERSION = YES_AGGRESSIVE;
				CLANG_CXX_LANGUAGE_STANDARD = "gnu++17";
				CLANG_ENABLE_MODULES = YES;
				CLANG_ENABLE_OBJC_ARC = YES;
				CLANG_ENABLE_OBJC_WEAK = YES;
				CLANG_WARN_BLOCK_CAPTURE_AUTORELEASING = YES;
				CLANG_WARN_BOOL_CONVERSION = YES;
				CLANG_WARN_COMMA = YES;
				CLANG_WARN_CONSTANT_CONVERSION = YES;
				CLANG_WARN_DEPRECATED_OBJC_IMPLEMENTATIONS = YES;
				CLANG_WARN_DIRECT_OBJC_ISA_USAGE = YES_ERROR;
				CLANG_WARN_DOCUMENTATION_COMMENTS = YES;
				CLANG_WARN_EMPTY_BODY = YES;
				CLANG_WARN_ENUM_CONVERSION = YES;
				CLANG_WARN_INFINITE_RECURSION = YES;
				CLANG_WARN_INT_CONVERSION = YES;
				CLANG_WARN_NON_LITERAL_NULL_CONVERSION = YES;
				CLANG_WARN_OBJC_IMPLICIT_RETAIN_SELF = YES;
				CLANG_WARN_OBJC_LITERAL_CONVERSION = YES;
				CLANG_WARN_OBJC_ROOT_CLASS = YES_ERROR;
				CLANG_WARN_QUOTED_INCLUDE_IN_FRAMEWORK_HEADER = YES;
				CLANG_WARN_RANGE_LOOP_ANALYSIS = YES;
				CLANG_WARN_STRICT_PROTOTYPES = YES;
				CLANG_WARN_SUSPICIOUS_MOVE = YES;
				CLANG_WARN_UNGUARDED_AVAILABILITY = YES_AGGRESSIVE;
				CLANG_WARN_UNREACHABLE_CODE = YES;
				CLANG_WARN__DUPLICATE_METHOD_MATCH = YES;
				COPY_PHASE_STRIP = NO;
				DEBUG_INFORMATION_FORMAT = dwarf;
				ENABLE_STRICT_OBJC_MSGSEND = YES;
				ENABLE_TESTABILITY = YES;
				GCC_C_LANGUAGE_STANDARD = gnu11;
				GCC_DYNAMIC_NO_PIC = NO;
				GCC_NO_COMMON_BLOCKS = YES;
				GCC_OPTIMIZATION_LEVEL = 0;
				GCC_PREPROCESSOR_DEFINITIONS = (
					"DEBUG=1",
					"$(inherited)",
				);
				GCC_WARN_64_TO_32_BIT_CONVERSION = YES;
				GCC_WARN_ABOUT_RETURN_TYPE = YES_ERROR;
				GCC_WARN_UNDECLARED_SELECTOR = YES;
				GCC_WARN_UNINITIALIZED_AUTOS = YES_AGGRESSIVE;
				GCC_WARN_UNUSED_FUNCTION = YES;
				GCC_WARN_UNUSED_VARIABLE = YES;
				IPHONEOS_DEPLOYMENT_TARGET = 15.5;
				MTL_ENABLE_DEBUG_INFO = INCLUDE_SOURCE;
				MTL_FAST_MATH = YES;
				ONLY_ACTIVE_ARCH = YES;
				SDKROOT = iphoneos;
				SWIFT_ACTIVE_COMPILATION_CONDITIONS = DEBUG;
				SWIFT_OPTIMIZATION_LEVEL = "-Onone";
			};
			name = Debug;
		};
		5ACC170529CC88550093EEC4 /* Release */ = {
			isa = XCBuildConfiguration;
			buildSettings = {
				ALWAYS_SEARCH_USER_PATHS = NO;
				CLANG_ANALYZER_NONNULL = YES;
				CLANG_ANALYZER_NUMBER_OBJECT_CONVERSION = YES_AGGRESSIVE;
				CLANG_CXX_LANGUAGE_STANDARD = "gnu++17";
				CLANG_ENABLE_MODULES = YES;
				CLANG_ENABLE_OBJC_ARC = YES;
				CLANG_ENABLE_OBJC_WEAK = YES;
				CLANG_WARN_BLOCK_CAPTURE_AUTORELEASING = YES;
				CLANG_WARN_BOOL_CONVERSION = YES;
				CLANG_WARN_COMMA = YES;
				CLANG_WARN_CONSTANT_CONVERSION = YES;
				CLANG_WARN_DEPRECATED_OBJC_IMPLEMENTATIONS = YES;
				CLANG_WARN_DIRECT_OBJC_ISA_USAGE = YES_ERROR;
				CLANG_WARN_DOCUMENTATION_COMMENTS = YES;
				CLANG_WARN_EMPTY_BODY = YES;
				CLANG_WARN_ENUM_CONVERSION = YES;
				CLANG_WARN_INFINITE_RECURSION = YES;
				CLANG_WARN_INT_CONVERSION = YES;
				CLANG_WARN_NON_LITERAL_NULL_CONVERSION = YES;
				CLANG_WARN_OBJC_IMPLICIT_RETAIN_SELF = YES;
				CLANG_WARN_OBJC_LITERAL_CONVERSION = YES;
				CLANG_WARN_OBJC_ROOT_CLASS = YES_ERROR;
				CLANG_WARN_QUOTED_INCLUDE_IN_FRAMEWORK_HEADER = YES;
				CLANG_WARN_RANGE_LOOP_ANALYSIS = YES;
				CLANG_WARN_STRICT_PROTOTYPES = YES;
				CLANG_WARN_SUSPICIOUS_MOVE = YES;
				CLANG_WARN_UNGUARDED_AVAILABILITY = YES_AGGRESSIVE;
				CLANG_WARN_UNREACHABLE_CODE = YES;
				CLANG_WARN__DUPLICATE_METHOD_MATCH = YES;
				COPY_PHASE_STRIP = NO;
				DEBUG_INFORMATION_FORMAT = "dwarf-with-dsym";
				ENABLE_NS_ASSERTIONS = NO;
				ENABLE_STRICT_OBJC_MSGSEND = YES;
				GCC_C_LANGUAGE_STANDARD = gnu11;
				GCC_NO_COMMON_BLOCKS = YES;
				GCC_WARN_64_TO_32_BIT_CONVERSION = YES;
				GCC_WARN_ABOUT_RETURN_TYPE = YES_ERROR;
				GCC_WARN_UNDECLARED_SELECTOR = YES;
				GCC_WARN_UNINITIALIZED_AUTOS = YES_AGGRESSIVE;
				GCC_WARN_UNUSED_FUNCTION = YES;
				GCC_WARN_UNUSED_VARIABLE = YES;
				IPHONEOS_DEPLOYMENT_TARGET = 15.5;
				MTL_ENABLE_DEBUG_INFO = NO;
				MTL_FAST_MATH = YES;
				SDKROOT = iphoneos;
				SWIFT_COMPILATION_MODE = wholemodule;
				SWIFT_OPTIMIZATION_LEVEL = "-O";
				VALIDATE_PRODUCT = YES;
			};
			name = Release;
		};
		5ACC170729CC88550093EEC4 /* Debug */ = {
			isa = XCBuildConfiguration;
			buildSettings = {
				ASSETCATALOG_COMPILER_APPICON_NAME = AppIcon;
				ASSETCATALOG_COMPILER_GLOBAL_ACCENT_COLOR_NAME = AccentColor;
				CODE_SIGN_STYLE = Automatic;
				CURRENT_PROJECT_VERSION = 1;
				GENERATE_INFOPLIST_FILE = YES;
				INFOPLIST_FILE = CoordinatesDemo/Info.plist;
				INFOPLIST_KEY_CFBundleDisplayName = CoordinatesDemo;
				INFOPLIST_KEY_UIApplicationSupportsIndirectInputEvents = YES;
				INFOPLIST_KEY_UILaunchStoryboardName = LaunchScreen;
				INFOPLIST_KEY_UIMainStoryboardFile = Main;
				INFOPLIST_KEY_UISupportedInterfaceOrientations_iPad = "UIInterfaceOrientationPortrait UIInterfaceOrientationPortraitUpsideDown UIInterfaceOrientationLandscapeLeft UIInterfaceOrientationLandscapeRight";
				INFOPLIST_KEY_UISupportedInterfaceOrientations_iPhone = "UIInterfaceOrientationPortrait UIInterfaceOrientationLandscapeLeft UIInterfaceOrientationLandscapeRight";
				LD_RUNPATH_SEARCH_PATHS = (
					"$(inherited)",
					"@executable_path/Frameworks",
				);
				MARKETING_VERSION = 1.0;
				PRODUCT_BUNDLE_IDENTIFIER = nwmissouri.edu.CoordinatesDemo;
				PRODUCT_NAME = "$(TARGET_NAME)";
				SWIFT_EMIT_LOC_STRINGS = YES;
				SWIFT_VERSION = 5.0;
				TARGETED_DEVICE_FAMILY = "1,2";
			};
			name = Debug;
		};
		5ACC170829CC88550093EEC4 /* Release */ = {
			isa = XCBuildConfiguration;
			buildSettings = {
				ASSETCATALOG_COMPILER_APPICON_NAME = AppIcon;
				ASSETCATALOG_COMPILER_GLOBAL_ACCENT_COLOR_NAME = AccentColor;
				CODE_SIGN_STYLE = Automatic;
				CURRENT_PROJECT_VERSION = 1;
				GENERATE_INFOPLIST_FILE = YES;
				INFOPLIST_FILE = CoordinatesDemo/Info.plist;
				INFOPLIST_KEY_CFBundleDisplayName = CoordinatesDemo;
				INFOPLIST_KEY_UIApplicationSupportsIndirectInputEvents = YES;
				INFOPLIST_KEY_UILaunchStoryboardName = LaunchScreen;
				INFOPLIST_KEY_UIMainStoryboardFile = Main;
				INFOPLIST_KEY_UISupportedInterfaceOrientations_iPad = "UIInterfaceOrientationPortrait UIInterfaceOrientationPortraitUpsideDown UIInterfaceOrientationLandscapeLeft UIInterfaceOrientationLandscapeRight";
				INFOPLIST_KEY_UISupportedInterfaceOrientations_iPhone = "UIInterfaceOrientationPortrait UIInterfaceOrientationLandscapeLeft UIInterfaceOrientationLandscapeRight";
				LD_RUNPATH_SEARCH_PATHS = (
					"$(inherited)",
					"@executable_path/Frameworks",
				);
				MARKETING_VERSION = 1.0;
				PRODUCT_BUNDLE_IDENTIFIER = nwmissouri.edu.CoordinatesDemo;
				PRODUCT_NAME = "$(TARGET_NAME)";
				SWIFT_EMIT_LOC_STRINGS = YES;
				SWIFT_VERSION = 5.0;
				TARGETED_DEVICE_FAMILY = "1,2";
			};
			name = Release;
		};
		5ACC170A29CC88550093EEC4 /* Debug */ = {
			isa = XCBuildConfiguration;
			buildSettings = {
				ALWAYS_EMBED_SWIFT_STANDARD_LIBRARIES = YES;
				BUNDLE_LOADER = "$(TEST_HOST)";
				CODE_SIGN_STYLE = Automatic;
				CURRENT_PROJECT_VERSION = 1;
				GENERATE_INFOPLIST_FILE = YES;
				IPHONEOS_DEPLOYMENT_TARGET = 15.5;
				MARKETING_VERSION = 1.0;
				PRODUCT_BUNDLE_IDENTIFIER = nwmissouri.edu.CoordinatesDemoTests;
				PRODUCT_NAME = "$(TARGET_NAME)";
				SWIFT_EMIT_LOC_STRINGS = NO;
				SWIFT_VERSION = 5.0;
				TARGETED_DEVICE_FAMILY = "1,2";
				TEST_HOST = "$(BUILT_PRODUCTS_DIR)/CoordinatesDemo.app/CoordinatesDemo";
			};
			name = Debug;
		};
		5ACC170B29CC88550093EEC4 /* Release */ = {
			isa = XCBuildConfiguration;
			buildSettings = {
				ALWAYS_EMBED_SWIFT_STANDARD_LIBRARIES = YES;
				BUNDLE_LOADER = "$(TEST_HOST)";
				CODE_SIGN_STYLE = Automatic;
				CURRENT_PROJECT_VERSION = 1;
				GENERATE_INFOPLIST_FILE = YES;
				IPHONEOS_DEPLOYMENT_TARGET = 15.5;
				MARKETING_VERSION = 1.0;
				PRODUCT_BUNDLE_IDENTIFIER = nwmissouri.edu.CoordinatesDemoTests;
				PRODUCT_NAME = "$(TARGET_NAME)";
				SWIFT_EMIT_LOC_STRINGS = NO;
				SWIFT_VERSION = 5.0;
				TARGETED_DEVICE_FAMILY = "1,2";
				TEST_HOST = "$(BUILT_PRODUCTS_DIR)/CoordinatesDemo.app/CoordinatesDemo";
			};
			name = Release;
		};
		5ACC170D29CC88550093EEC4 /* Debug */ = {
			isa = XCBuildConfiguration;
			buildSettings = {
				ALWAYS_EMBED_SWIFT_STANDARD_LIBRARIES = YES;
				CODE_SIGN_STYLE = Automatic;
				CURRENT_PROJECT_VERSION = 1;
				GENERATE_INFOPLIST_FILE = YES;
				MARKETING_VERSION = 1.0;
				PRODUCT_BUNDLE_IDENTIFIER = nwmissouri.edu.CoordinatesDemoUITests;
				PRODUCT_NAME = "$(TARGET_NAME)";
				SWIFT_EMIT_LOC_STRINGS = NO;
				SWIFT_VERSION = 5.0;
				TARGETED_DEVICE_FAMILY = "1,2";
				TEST_TARGET_NAME = CoordinatesDemo;
			};
			name = Debug;
		};
		5ACC170E29CC88550093EEC4 /* Release */ = {
			isa = XCBuildConfiguration;
			buildSettings = {
				ALWAYS_EMBED_SWIFT_STANDARD_LIBRARIES = YES;
				CODE_SIGN_STYLE = Automatic;
				CURRENT_PROJECT_VERSION = 1;
				GENERATE_INFOPLIST_FILE = YES;
				MARKETING_VERSION = 1.0;
				PRODUCT_BUNDLE_IDENTIFIER = nwmissouri.edu.CoordinatesDemoUITests;
				PRODUCT_NAME = "$(TARGET_NAME)";
				SWIFT_EMIT_LOC_STRINGS = NO;
				SWIFT_VERSION = 5.0;
				TARGETED_DEVICE_FAMILY = "1,2";
				TEST_TARGET_NAME = CoordinatesDemo;
			};
			name = Release;
		};
/* End XCBuildConfiguration section */

/* Begin XCConfigurationList section */
		5ACC16D729CC884C0093EEC4 /* Build configuration list for PBXProject "CoordinatesDemo" */ = {
			isa = XCConfigurationList;
			buildConfigurations = (
				5ACC170429CC88550093EEC4 /* Debug */,
				5ACC170529CC88550093EEC4 /* Release */,
			);
			defaultConfigurationIsVisible = 0;
			defaultConfigurationName = Release;
		};
		5ACC170629CC88550093EEC4 /* Build configuration list for PBXNativeTarget "CoordinatesDemo" */ = {
			isa = XCConfigurationList;
			buildConfigurations = (
				5ACC170729CC88550093EEC4 /* Debug */,
				5ACC170829CC88550093EEC4 /* Release */,
			);
			defaultConfigurationIsVisible = 0;
			defaultConfigurationName = Release;
		};
		5ACC170929CC88550093EEC4 /* Build configuration list for PBXNativeTarget "CoordinatesDemoTests" */ = {
			isa = XCConfigurationList;
			buildConfigurations = (
				5ACC170A29CC88550093EEC4 /* Debug */,
				5ACC170B29CC88550093EEC4 /* Release */,
			);
			defaultConfigurationIsVisible = 0;
			defaultConfigurationName = Release;
		};
		5ACC170C29CC88550093EEC4 /* Build configuration list for PBXNativeTarget "CoordinatesDemoUITests" */ = {
			isa = XCConfigurationList;
			buildConfigurations = (
				5ACC170D29CC88550093EEC4 /* Debug */,
				5ACC170E29CC88550093EEC4 /* Release */,
			);
			defaultConfigurationIsVisible = 0;
			defaultConfigurationName = Release;
		};
/* End XCConfigurationList section */
	};
	rootObject = 5ACC16D429CC884C0093EEC4 /* Project object */;
}
