// !$*UTF8*$!
{
	archiveVersion = 1;
	classes = {
	};
	objectVersion = 55;
	objects = {

/* Begin PBXBuildFile section */
		5AA3380229DC52C0006EFAD5 /* AppDelegate.swift in Sources */ = {isa = PBXBuildFile; fileRef = 5AA3380129DC52C0006EFAD5 /* AppDelegate.swift */; };
		5AA3380429DC52C0006EFAD5 /* SceneDelegate.swift in Sources */ = {isa = PBXBuildFile; fileRef = 5AA3380329DC52C0006EFAD5 /* SceneDelegate.swift */; };
		5AA3380629DC52C0006EFAD5 /* HomeViewController.swift in Sources */ = {isa = PBXBuildFile; fileRef = 5AA3380529DC52C0006EFAD5 /* HomeViewController.swift */; };
		5AA3380929DC52C0006EFAD5 /* Main.storyboard in Resources */ = {isa = PBXBuildFile; fileRef = 5AA3380729DC52C0006EFAD5 /* Main.storyboard */; };
		5AA3380B29DC52C3006EFAD5 /* Assets.xcassets in Resources */ = {isa = PBXBuildFile; fileRef = 5AA3380A29DC52C3006EFAD5 /* Assets.xcassets */; };
		5AA3380E29DC52C3006EFAD5 /* LaunchScreen.storyboard in Resources */ = {isa = PBXBuildFile; fileRef = 5AA3380C29DC52C3006EFAD5 /* LaunchScreen.storyboard */; };
		5AA3381929DC52C4006EFAD5 /* DiscountDemoAppTests.swift in Sources */ = {isa = PBXBuildFile; fileRef = 5AA3381829DC52C4006EFAD5 /* DiscountDemoAppTests.swift */; };
		5AA3382329DC52C4006EFAD5 /* DiscountDemoAppUITests.swift in Sources */ = {isa = PBXBuildFile; fileRef = 5AA3382229DC52C4006EFAD5 /* DiscountDemoAppUITests.swift */; };
		5AA3382529DC52C4006EFAD5 /* DiscountDemoAppUITestsLaunchTests.swift in Sources */ = {isa = PBXBuildFile; fileRef = 5AA3382429DC52C4006EFAD5 /* DiscountDemoAppUITestsLaunchTests.swift */; };
		5AA3383229DC58BA006EFAD5 /* ResultViewController.swift in Sources */ = {isa = PBXBuildFile; fileRef = 5AA3383129DC58BA006EFAD5 /* ResultViewController.swift */; };
/* End PBXBuildFile section */

/* Begin PBXContainerItemProxy section */
		5AA3381529DC52C4006EFAD5 /* PBXContainerItemProxy */ = {
			isa = PBXContainerItemProxy;
			containerPortal = 5AA337F629DC52BF006EFAD5 /* Project object */;
			proxyType = 1;
			remoteGlobalIDString = 5AA337FD29DC52BF006EFAD5;
			remoteInfo = DiscountDemoApp;
		};
		5AA3381F29DC52C4006EFAD5 /* PBXContainerItemProxy */ = {
			isa = PBXContainerItemProxy;
			containerPortal = 5AA337F629DC52BF006EFAD5 /* Project object */;
			proxyType = 1;
			remoteGlobalIDString = 5AA337FD29DC52BF006EFAD5;
			remoteInfo = DiscountDemoApp;
		};
/* End PBXContainerItemProxy section */

/* Begin PBXFileReference section */
		5AA337FE29DC52BF006EFAD5 /* DiscountDemoApp.app */ = {isa = PBXFileReference; explicitFileType = wrapper.application; includeInIndex = 0; path = DiscountDemoApp.app; sourceTree = BUILT_PRODUCTS_DIR; };
		5AA3380129DC52C0006EFAD5 /* AppDelegate.swift */ = {isa = PBXFileReference; lastKnownFileType = sourcecode.swift; path = AppDelegate.swift; sourceTree = "<group>"; };
		5AA3380329DC52C0006EFAD5 /* SceneDelegate.swift */ = {isa = PBXFileReference; lastKnownFileType = sourcecode.swift; path = SceneDelegate.swift; sourceTree = "<group>"; };
		5AA3380529DC52C0006EFAD5 /* HomeViewController.swift */ = {isa = PBXFileReference; lastKnownFileType = sourcecode.swift; path = HomeViewController.swift; sourceTree = "<group>"; };
		5AA3380829DC52C0006EFAD5 /* Base */ = {isa = PBXFileReference; lastKnownFileType = file.storyboard; name = Base; path = Base.lproj/Main.storyboard; sourceTree = "<group>"; };
		5AA3380A29DC52C3006EFAD5 /* Assets.xcassets */ = {isa = PBXFileReference; lastKnownFileType = folder.assetcatalog; path = Assets.xcassets; sourceTree = "<group>"; };
		5AA3380D29DC52C3006EFAD5 /* Base */ = {isa = PBXFileReference; lastKnownFileType = file.storyboard; name = Base; path = Base.lproj/LaunchScreen.storyboard; sourceTree = "<group>"; };
		5AA3380F29DC52C3006EFAD5 /* Info.plist */ = {isa = PBXFileReference; lastKnownFileType = text.plist.xml; path = Info.plist; sourceTree = "<group>"; };
		5AA3381429DC52C4006EFAD5 /* DiscountDemoAppTests.xctest */ = {isa = PBXFileReference; explicitFileType = wrapper.cfbundle; includeInIndex = 0; path = DiscountDemoAppTests.xctest; sourceTree = BUILT_PRODUCTS_DIR; };
		5AA3381829DC52C4006EFAD5 /* DiscountDemoAppTests.swift */ = {isa = PBXFileReference; lastKnownFileType = sourcecode.swift; path = DiscountDemoAppTests.swift; sourceTree = "<group>"; };
		5AA3381E29DC52C4006EFAD5 /* DiscountDemoAppUITests.xctest */ = {isa = PBXFileReference; explicitFileType = wrapper.cfbundle; includeInIndex = 0; path = DiscountDemoAppUITests.xctest; sourceTree = BUILT_PRODUCTS_DIR; };
		5AA3382229DC52C4006EFAD5 /* DiscountDemoAppUITests.swift */ = {isa = PBXFileReference; lastKnownFileType = sourcecode.swift; path = DiscountDemoAppUITests.swift; sourceTree = "<group>"; };
		5AA3382429DC52C4006EFAD5 /* DiscountDemoAppUITestsLaunchTests.swift */ = {isa = PBXFileReference; lastKnownFileType = sourcecode.swift; path = DiscountDemoAppUITestsLaunchTests.swift; sourceTree = "<group>"; };
		5AA3383129DC58BA006EFAD5 /* ResultViewController.swift */ = {isa = PBXFileReference; lastKnownFileType = sourcecode.swift; path = ResultViewController.swift; sourceTree = "<group>"; };
/* End PBXFileReference section */

/* Begin PBXFrameworksBuildPhase section */
		5AA337FB29DC52BF006EFAD5 /* Frameworks */ = {
			isa = PBXFrameworksBuildPhase;
			buildActionMask = 2147483647;
			files = (
			);
			runOnlyForDeploymentPostprocessing = 0;
		};
		5AA3381129DC52C4006EFAD5 /* Frameworks */ = {
			isa = PBXFrameworksBuildPhase;
			buildActionMask = 2147483647;
			files = (
			);
			runOnlyForDeploymentPostprocessing = 0;
		};
		5AA3381B29DC52C4006EFAD5 /* Frameworks */ = {
			isa = PBXFrameworksBuildPhase;
			buildActionMask = 2147483647;
			files = (
			);
			runOnlyForDeploymentPostprocessing = 0;
		};
/* End PBXFrameworksBuildPhase section */

/* Begin PBXGroup section */
		5AA337F529DC52BF006EFAD5 = {
			isa = PBXGroup;
			children = (
				5AA3380029DC52BF006EFAD5 /* DiscountDemoApp */,
				5AA3381729DC52C4006EFAD5 /* DiscountDemoAppTests */,
				5AA3382129DC52C4006EFAD5 /* DiscountDemoAppUITests */,
				5AA337FF29DC52BF006EFAD5 /* Products */,
			);
			sourceTree = "<group>";
		};
		5AA337FF29DC52BF006EFAD5 /* Products */ = {
			isa = PBXGroup;
			children = (
				5AA337FE29DC52BF006EFAD5 /* DiscountDemoApp.app */,
				5AA3381429DC52C4006EFAD5 /* DiscountDemoAppTests.xctest */,
				5AA3381E29DC52C4006EFAD5 /* DiscountDemoAppUITests.xctest */,
			);
			name = Products;
			sourceTree = "<group>";
		};
		5AA3380029DC52BF006EFAD5 /* DiscountDemoApp */ = {
			isa = PBXGroup;
			children = (
				5AA3380129DC52C0006EFAD5 /* AppDelegate.swift */,
				5AA3380329DC52C0006EFAD5 /* SceneDelegate.swift */,
				5AA3380529DC52C0006EFAD5 /* HomeViewController.swift */,
				5AA3380729DC52C0006EFAD5 /* Main.storyboard */,
				5AA3380A29DC52C3006EFAD5 /* Assets.xcassets */,
				5AA3380C29DC52C3006EFAD5 /* LaunchScreen.storyboard */,
				5AA3380F29DC52C3006EFAD5 /* Info.plist */,
				5AA3383129DC58BA006EFAD5 /* ResultViewController.swift */,
			);
			path = DiscountDemoApp;
			sourceTree = "<group>";
		};
		5AA3381729DC52C4006EFAD5 /* DiscountDemoAppTests */ = {
			isa = PBXGroup;
			children = (
				5AA3381829DC52C4006EFAD5 /* DiscountDemoAppTests.swift */,
			);
			path = DiscountDemoAppTests;
			sourceTree = "<group>";
		};
		5AA3382129DC52C4006EFAD5 /* DiscountDemoAppUITests */ = {
			isa = PBXGroup;
			children = (
				5AA3382229DC52C4006EFAD5 /* DiscountDemoAppUITests.swift */,
				5AA3382429DC52C4006EFAD5 /* DiscountDemoAppUITestsLaunchTests.swift */,
			);
			path = DiscountDemoAppUITests;
			sourceTree = "<group>";
		};
/* End PBXGroup section */

/* Begin PBXNativeTarget section */
		5AA337FD29DC52BF006EFAD5 /* DiscountDemoApp */ = {
			isa = PBXNativeTarget;
			buildConfigurationList = 5AA3382829DC52C4006EFAD5 /* Build configuration list for PBXNativeTarget "DiscountDemoApp" */;
			buildPhases = (
				5AA337FA29DC52BF006EFAD5 /* Sources */,
				5AA337FB29DC52BF006EFAD5 /* Frameworks */,
				5AA337FC29DC52BF006EFAD5 /* Resources */,
			);
			buildRules = (
			);
			dependencies = (
			);
			name = DiscountDemoApp;
			productName = DiscountDemoApp;
			productReference = 5AA337FE29DC52BF006EFAD5 /* DiscountDemoApp.app */;
			productType = "com.apple.product-type.application";
		};
		5AA3381329DC52C4006EFAD5 /* DiscountDemoAppTests */ = {
			isa = PBXNativeTarget;
			buildConfigurationList = 5AA3382B29DC52C4006EFAD5 /* Build configuration list for PBXNativeTarget "DiscountDemoAppTests" */;
			buildPhases = (
				5AA3381029DC52C4006EFAD5 /* Sources */,
				5AA3381129DC52C4006EFAD5 /* Frameworks */,
				5AA3381229DC52C4006EFAD5 /* Resources */,
			);
			buildRules = (
			);
			dependencies = (
				5AA3381629DC52C4006EFAD5 /* PBXTargetDependency */,
			);
			name = DiscountDemoAppTests;
			productName = DiscountDemoAppTests;
			productReference = 5AA3381429DC52C4006EFAD5 /* DiscountDemoAppTests.xctest */;
			productType = "com.apple.product-type.bundle.unit-test";
		};
		5AA3381D29DC52C4006EFAD5 /* DiscountDemoAppUITests */ = {
			isa = PBXNativeTarget;
			buildConfigurationList = 5AA3382E29DC52C4006EFAD5 /* Build configuration list for PBXNativeTarget "DiscountDemoAppUITests" */;
			buildPhases = (
				5AA3381A29DC52C4006EFAD5 /* Sources */,
				5AA3381B29DC52C4006EFAD5 /* Frameworks */,
				5AA3381C29DC52C4006EFAD5 /* Resources */,
			);
			buildRules = (
			);
			dependencies = (
				5AA3382029DC52C4006EFAD5 /* PBXTargetDependency */,
			);
			name = DiscountDemoAppUITests;
			productName = DiscountDemoAppUITests;
			productReference = 5AA3381E29DC52C4006EFAD5 /* DiscountDemoAppUITests.xctest */;
			productType = "com.apple.product-type.bundle.ui-testing";
		};
/* End PBXNativeTarget section */

/* Begin PBXProject section */
		5AA337F629DC52BF006EFAD5 /* Project object */ = {
			isa = PBXProject;
			attributes = {
				BuildIndependentTargetsInParallel = 1;
				LastSwiftUpdateCheck = 1340;
				LastUpgradeCheck = 1340;
				TargetAttributes = {
					5AA337FD29DC52BF006EFAD5 = {
						CreatedOnToolsVersion = 13.4.1;
					};
					5AA3381329DC52C4006EFAD5 = {
						CreatedOnToolsVersion = 13.4.1;
						TestTargetID = 5AA337FD29DC52BF006EFAD5;
					};
					5AA3381D29DC52C4006EFAD5 = {
						CreatedOnToolsVersion = 13.4.1;
						TestTargetID = 5AA337FD29DC52BF006EFAD5;
					};
				};
			};
			buildConfigurationList = 5AA337F929DC52BF006EFAD5 /* Build configuration list for PBXProject "DiscountDemoApp" */;
			compatibilityVersion = "Xcode 13.0";
			developmentRegion = en;
			hasScannedForEncodings = 0;
			knownRegions = (
				en,
				Base,
			);
			mainGroup = 5AA337F529DC52BF006EFAD5;
			productRefGroup = 5AA337FF29DC52BF006EFAD5 /* Products */;
			projectDirPath = "";
			projectRoot = "";
			targets = (
				5AA337FD29DC52BF006EFAD5 /* DiscountDemoApp */,
				5AA3381329DC52C4006EFAD5 /* DiscountDemoAppTests */,
				5AA3381D29DC52C4006EFAD5 /* DiscountDemoAppUITests */,
			);
		};
/* End PBXProject section */

/* Begin PBXResourcesBuildPhase section */
		5AA337FC29DC52BF006EFAD5 /* Resources */ = {
			isa = PBXResourcesBuildPhase;
			buildActionMask = 2147483647;
			files = (
				5AA3380E29DC52C3006EFAD5 /* LaunchScreen.storyboard in Resources */,
				5AA3380B29DC52C3006EFAD5 /* Assets.xcassets in Resources */,
				5AA3380929DC52C0006EFAD5 /* Main.storyboard in Resources */,
			);
			runOnlyForDeploymentPostprocessing = 0;
		};
		5AA3381229DC52C4006EFAD5 /* Resources */ = {
			isa = PBXResourcesBuildPhase;
			buildActionMask = 2147483647;
			files = (
			);
			runOnlyForDeploymentPostprocessing = 0;
		};
		5AA3381C29DC52C4006EFAD5 /* Resources */ = {
			isa = PBXResourcesBuildPhase;
			buildActionMask = 2147483647;
			files = (
			);
			runOnlyForDeploymentPostprocessing = 0;
		};
/* End PBXResourcesBuildPhase section */

/* Begin PBXSourcesBuildPhase section */
		5AA337FA29DC52BF006EFAD5 /* Sources */ = {
			isa = PBXSourcesBuildPhase;
			buildActionMask = 2147483647;
			files = (
				5AA3380629DC52C0006EFAD5 /* HomeViewController.swift in Sources */,
				5AA3380229DC52C0006EFAD5 /* AppDelegate.swift in Sources */,
				5AA3380429DC52C0006EFAD5 /* SceneDelegate.swift in Sources */,
				5AA3383229DC58BA006EFAD5 /* ResultViewController.swift in Sources */,
			);
			runOnlyForDeploymentPostprocessing = 0;
		};
		5AA3381029DC52C4006EFAD5 /* Sources */ = {
			isa = PBXSourcesBuildPhase;
			buildActionMask = 2147483647;
			files = (
				5AA3381929DC52C4006EFAD5 /* DiscountDemoAppTests.swift in Sources */,
			);
			runOnlyForDeploymentPostprocessing = 0;
		};
		5AA3381A29DC52C4006EFAD5 /* Sources */ = {
			isa = PBXSourcesBuildPhase;
			buildActionMask = 2147483647;
			files = (
				5AA3382529DC52C4006EFAD5 /* DiscountDemoAppUITestsLaunchTests.swift in Sources */,
				5AA3382329DC52C4006EFAD5 /* DiscountDemoAppUITests.swift in Sources */,
			);
			runOnlyForDeploymentPostprocessing = 0;
		};
/* End PBXSourcesBuildPhase section */

/* Begin PBXTargetDependency section */
		5AA3381629DC52C4006EFAD5 /* PBXTargetDependency */ = {
			isa = PBXTargetDependency;
			target = 5AA337FD29DC52BF006EFAD5 /* DiscountDemoApp */;
			targetProxy = 5AA3381529DC52C4006EFAD5 /* PBXContainerItemProxy */;
		};
		5AA3382029DC52C4006EFAD5 /* PBXTargetDependency */ = {
			isa = PBXTargetDependency;
			target = 5AA337FD29DC52BF006EFAD5 /* DiscountDemoApp */;
			targetProxy = 5AA3381F29DC52C4006EFAD5 /* PBXContainerItemProxy */;
		};
/* End PBXTargetDependency section */

/* Begin PBXVariantGroup section */
		5AA3380729DC52C0006EFAD5 /* Main.storyboard */ = {
			isa = PBXVariantGroup;
			children = (
				5AA3380829DC52C0006EFAD5 /* Base */,
			);
			name = Main.storyboard;
			sourceTree = "<group>";
		};
		5AA3380C29DC52C3006EFAD5 /* LaunchScreen.storyboard */ = {
			isa = PBXVariantGroup;
			children = (
				5AA3380D29DC52C3006EFAD5 /* Base */,
			);
			name = LaunchScreen.storyboard;
			sourceTree = "<group>";
		};
/* End PBXVariantGroup section */

/* Begin XCBuildConfiguration section */
		5AA3382629DC52C4006EFAD5 /* Debug */ = {
			isa = XCBuildConfiguration;
			buildSettings = {
				ALWAYS_SEARCH_USER_PATHS = NO;
				CLANG_ANALYZER_NONNULL = YES;
				CLANG_ANALYZER_NUMBER_OBJECT_CONVERSION = YES_AGGRESSIVE;
				CLANG_CXX_LANGUAGE_STANDARD = "gnu++17";
				CLANG_ENABLE_MODULES = YES;
				CLANG_ENABLE_OBJC_ARC = YES;
				CLANG_ENABLE_OBJC_WEAK = YES;
				CLANG_WARN_BLOCK_CAPTURE_AUTORELEASING = YES;
				CLANG_WARN_BOOL_CONVERSION = YES;
				CLANG_WARN_COMMA = YES;
				CLANG_WARN_CONSTANT_CONVERSION = YES;
				CLANG_WARN_DEPRECATED_OBJC_IMPLEMENTATIONS = YES;
				CLANG_WARN_DIRECT_OBJC_ISA_USAGE = YES_ERROR;
				CLANG_WARN_DOCUMENTATION_COMMENTS = YES;
				CLANG_WARN_EMPTY_BODY = YES;
				CLANG_WARN_ENUM_CONVERSION = YES;
				CLANG_WARN_INFINITE_RECURSION = YES;
				CLANG_WARN_INT_CONVERSION = YES;
				CLANG_WARN_NON_LITERAL_NULL_CONVERSION = YES;
				CLANG_WARN_OBJC_IMPLICIT_RETAIN_SELF = YES;
				CLANG_WARN_OBJC_LITERAL_CONVERSION = YES;
				CLANG_WARN_OBJC_ROOT_CLASS = YES_ERROR;
				CLANG_WARN_QUOTED_INCLUDE_IN_FRAMEWORK_HEADER = YES;
				CLANG_WARN_RANGE_LOOP_ANALYSIS = YES;
				CLANG_WARN_STRICT_PROTOTYPES = YES;
				CLANG_WARN_SUSPICIOUS_MOVE = YES;
				CLANG_WARN_UNGUARDED_AVAILABILITY = YES_AGGRESSIVE;
				CLANG_WARN_UNREACHABLE_CODE = YES;
				CLANG_WARN__DUPLICATE_METHOD_MATCH = YES;
				COPY_PHASE_STRIP = NO;
				DEBUG_INFORMATION_FORMAT = dwarf;
				ENABLE_STRICT_OBJC_MSGSEND = YES;
				ENABLE_TESTABILITY = YES;
				GCC_C_LANGUAGE_STANDARD = gnu11;
				GCC_DYNAMIC_NO_PIC = NO;
				GCC_NO_COMMON_BLOCKS = YES;
				GCC_OPTIMIZATION_LEVEL = 0;
				GCC_PREPROCESSOR_DEFINITIONS = (
					"DEBUG=1",
					"$(inherited)",
				);
				GCC_WARN_64_TO_32_BIT_CONVERSION = YES;
				GCC_WARN_ABOUT_RETURN_TYPE = YES_ERROR;
				GCC_WARN_UNDECLARED_SELECTOR = YES;
				GCC_WARN_UNINITIALIZED_AUTOS = YES_AGGRESSIVE;
				GCC_WARN_UNUSED_FUNCTION = YES;
				GCC_WARN_UNUSED_VARIABLE = YES;
				IPHONEOS_DEPLOYMENT_TARGET = 15.5;
				MTL_ENABLE_DEBUG_INFO = INCLUDE_SOURCE;
				MTL_FAST_MATH = YES;
				ONLY_ACTIVE_ARCH = YES;
				SDKROOT = iphoneos;
				SWIFT_ACTIVE_COMPILATION_CONDITIONS = DEBUG;
				SWIFT_OPTIMIZATION_LEVEL = "-Onone";
			};
			name = Debug;
		};
		5AA3382729DC52C4006EFAD5 /* Release */ = {
			isa = XCBuildConfiguration;
			buildSettings = {
				ALWAYS_SEARCH_USER_PATHS = NO;
				CLANG_ANALYZER_NONNULL = YES;
				CLANG_ANALYZER_NUMBER_OBJECT_CONVERSION = YES_AGGRESSIVE;
				CLANG_CXX_LANGUAGE_STANDARD = "gnu++17";
				CLANG_ENABLE_MODULES = YES;
				CLANG_ENABLE_OBJC_ARC = YES;
				CLANG_ENABLE_OBJC_WEAK = YES;
				CLANG_WARN_BLOCK_CAPTURE_AUTORELEASING = YES;
				CLANG_WARN_BOOL_CONVERSION = YES;
				CLANG_WARN_COMMA = YES;
				CLANG_WARN_CONSTANT_CONVERSION = YES;
				CLANG_WARN_DEPRECATED_OBJC_IMPLEMENTATIONS = YES;
				CLANG_WARN_DIRECT_OBJC_ISA_USAGE = YES_ERROR;
				CLANG_WARN_DOCUMENTATION_COMMENTS = YES;
				CLANG_WARN_EMPTY_BODY = YES;
				CLANG_WARN_ENUM_CONVERSION = YES;
				CLANG_WARN_INFINITE_RECURSION = YES;
				CLANG_WARN_INT_CONVERSION = YES;
				CLANG_WARN_NON_LITERAL_NULL_CONVERSION = YES;
				CLANG_WARN_OBJC_IMPLICIT_RETAIN_SELF = YES;
				CLANG_WARN_OBJC_LITERAL_CONVERSION = YES;
				CLANG_WARN_OBJC_ROOT_CLASS = YES_ERROR;
				CLANG_WARN_QUOTED_INCLUDE_IN_FRAMEWORK_HEADER = YES;
				CLANG_WARN_RANGE_LOOP_ANALYSIS = YES;
				CLANG_WARN_STRICT_PROTOTYPES = YES;
				CLANG_WARN_SUSPICIOUS_MOVE = YES;
				CLANG_WARN_UNGUARDED_AVAILABILITY = YES_AGGRESSIVE;
				CLANG_WARN_UNREACHABLE_CODE = YES;
				CLANG_WARN__DUPLICATE_METHOD_MATCH = YES;
				COPY_PHASE_STRIP = NO;
				DEBUG_INFORMATION_FORMAT = "dwarf-with-dsym";
				ENABLE_NS_ASSERTIONS = NO;
				ENABLE_STRICT_OBJC_MSGSEND = YES;
				GCC_C_LANGUAGE_STANDARD = gnu11;
				GCC_NO_COMMON_BLOCKS = YES;
				GCC_WARN_64_TO_32_BIT_CONVERSION = YES;
				GCC_WARN_ABOUT_RETURN_TYPE = YES_ERROR;
				GCC_WARN_UNDECLARED_SELECTOR = YES;
				GCC_WARN_UNINITIALIZED_AUTOS = YES_AGGRESSIVE;
				GCC_WARN_UNUSED_FUNCTION = YES;
				GCC_WARN_UNUSED_VARIABLE = YES;
				IPHONEOS_DEPLOYMENT_TARGET = 15.5;
				MTL_ENABLE_DEBUG_INFO = NO;
				MTL_FAST_MATH = YES;
				SDKROOT = iphoneos;
				SWIFT_COMPILATION_MODE = wholemodule;
				SWIFT_OPTIMIZATION_LEVEL = "-O";
				VALIDATE_PRODUCT = YES;
			};
			name = Release;
		};
		5AA3382929DC52C4006EFAD5 /* Debug */ = {
			isa = XCBuildConfiguration;
			buildSettings = {
				ASSETCATALOG_COMPILER_APPICON_NAME = AppIcon;
				ASSETCATALOG_COMPILER_GLOBAL_ACCENT_COLOR_NAME = AccentColor;
				CODE_SIGN_STYLE = Automatic;
				CURRENT_PROJECT_VERSION = 1;
				GENERATE_INFOPLIST_FILE = YES;
				INFOPLIST_FILE = DiscountDemoApp/Info.plist;
				INFOPLIST_KEY_CFBundleDisplayName = DiscountDemoApp;
				INFOPLIST_KEY_UIApplicationSupportsIndirectInputEvents = YES;
				INFOPLIST_KEY_UILaunchStoryboardName = LaunchScreen;
				INFOPLIST_KEY_UIMainStoryboardFile = Main;
				INFOPLIST_KEY_UISupportedInterfaceOrientations_iPad = "UIInterfaceOrientationPortrait UIInterfaceOrientationPortraitUpsideDown UIInterfaceOrientationLandscapeLeft UIInterfaceOrientationLandscapeRight";
				INFOPLIST_KEY_UISupportedInterfaceOrientations_iPhone = "UIInterfaceOrientationPortrait UIInterfaceOrientationLandscapeLeft UIInterfaceOrientationLandscapeRight";
				LD_RUNPATH_SEARCH_PATHS = (
					"$(inherited)",
					"@executable_path/Frameworks",
				);
				MARKETING_VERSION = 1.0;
				PRODUCT_BUNDLE_IDENTIFIER = nwmsu.DiscountDemoApp;
				PRODUCT_NAME = "$(TARGET_NAME)";
				SWIFT_EMIT_LOC_STRINGS = YES;
				SWIFT_VERSION = 5.0;
				TARGETED_DEVICE_FAMILY = "1,2";
			};
			name = Debug;
		};
		5AA3382A29DC52C4006EFAD5 /* Release */ = {
			isa = XCBuildConfiguration;
			buildSettings = {
				ASSETCATALOG_COMPILER_APPICON_NAME = AppIcon;
				ASSETCATALOG_COMPILER_GLOBAL_ACCENT_COLOR_NAME = AccentColor;
				CODE_SIGN_STYLE = Automatic;
				CURRENT_PROJECT_VERSION = 1;
				GENERATE_INFOPLIST_FILE = YES;
				INFOPLIST_FILE = DiscountDemoApp/Info.plist;
				INFOPLIST_KEY_CFBundleDisplayName = DiscountDemoApp;
				INFOPLIST_KEY_UIApplicationSupportsIndirectInputEvents = YES;
				INFOPLIST_KEY_UILaunchStoryboardName = LaunchScreen;
				INFOPLIST_KEY_UIMainStoryboardFile = Main;
				INFOPLIST_KEY_UISupportedInterfaceOrientations_iPad = "UIInterfaceOrientationPortrait UIInterfaceOrientationPortraitUpsideDown UIInterfaceOrientationLandscapeLeft UIInterfaceOrientationLandscapeRight";
				INFOPLIST_KEY_UISupportedInterfaceOrientations_iPhone = "UIInterfaceOrientationPortrait UIInterfaceOrientationLandscapeLeft UIInterfaceOrientationLandscapeRight";
				LD_RUNPATH_SEARCH_PATHS = (
					"$(inherited)",
					"@executable_path/Frameworks",
				);
				MARKETING_VERSION = 1.0;
				PRODUCT_BUNDLE_IDENTIFIER = nwmsu.DiscountDemoApp;
				PRODUCT_NAME = "$(TARGET_NAME)";
				SWIFT_EMIT_LOC_STRINGS = YES;
				SWIFT_VERSION = 5.0;
				TARGETED_DEVICE_FAMILY = "1,2";
			};
			name = Release;
		};
		5AA3382C29DC52C4006EFAD5 /* Debug */ = {
			isa = XCBuildConfiguration;
			buildSettings = {
				ALWAYS_EMBED_SWIFT_STANDARD_LIBRARIES = YES;
				BUNDLE_LOADER = "$(TEST_HOST)";
				CODE_SIGN_STYLE = Automatic;
				CURRENT_PROJECT_VERSION = 1;
				GENERATE_INFOPLIST_FILE = YES;
				IPHONEOS_DEPLOYMENT_TARGET = 15.5;
				MARKETING_VERSION = 1.0;
				PRODUCT_BUNDLE_IDENTIFIER = nwmsu.DiscountDemoAppTests;
				PRODUCT_NAME = "$(TARGET_NAME)";
				SWIFT_EMIT_LOC_STRINGS = NO;
				SWIFT_VERSION = 5.0;
				TARGETED_DEVICE_FAMILY = "1,2";
				TEST_HOST = "$(BUILT_PRODUCTS_DIR)/DiscountDemoApp.app/DiscountDemoApp";
			};
			name = Debug;
		};
		5AA3382D29DC52C4006EFAD5 /* Release */ = {
			isa = XCBuildConfiguration;
			buildSettings = {
				ALWAYS_EMBED_SWIFT_STANDARD_LIBRARIES = YES;
				BUNDLE_LOADER = "$(TEST_HOST)";
				CODE_SIGN_STYLE = Automatic;
				CURRENT_PROJECT_VERSION = 1;
				GENERATE_INFOPLIST_FILE = YES;
				IPHONEOS_DEPLOYMENT_TARGET = 15.5;
				MARKETING_VERSION = 1.0;
				PRODUCT_BUNDLE_IDENTIFIER = nwmsu.DiscountDemoAppTests;
				PRODUCT_NAME = "$(TARGET_NAME)";
				SWIFT_EMIT_LOC_STRINGS = NO;
				SWIFT_VERSION = 5.0;
				TARGETED_DEVICE_FAMILY = "1,2";
				TEST_HOST = "$(BUILT_PRODUCTS_DIR)/DiscountDemoApp.app/DiscountDemoApp";
			};
			name = Release;
		};
		5AA3382F29DC52C4006EFAD5 /* Debug */ = {
			isa = XCBuildConfiguration;
			buildSettings = {
				ALWAYS_EMBED_SWIFT_STANDARD_LIBRARIES = YES;
				CODE_SIGN_STYLE = Automatic;
				CURRENT_PROJECT_VERSION = 1;
				GENERATE_INFOPLIST_FILE = YES;
				MARKETING_VERSION = 1.0;
				PRODUCT_BUNDLE_IDENTIFIER = nwmsu.DiscountDemoAppUITests;
				PRODUCT_NAME = "$(TARGET_NAME)";
				SWIFT_EMIT_LOC_STRINGS = NO;
				SWIFT_VERSION = 5.0;
				TARGETED_DEVICE_FAMILY = "1,2";
				TEST_TARGET_NAME = DiscountDemoApp;
			};
			name = Debug;
		};
		5AA3383029DC52C4006EFAD5 /* Release */ = {
			isa = XCBuildConfiguration;
			buildSettings = {
				ALWAYS_EMBED_SWIFT_STANDARD_LIBRARIES = YES;
				CODE_SIGN_STYLE = Automatic;
				CURRENT_PROJECT_VERSION = 1;
				GENERATE_INFOPLIST_FILE = YES;
				MARKETING_VERSION = 1.0;
				PRODUCT_BUNDLE_IDENTIFIER = nwmsu.DiscountDemoAppUITests;
				PRODUCT_NAME = "$(TARGET_NAME)";
				SWIFT_EMIT_LOC_STRINGS = NO;
				SWIFT_VERSION = 5.0;
				TARGETED_DEVICE_FAMILY = "1,2";
				TEST_TARGET_NAME = DiscountDemoApp;
			};
			name = Release;
		};
/* End XCBuildConfiguration section */

/* Begin XCConfigurationList section */
		5AA337F929DC52BF006EFAD5 /* Build configuration list for PBXProject "DiscountDemoApp" */ = {
			isa = XCConfigurationList;
			buildConfigurations = (
				5AA3382629DC52C4006EFAD5 /* Debug */,
				5AA3382729DC52C4006EFAD5 /* Release */,
			);
			defaultConfigurationIsVisible = 0;
			defaultConfigurationName = Release;
		};
		5AA3382829DC52C4006EFAD5 /* Build configuration list for PBXNativeTarget "DiscountDemoApp" */ = {
			isa = XCConfigurationList;
			buildConfigurations = (
				5AA3382929DC52C4006EFAD5 /* Debug */,
				5AA3382A29DC52C4006EFAD5 /* Release */,
			);
			defaultConfigurationIsVisible = 0;
			defaultConfigurationName = Release;
		};
		5AA3382B29DC52C4006EFAD5 /* Build configuration list for PBXNativeTarget "DiscountDemoAppTests" */ = {
			isa = XCConfigurationList;
			buildConfigurations = (
				5AA3382C29DC52C4006EFAD5 /* Debug */,
				5AA3382D29DC52C4006EFAD5 /* Release */,
			);
			defaultConfigurationIsVisible = 0;
			defaultConfigurationName = Release;
		};
		5AA3382E29DC52C4006EFAD5 /* Build configuration list for PBXNativeTarget "DiscountDemoAppUITests" */ = {
			isa = XCConfigurationList;
			buildConfigurations = (
				5AA3382F29DC52C4006EFAD5 /* Debug */,
				5AA3383029DC52C4006EFAD5 /* Release */,
			);
			defaultConfigurationIsVisible = 0;
			defaultConfigurationName = Release;
		};
/* End XCConfigurationList section */
	};
	rootObject = 5AA337F629DC52BF006EFAD5 /* Project object */;
}
