// !$*UTF8*$!
{
	archiveVersion = 1;
	classes = {
	};
	objectVersion = 55;
	objects = {

/* Begin PBXBuildFile section */
		5ADE72912989571F004F6267 /* AppDelegate.swift in Sources */ = {isa = PBXBuildFile; fileRef = 5ADE72902989571F004F6267 /* AppDelegate.swift */; };
		5ADE72932989571F004F6267 /* SceneDelegate.swift in Sources */ = {isa = PBXBuildFile; fileRef = 5ADE72922989571F004F6267 /* SceneDelegate.swift */; };
		5ADE72952989571F004F6267 /* ViewController.swift in Sources */ = {isa = PBXBuildFile; fileRef = 5ADE72942989571F004F6267 /* ViewController.swift */; };
		5ADE72982989571F004F6267 /* Main.storyboard in Resources */ = {isa = PBXBuildFile; fileRef = 5ADE72962989571F004F6267 /* Main.storyboard */; };
		5ADE729A29895728004F6267 /* Assets.xcassets in Resources */ = {isa = PBXBuildFile; fileRef = 5ADE729929895728004F6267 /* Assets.xcassets */; };
		5ADE729D29895728004F6267 /* LaunchScreen.storyboard in Resources */ = {isa = PBXBuildFile; fileRef = 5ADE729B29895728004F6267 /* LaunchScreen.storyboard */; };
		5ADE72A829895728004F6267 /* VowelAppTests.swift in Sources */ = {isa = PBXBuildFile; fileRef = 5ADE72A729895728004F6267 /* VowelAppTests.swift */; };
		5ADE72B229895728004F6267 /* VowelAppUITests.swift in Sources */ = {isa = PBXBuildFile; fileRef = 5ADE72B129895728004F6267 /* VowelAppUITests.swift */; };
		5ADE72B429895728004F6267 /* VowelAppUITestsLaunchTests.swift in Sources */ = {isa = PBXBuildFile; fileRef = 5ADE72B329895728004F6267 /* VowelAppUITestsLaunchTests.swift */; };
/* End PBXBuildFile section */

/* Begin PBXContainerItemProxy section */
		5ADE72A429895728004F6267 /* PBXContainerItemProxy */ = {
			isa = PBXContainerItemProxy;
			containerPortal = 5ADE72852989571F004F6267 /* Project object */;
			proxyType = 1;
			remoteGlobalIDString = 5ADE728C2989571F004F6267;
			remoteInfo = VowelApp;
		};
		5ADE72AE29895728004F6267 /* PBXContainerItemProxy */ = {
			isa = PBXContainerItemProxy;
			containerPortal = 5ADE72852989571F004F6267 /* Project object */;
			proxyType = 1;
			remoteGlobalIDString = 5ADE728C2989571F004F6267;
			remoteInfo = VowelApp;
		};
/* End PBXContainerItemProxy section */

/* Begin PBXFileReference section */
		5ADE728D2989571F004F6267 /* VowelApp.app */ = {isa = PBXFileReference; explicitFileType = wrapper.application; includeInIndex = 0; path = VowelApp.app; sourceTree = BUILT_PRODUCTS_DIR; };
		5ADE72902989571F004F6267 /* AppDelegate.swift */ = {isa = PBXFileReference; lastKnownFileType = sourcecode.swift; path = AppDelegate.swift; sourceTree = "<group>"; };
		5ADE72922989571F004F6267 /* SceneDelegate.swift */ = {isa = PBXFileReference; lastKnownFileType = sourcecode.swift; path = SceneDelegate.swift; sourceTree = "<group>"; };
		5ADE72942989571F004F6267 /* ViewController.swift */ = {isa = PBXFileReference; lastKnownFileType = sourcecode.swift; path = ViewController.swift; sourceTree = "<group>"; };
		5ADE72972989571F004F6267 /* Base */ = {isa = PBXFileReference; lastKnownFileType = file.storyboard; name = Base; path = Base.lproj/Main.storyboard; sourceTree = "<group>"; };
		5ADE729929895728004F6267 /* Assets.xcassets */ = {isa = PBXFileReference; lastKnownFileType = folder.assetcatalog; path = Assets.xcassets; sourceTree = "<group>"; };
		5ADE729C29895728004F6267 /* Base */ = {isa = PBXFileReference; lastKnownFileType = file.storyboard; name = Base; path = Base.lproj/LaunchScreen.storyboard; sourceTree = "<group>"; };
		5ADE729E29895728004F6267 /* Info.plist */ = {isa = PBXFileReference; lastKnownFileType = text.plist.xml; path = Info.plist; sourceTree = "<group>"; };
		5ADE72A329895728004F6267 /* VowelAppTests.xctest */ = {isa = PBXFileReference; explicitFileType = wrapper.cfbundle; includeInIndex = 0; path = VowelAppTests.xctest; sourceTree = BUILT_PRODUCTS_DIR; };
		5ADE72A729895728004F6267 /* VowelAppTests.swift */ = {isa = PBXFileReference; lastKnownFileType = sourcecode.swift; path = VowelAppTests.swift; sourceTree = "<group>"; };
		5ADE72AD29895728004F6267 /* VowelAppUITests.xctest */ = {isa = PBXFileReference; explicitFileType = wrapper.cfbundle; includeInIndex = 0; path = VowelAppUITests.xctest; sourceTree = BUILT_PRODUCTS_DIR; };
		5ADE72B129895728004F6267 /* VowelAppUITests.swift */ = {isa = PBXFileReference; lastKnownFileType = sourcecode.swift; path = VowelAppUITests.swift; sourceTree = "<group>"; };
		5ADE72B329895728004F6267 /* VowelAppUITestsLaunchTests.swift */ = {isa = PBXFileReference; lastKnownFileType = sourcecode.swift; path = VowelAppUITestsLaunchTests.swift; sourceTree = "<group>"; };
/* End PBXFileReference section */

/* Begin PBXFrameworksBuildPhase section */
		5ADE728A2989571F004F6267 /* Frameworks */ = {
			isa = PBXFrameworksBuildPhase;
			buildActionMask = 2147483647;
			files = (
			);
			runOnlyForDeploymentPostprocessing = 0;
		};
		5ADE72A029895728004F6267 /* Frameworks */ = {
			isa = PBXFrameworksBuildPhase;
			buildActionMask = 2147483647;
			files = (
			);
			runOnlyForDeploymentPostprocessing = 0;
		};
		5ADE72AA29895728004F6267 /* Frameworks */ = {
			isa = PBXFrameworksBuildPhase;
			buildActionMask = 2147483647;
			files = (
			);
			runOnlyForDeploymentPostprocessing = 0;
		};
/* End PBXFrameworksBuildPhase section */

/* Begin PBXGroup section */
		5ADE72842989571E004F6267 = {
			isa = PBXGroup;
			children = (
				5ADE728F2989571F004F6267 /* VowelApp */,
				5ADE72A629895728004F6267 /* VowelAppTests */,
				5ADE72B029895728004F6267 /* VowelAppUITests */,
				5ADE728E2989571F004F6267 /* Products */,
			);
			sourceTree = "<group>";
		};
		5ADE728E2989571F004F6267 /* Products */ = {
			isa = PBXGroup;
			children = (
				5ADE728D2989571F004F6267 /* VowelApp.app */,
				5ADE72A329895728004F6267 /* VowelAppTests.xctest */,
				5ADE72AD29895728004F6267 /* VowelAppUITests.xctest */,
			);
			name = Products;
			sourceTree = "<group>";
		};
		5ADE728F2989571F004F6267 /* VowelApp */ = {
			isa = PBXGroup;
			children = (
				5ADE72902989571F004F6267 /* AppDelegate.swift */,
				5ADE72922989571F004F6267 /* SceneDelegate.swift */,
				5ADE72942989571F004F6267 /* ViewController.swift */,
				5ADE72962989571F004F6267 /* Main.storyboard */,
				5ADE729929895728004F6267 /* Assets.xcassets */,
				5ADE729B29895728004F6267 /* LaunchScreen.storyboard */,
				5ADE729E29895728004F6267 /* Info.plist */,
			);
			path = VowelApp;
			sourceTree = "<group>";
		};
		5ADE72A629895728004F6267 /* VowelAppTests */ = {
			isa = PBXGroup;
			children = (
				5ADE72A729895728004F6267 /* VowelAppTests.swift */,
			);
			path = VowelAppTests;
			sourceTree = "<group>";
		};
		5ADE72B029895728004F6267 /* VowelAppUITests */ = {
			isa = PBXGroup;
			children = (
				5ADE72B129895728004F6267 /* VowelAppUITests.swift */,
				5ADE72B329895728004F6267 /* VowelAppUITestsLaunchTests.swift */,
			);
			path = VowelAppUITests;
			sourceTree = "<group>";
		};
/* End PBXGroup section */

/* Begin PBXNativeTarget section */
		5ADE728C2989571F004F6267 /* VowelApp */ = {
			isa = PBXNativeTarget;
			buildConfigurationList = 5ADE72B729895728004F6267 /* Build configuration list for PBXNativeTarget "VowelApp" */;
			buildPhases = (
				5ADE72892989571F004F6267 /* Sources */,
				5ADE728A2989571F004F6267 /* Frameworks */,
				5ADE728B2989571F004F6267 /* Resources */,
			);
			buildRules = (
			);
			dependencies = (
			);
			name = VowelApp;
			productName = VowelApp;
			productReference = 5ADE728D2989571F004F6267 /* VowelApp.app */;
			productType = "com.apple.product-type.application";
		};
		5ADE72A229895728004F6267 /* VowelAppTests */ = {
			isa = PBXNativeTarget;
			buildConfigurationList = 5ADE72BA29895729004F6267 /* Build configuration list for PBXNativeTarget "VowelAppTests" */;
			buildPhases = (
				5ADE729F29895728004F6267 /* Sources */,
				5ADE72A029895728004F6267 /* Frameworks */,
				5ADE72A129895728004F6267 /* Resources */,
			);
			buildRules = (
			);
			dependencies = (
				5ADE72A529895728004F6267 /* PBXTargetDependency */,
			);
			name = VowelAppTests;
			productName = VowelAppTests;
			productReference = 5ADE72A329895728004F6267 /* VowelAppTests.xctest */;
			productType = "com.apple.product-type.bundle.unit-test";
		};
		5ADE72AC29895728004F6267 /* VowelAppUITests */ = {
			isa = PBXNativeTarget;
			buildConfigurationList = 5ADE72BD29895729004F6267 /* Build configuration list for PBXNativeTarget "VowelAppUITests" */;
			buildPhases = (
				5ADE72A929895728004F6267 /* Sources */,
				5ADE72AA29895728004F6267 /* Frameworks */,
				5ADE72AB29895728004F6267 /* Resources */,
			);
			buildRules = (
			);
			dependencies = (
				5ADE72AF29895728004F6267 /* PBXTargetDependency */,
			);
			name = VowelAppUITests;
			productName = VowelAppUITests;
			productReference = 5ADE72AD29895728004F6267 /* VowelAppUITests.xctest */;
			productType = "com.apple.product-type.bundle.ui-testing";
		};
/* End PBXNativeTarget section */

/* Begin PBXProject section */
		5ADE72852989571F004F6267 /* Project object */ = {
			isa = PBXProject;
			attributes = {
				BuildIndependentTargetsInParallel = 1;
				LastSwiftUpdateCheck = 1340;
				LastUpgradeCheck = 1340;
				TargetAttributes = {
					5ADE728C2989571F004F6267 = {
						CreatedOnToolsVersion = 13.4.1;
					};
					5ADE72A229895728004F6267 = {
						CreatedOnToolsVersion = 13.4.1;
						TestTargetID = 5ADE728C2989571F004F6267;
					};
					5ADE72AC29895728004F6267 = {
						CreatedOnToolsVersion = 13.4.1;
						TestTargetID = 5ADE728C2989571F004F6267;
					};
				};
			};
			buildConfigurationList = 5ADE72882989571F004F6267 /* Build configuration list for PBXProject "VowelApp" */;
			compatibilityVersion = "Xcode 13.0";
			developmentRegion = en;
			hasScannedForEncodings = 0;
			knownRegions = (
				en,
				Base,
			);
			mainGroup = 5ADE72842989571E004F6267;
			productRefGroup = 5ADE728E2989571F004F6267 /* Products */;
			projectDirPath = "";
			projectRoot = "";
			targets = (
				5ADE728C2989571F004F6267 /* VowelApp */,
				5ADE72A229895728004F6267 /* VowelAppTests */,
				5ADE72AC29895728004F6267 /* VowelAppUITests */,
			);
		};
/* End PBXProject section */

/* Begin PBXResourcesBuildPhase section */
		5ADE728B2989571F004F6267 /* Resources */ = {
			isa = PBXResourcesBuildPhase;
			buildActionMask = 2147483647;
			files = (
				5ADE729D29895728004F6267 /* LaunchScreen.storyboard in Resources */,
				5ADE729A29895728004F6267 /* Assets.xcassets in Resources */,
				5ADE72982989571F004F6267 /* Main.storyboard in Resources */,
			);
			runOnlyForDeploymentPostprocessing = 0;
		};
		5ADE72A129895728004F6267 /* Resources */ = {
			isa = PBXResourcesBuildPhase;
			buildActionMask = 2147483647;
			files = (
			);
			runOnlyForDeploymentPostprocessing = 0;
		};
		5ADE72AB29895728004F6267 /* Resources */ = {
			isa = PBXResourcesBuildPhase;
			buildActionMask = 2147483647;
			files = (
			);
			runOnlyForDeploymentPostprocessing = 0;
		};
/* End PBXResourcesBuildPhase section */

/* Begin PBXSourcesBuildPhase section */
		5ADE72892989571F004F6267 /* Sources */ = {
			isa = PBXSourcesBuildPhase;
			buildActionMask = 2147483647;
			files = (
				5ADE72952989571F004F6267 /* ViewController.swift in Sources */,
				5ADE72912989571F004F6267 /* AppDelegate.swift in Sources */,
				5ADE72932989571F004F6267 /* SceneDelegate.swift in Sources */,
			);
			runOnlyForDeploymentPostprocessing = 0;
		};
		5ADE729F29895728004F6267 /* Sources */ = {
			isa = PBXSourcesBuildPhase;
			buildActionMask = 2147483647;
			files = (
				5ADE72A829895728004F6267 /* VowelAppTests.swift in Sources */,
			);
			runOnlyForDeploymentPostprocessing = 0;
		};
		5ADE72A929895728004F6267 /* Sources */ = {
			isa = PBXSourcesBuildPhase;
			buildActionMask = 2147483647;
			files = (
				5ADE72B429895728004F6267 /* VowelAppUITestsLaunchTests.swift in Sources */,
				5ADE72B229895728004F6267 /* VowelAppUITests.swift in Sources */,
			);
			runOnlyForDeploymentPostprocessing = 0;
		};
/* End PBXSourcesBuildPhase section */

/* Begin PBXTargetDependency section */
		5ADE72A529895728004F6267 /* PBXTargetDependency */ = {
			isa = PBXTargetDependency;
			target = 5ADE728C2989571F004F6267 /* VowelApp */;
			targetProxy = 5ADE72A429895728004F6267 /* PBXContainerItemProxy */;
		};
		5ADE72AF29895728004F6267 /* PBXTargetDependency */ = {
			isa = PBXTargetDependency;
			target = 5ADE728C2989571F004F6267 /* VowelApp */;
			targetProxy = 5ADE72AE29895728004F6267 /* PBXContainerItemProxy */;
		};
/* End PBXTargetDependency section */

/* Begin PBXVariantGroup section */
		5ADE72962989571F004F6267 /* Main.storyboard */ = {
			isa = PBXVariantGroup;
			children = (
				5ADE72972989571F004F6267 /* Base */,
			);
			name = Main.storyboard;
			sourceTree = "<group>";
		};
		5ADE729B29895728004F6267 /* LaunchScreen.storyboard */ = {
			isa = PBXVariantGroup;
			children = (
				5ADE729C29895728004F6267 /* Base */,
			);
			name = LaunchScreen.storyboard;
			sourceTree = "<group>";
		};
/* End PBXVariantGroup section */

/* Begin XCBuildConfiguration section */
		5ADE72B529895728004F6267 /* Debug */ = {
			isa = XCBuildConfiguration;
			buildSettings = {
				ALWAYS_SEARCH_USER_PATHS = NO;
				CLANG_ANALYZER_NONNULL = YES;
				CLANG_ANALYZER_NUMBER_OBJECT_CONVERSION = YES_AGGRESSIVE;
				CLANG_CXX_LANGUAGE_STANDARD = "gnu++17";
				CLANG_ENABLE_MODULES = YES;
				CLANG_ENABLE_OBJC_ARC = YES;
				CLANG_ENABLE_OBJC_WEAK = YES;
				CLANG_WARN_BLOCK_CAPTURE_AUTORELEASING = YES;
				CLANG_WARN_BOOL_CONVERSION = YES;
				CLANG_WARN_COMMA = YES;
				CLANG_WARN_CONSTANT_CONVERSION = YES;
				CLANG_WARN_DEPRECATED_OBJC_IMPLEMENTATIONS = YES;
				CLANG_WARN_DIRECT_OBJC_ISA_USAGE = YES_ERROR;
				CLANG_WARN_DOCUMENTATION_COMMENTS = YES;
				CLANG_WARN_EMPTY_BODY = YES;
				CLANG_WARN_ENUM_CONVERSION = YES;
				CLANG_WARN_INFINITE_RECURSION = YES;
				CLANG_WARN_INT_CONVERSION = YES;
				CLANG_WARN_NON_LITERAL_NULL_CONVERSION = YES;
				CLANG_WARN_OBJC_IMPLICIT_RETAIN_SELF = YES;
				CLANG_WARN_OBJC_LITERAL_CONVERSION = YES;
				CLANG_WARN_OBJC_ROOT_CLASS = YES_ERROR;
				CLANG_WARN_QUOTED_INCLUDE_IN_FRAMEWORK_HEADER = YES;
				CLANG_WARN_RANGE_LOOP_ANALYSIS = YES;
				CLANG_WARN_STRICT_PROTOTYPES = YES;
				CLANG_WARN_SUSPICIOUS_MOVE = YES;
				CLANG_WARN_UNGUARDED_AVAILABILITY = YES_AGGRESSIVE;
				CLANG_WARN_UNREACHABLE_CODE = YES;
				CLANG_WARN__DUPLICATE_METHOD_MATCH = YES;
				COPY_PHASE_STRIP = NO;
				DEBUG_INFORMATION_FORMAT = dwarf;
				ENABLE_STRICT_OBJC_MSGSEND = YES;
				ENABLE_TESTABILITY = YES;
				GCC_C_LANGUAGE_STANDARD = gnu11;
				GCC_DYNAMIC_NO_PIC = NO;
				GCC_NO_COMMON_BLOCKS = YES;
				GCC_OPTIMIZATION_LEVEL = 0;
				GCC_PREPROCESSOR_DEFINITIONS = (
					"DEBUG=1",
					"$(inherited)",
				);
				GCC_WARN_64_TO_32_BIT_CONVERSION = YES;
				GCC_WARN_ABOUT_RETURN_TYPE = YES_ERROR;
				GCC_WARN_UNDECLARED_SELECTOR = YES;
				GCC_WARN_UNINITIALIZED_AUTOS = YES_AGGRESSIVE;
				GCC_WARN_UNUSED_FUNCTION = YES;
				GCC_WARN_UNUSED_VARIABLE = YES;
				IPHONEOS_DEPLOYMENT_TARGET = 15.5;
				MTL_ENABLE_DEBUG_INFO = INCLUDE_SOURCE;
				MTL_FAST_MATH = YES;
				ONLY_ACTIVE_ARCH = YES;
				SDKROOT = iphoneos;
				SWIFT_ACTIVE_COMPILATION_CONDITIONS = DEBUG;
				SWIFT_OPTIMIZATION_LEVEL = "-Onone";
			};
			name = Debug;
		};
		5ADE72B629895728004F6267 /* Release */ = {
			isa = XCBuildConfiguration;
			buildSettings = {
				ALWAYS_SEARCH_USER_PATHS = NO;
				CLANG_ANALYZER_NONNULL = YES;
				CLANG_ANALYZER_NUMBER_OBJECT_CONVERSION = YES_AGGRESSIVE;
				CLANG_CXX_LANGUAGE_STANDARD = "gnu++17";
				CLANG_ENABLE_MODULES = YES;
				CLANG_ENABLE_OBJC_ARC = YES;
				CLANG_ENABLE_OBJC_WEAK = YES;
				CLANG_WARN_BLOCK_CAPTURE_AUTORELEASING = YES;
				CLANG_WARN_BOOL_CONVERSION = YES;
				CLANG_WARN_COMMA = YES;
				CLANG_WARN_CONSTANT_CONVERSION = YES;
				CLANG_WARN_DEPRECATED_OBJC_IMPLEMENTATIONS = YES;
				CLANG_WARN_DIRECT_OBJC_ISA_USAGE = YES_ERROR;
				CLANG_WARN_DOCUMENTATION_COMMENTS = YES;
				CLANG_WARN_EMPTY_BODY = YES;
				CLANG_WARN_ENUM_CONVERSION = YES;
				CLANG_WARN_INFINITE_RECURSION = YES;
				CLANG_WARN_INT_CONVERSION = YES;
				CLANG_WARN_NON_LITERAL_NULL_CONVERSION = YES;
				CLANG_WARN_OBJC_IMPLICIT_RETAIN_SELF = YES;
				CLANG_WARN_OBJC_LITERAL_CONVERSION = YES;
				CLANG_WARN_OBJC_ROOT_CLASS = YES_ERROR;
				CLANG_WARN_QUOTED_INCLUDE_IN_FRAMEWORK_HEADER = YES;
				CLANG_WARN_RANGE_LOOP_ANALYSIS = YES;
				CLANG_WARN_STRICT_PROTOTYPES = YES;
				CLANG_WARN_SUSPICIOUS_MOVE = YES;
				CLANG_WARN_UNGUARDED_AVAILABILITY = YES_AGGRESSIVE;
				CLANG_WARN_UNREACHABLE_CODE = YES;
				CLANG_WARN__DUPLICATE_METHOD_MATCH = YES;
				COPY_PHASE_STRIP = NO;
				DEBUG_INFORMATION_FORMAT = "dwarf-with-dsym";
				ENABLE_NS_ASSERTIONS = NO;
				ENABLE_STRICT_OBJC_MSGSEND = YES;
				GCC_C_LANGUAGE_STANDARD = gnu11;
				GCC_NO_COMMON_BLOCKS = YES;
				GCC_WARN_64_TO_32_BIT_CONVERSION = YES;
				GCC_WARN_ABOUT_RETURN_TYPE = YES_ERROR;
				GCC_WARN_UNDECLARED_SELECTOR = YES;
				GCC_WARN_UNINITIALIZED_AUTOS = YES_AGGRESSIVE;
				GCC_WARN_UNUSED_FUNCTION = YES;
				GCC_WARN_UNUSED_VARIABLE = YES;
				IPHONEOS_DEPLOYMENT_TARGET = 15.5;
				MTL_ENABLE_DEBUG_INFO = NO;
				MTL_FAST_MATH = YES;
				SDKROOT = iphoneos;
				SWIFT_COMPILATION_MODE = wholemodule;
				SWIFT_OPTIMIZATION_LEVEL = "-O";
				VALIDATE_PRODUCT = YES;
			};
			name = Release;
		};
		5ADE72B829895728004F6267 /* Debug */ = {
			isa = XCBuildConfiguration;
			buildSettings = {
				ASSETCATALOG_COMPILER_APPICON_NAME = AppIcon;
				ASSETCATALOG_COMPILER_GLOBAL_ACCENT_COLOR_NAME = AccentColor;
				CODE_SIGN_STYLE = Automatic;
				CURRENT_PROJECT_VERSION = 1;
				GENERATE_INFOPLIST_FILE = YES;
				INFOPLIST_FILE = VowelApp/Info.plist;
				INFOPLIST_KEY_CFBundleDisplayName = VowelApp;
				INFOPLIST_KEY_UIApplicationSupportsIndirectInputEvents = YES;
				INFOPLIST_KEY_UILaunchStoryboardName = LaunchScreen;
				INFOPLIST_KEY_UIMainStoryboardFile = Main;
				INFOPLIST_KEY_UISupportedInterfaceOrientations_iPad = "UIInterfaceOrientationPortrait UIInterfaceOrientationPortraitUpsideDown UIInterfaceOrientationLandscapeLeft UIInterfaceOrientationLandscapeRight";
				INFOPLIST_KEY_UISupportedInterfaceOrientations_iPhone = "UIInterfaceOrientationPortrait UIInterfaceOrientationLandscapeLeft UIInterfaceOrientationLandscapeRight";
				LD_RUNPATH_SEARCH_PATHS = (
					"$(inherited)",
					"@executable_path/Frameworks",
				);
				MARKETING_VERSION = 1.0;
				PRODUCT_BUNDLE_IDENTIFIER = nwmissouri.edu.VowelApp;
				PRODUCT_NAME = "$(TARGET_NAME)";
				SWIFT_EMIT_LOC_STRINGS = YES;
				SWIFT_VERSION = 5.0;
				TARGETED_DEVICE_FAMILY = "1,2";
			};
			name = Debug;
		};
		5ADE72B929895728004F6267 /* Release */ = {
			isa = XCBuildConfiguration;
			buildSettings = {
				ASSETCATALOG_COMPILER_APPICON_NAME = AppIcon;
				ASSETCATALOG_COMPILER_GLOBAL_ACCENT_COLOR_NAME = AccentColor;
				CODE_SIGN_STYLE = Automatic;
				CURRENT_PROJECT_VERSION = 1;
				GENERATE_INFOPLIST_FILE = YES;
				INFOPLIST_FILE = VowelApp/Info.plist;
				INFOPLIST_KEY_CFBundleDisplayName = VowelApp;
				INFOPLIST_KEY_UIApplicationSupportsIndirectInputEvents = YES;
				INFOPLIST_KEY_UILaunchStoryboardName = LaunchScreen;
				INFOPLIST_KEY_UIMainStoryboardFile = Main;
				INFOPLIST_KEY_UISupportedInterfaceOrientations_iPad = "UIInterfaceOrientationPortrait UIInterfaceOrientationPortraitUpsideDown UIInterfaceOrientationLandscapeLeft UIInterfaceOrientationLandscapeRight";
				INFOPLIST_KEY_UISupportedInterfaceOrientations_iPhone = "UIInterfaceOrientationPortrait UIInterfaceOrientationLandscapeLeft UIInterfaceOrientationLandscapeRight";
				LD_RUNPATH_SEARCH_PATHS = (
					"$(inherited)",
					"@executable_path/Frameworks",
				);
				MARKETING_VERSION = 1.0;
				PRODUCT_BUNDLE_IDENTIFIER = nwmissouri.edu.VowelApp;
				PRODUCT_NAME = "$(TARGET_NAME)";
				SWIFT_EMIT_LOC_STRINGS = YES;
				SWIFT_VERSION = 5.0;
				TARGETED_DEVICE_FAMILY = "1,2";
			};
			name = Release;
		};
		5ADE72BB29895729004F6267 /* Debug */ = {
			isa = XCBuildConfiguration;
			buildSettings = {
				ALWAYS_EMBED_SWIFT_STANDARD_LIBRARIES = YES;
				BUNDLE_LOADER = "$(TEST_HOST)";
				CODE_SIGN_STYLE = Automatic;
				CURRENT_PROJECT_VERSION = 1;
				GENERATE_INFOPLIST_FILE = YES;
				IPHONEOS_DEPLOYMENT_TARGET = 15.5;
				MARKETING_VERSION = 1.0;
				PRODUCT_BUNDLE_IDENTIFIER = nwmissouri.edu.VowelAppTests;
				PRODUCT_NAME = "$(TARGET_NAME)";
				SWIFT_EMIT_LOC_STRINGS = NO;
				SWIFT_VERSION = 5.0;
				TARGETED_DEVICE_FAMILY = "1,2";
				TEST_HOST = "$(BUILT_PRODUCTS_DIR)/VowelApp.app/VowelApp";
			};
			name = Debug;
		};
		5ADE72BC29895729004F6267 /* Release */ = {
			isa = XCBuildConfiguration;
			buildSettings = {
				ALWAYS_EMBED_SWIFT_STANDARD_LIBRARIES = YES;
				BUNDLE_LOADER = "$(TEST_HOST)";
				CODE_SIGN_STYLE = Automatic;
				CURRENT_PROJECT_VERSION = 1;
				GENERATE_INFOPLIST_FILE = YES;
				IPHONEOS_DEPLOYMENT_TARGET = 15.5;
				MARKETING_VERSION = 1.0;
				PRODUCT_BUNDLE_IDENTIFIER = nwmissouri.edu.VowelAppTests;
				PRODUCT_NAME = "$(TARGET_NAME)";
				SWIFT_EMIT_LOC_STRINGS = NO;
				SWIFT_VERSION = 5.0;
				TARGETED_DEVICE_FAMILY = "1,2";
				TEST_HOST = "$(BUILT_PRODUCTS_DIR)/VowelApp.app/VowelApp";
			};
			name = Release;
		};
		5ADE72BE29895729004F6267 /* Debug */ = {
			isa = XCBuildConfiguration;
			buildSettings = {
				ALWAYS_EMBED_SWIFT_STANDARD_LIBRARIES = YES;
				CODE_SIGN_STYLE = Automatic;
				CURRENT_PROJECT_VERSION = 1;
				GENERATE_INFOPLIST_FILE = YES;
				MARKETING_VERSION = 1.0;
				PRODUCT_BUNDLE_IDENTIFIER = nwmissouri.edu.VowelAppUITests;
				PRODUCT_NAME = "$(TARGET_NAME)";
				SWIFT_EMIT_LOC_STRINGS = NO;
				SWIFT_VERSION = 5.0;
				TARGETED_DEVICE_FAMILY = "1,2";
				TEST_TARGET_NAME = VowelApp;
			};
			name = Debug;
		};
		5ADE72BF29895729004F6267 /* Release */ = {
			isa = XCBuildConfiguration;
			buildSettings = {
				ALWAYS_EMBED_SWIFT_STANDARD_LIBRARIES = YES;
				CODE_SIGN_STYLE = Automatic;
				CURRENT_PROJECT_VERSION = 1;
				GENERATE_INFOPLIST_FILE = YES;
				MARKETING_VERSION = 1.0;
				PRODUCT_BUNDLE_IDENTIFIER = nwmissouri.edu.VowelAppUITests;
				PRODUCT_NAME = "$(TARGET_NAME)";
				SWIFT_EMIT_LOC_STRINGS = NO;
				SWIFT_VERSION = 5.0;
				TARGETED_DEVICE_FAMILY = "1,2";
				TEST_TARGET_NAME = VowelApp;
			};
			name = Release;
		};
/* End XCBuildConfiguration section */

/* Begin XCConfigurationList section */
		5ADE72882989571F004F6267 /* Build configuration list for PBXProject "VowelApp" */ = {
			isa = XCConfigurationList;
			buildConfigurations = (
				5ADE72B529895728004F6267 /* Debug */,
				5ADE72B629895728004F6267 /* Release */,
			);
			defaultConfigurationIsVisible = 0;
			defaultConfigurationName = Release;
		};
		5ADE72B729895728004F6267 /* Build configuration list for PBXNativeTarget "VowelApp" */ = {
			isa = XCConfigurationList;
			buildConfigurations = (
				5ADE72B829895728004F6267 /* Debug */,
				5ADE72B929895728004F6267 /* Release */,
			);
			defaultConfigurationIsVisible = 0;
			defaultConfigurationName = Release;
		};
		5ADE72BA29895729004F6267 /* Build configuration list for PBXNativeTarget "VowelAppTests" */ = {
			isa = XCConfigurationList;
			buildConfigurations = (
				5ADE72BB29895729004F6267 /* Debug */,
				5ADE72BC29895729004F6267 /* Release */,
			);
			defaultConfigurationIsVisible = 0;
			defaultConfigurationName = Release;
		};
		5ADE72BD29895729004F6267 /* Build configuration list for PBXNativeTarget "VowelAppUITests" */ = {
			isa = XCConfigurationList;
			buildConfigurations = (
				5ADE72BE29895729004F6267 /* Debug */,
				5ADE72BF29895729004F6267 /* Release */,
			);
			defaultConfigurationIsVisible = 0;
			defaultConfigurationName = Release;
		};
/* End XCConfigurationList section */
	};
	rootObject = 5ADE72852989571F004F6267 /* Project object */;
}
