// !$*UTF8*$!
{
	archiveVersion = 1;
	classes = {
	};
	objectVersion = 55;
	objects = {

/* Begin PBXBuildFile section */
		5A8884D92982C08F005D2406 /* AppDelegate.swift in Sources */ = {isa = PBXBuildFile; fileRef = 5A8884D82982C08F005D2406 /* AppDelegate.swift */; };
		5A8884DB2982C08F005D2406 /* SceneDelegate.swift in Sources */ = {isa = PBXBuildFile; fileRef = 5A8884DA2982C08F005D2406 /* SceneDelegate.swift */; };
		5A8884DD2982C08F005D2406 /* ViewController.swift in Sources */ = {isa = PBXBuildFile; fileRef = 5A8884DC2982C08F005D2406 /* ViewController.swift */; };
		5A8884E02982C08F005D2406 /* Main.storyboard in Resources */ = {isa = PBXBuildFile; fileRef = 5A8884DE2982C08F005D2406 /* Main.storyboard */; };
		5A8884E22982C093005D2406 /* Assets.xcassets in Resources */ = {isa = PBXBuildFile; fileRef = 5A8884E12982C093005D2406 /* Assets.xcassets */; };
		5A8884E52982C093005D2406 /* LaunchScreen.storyboard in Resources */ = {isa = PBXBuildFile; fileRef = 5A8884E32982C093005D2406 /* LaunchScreen.storyboard */; };
		5A8884F02982C093005D2406 /* SamplePracticeAppTests.swift in Sources */ = {isa = PBXBuildFile; fileRef = 5A8884EF2982C093005D2406 /* SamplePracticeAppTests.swift */; };
		5A8884FA2982C093005D2406 /* SamplePracticeAppUITests.swift in Sources */ = {isa = PBXBuildFile; fileRef = 5A8884F92982C093005D2406 /* SamplePracticeAppUITests.swift */; };
		5A8884FC2982C093005D2406 /* SamplePracticeAppUITestsLaunchTests.swift in Sources */ = {isa = PBXBuildFile; fileRef = 5A8884FB2982C093005D2406 /* SamplePracticeAppUITestsLaunchTests.swift */; };
/* End PBXBuildFile section */

/* Begin PBXContainerItemProxy section */
		5A8884EC2982C093005D2406 /* PBXContainerItemProxy */ = {
			isa = PBXContainerItemProxy;
			containerPortal = 5A8884CD2982C08F005D2406 /* Project object */;
			proxyType = 1;
			remoteGlobalIDString = 5A8884D42982C08F005D2406;
			remoteInfo = SamplePracticeApp;
		};
		5A8884F62982C093005D2406 /* PBXContainerItemProxy */ = {
			isa = PBXContainerItemProxy;
			containerPortal = 5A8884CD2982C08F005D2406 /* Project object */;
			proxyType = 1;
			remoteGlobalIDString = 5A8884D42982C08F005D2406;
			remoteInfo = SamplePracticeApp;
		};
/* End PBXContainerItemProxy section */

/* Begin PBXFileReference section */
		5A8884D52982C08F005D2406 /* SamplePracticeApp.app */ = {isa = PBXFileReference; explicitFileType = wrapper.application; includeInIndex = 0; path = SamplePracticeApp.app; sourceTree = BUILT_PRODUCTS_DIR; };
		5A8884D82982C08F005D2406 /* AppDelegate.swift */ = {isa = PBXFileReference; lastKnownFileType = sourcecode.swift; path = AppDelegate.swift; sourceTree = "<group>"; };
		5A8884DA2982C08F005D2406 /* SceneDelegate.swift */ = {isa = PBXFileReference; lastKnownFileType = sourcecode.swift; path = SceneDelegate.swift; sourceTree = "<group>"; };
		5A8884DC2982C08F005D2406 /* ViewController.swift */ = {isa = PBXFileReference; lastKnownFileType = sourcecode.swift; path = ViewController.swift; sourceTree = "<group>"; };
		5A8884DF2982C08F005D2406 /* Base */ = {isa = PBXFileReference; lastKnownFileType = file.storyboard; name = Base; path = Base.lproj/Main.storyboard; sourceTree = "<group>"; };
		5A8884E12982C093005D2406 /* Assets.xcassets */ = {isa = PBXFileReference; lastKnownFileType = folder.assetcatalog; path = Assets.xcassets; sourceTree = "<group>"; };
		5A8884E42982C093005D2406 /* Base */ = {isa = PBXFileReference; lastKnownFileType = file.storyboard; name = Base; path = Base.lproj/LaunchScreen.storyboard; sourceTree = "<group>"; };
		5A8884E62982C093005D2406 /* Info.plist */ = {isa = PBXFileReference; lastKnownFileType = text.plist.xml; path = Info.plist; sourceTree = "<group>"; };
		5A8884EB2982C093005D2406 /* SamplePracticeAppTests.xctest */ = {isa = PBXFileReference; explicitFileType = wrapper.cfbundle; includeInIndex = 0; path = SamplePracticeAppTests.xctest; sourceTree = BUILT_PRODUCTS_DIR; };
		5A8884EF2982C093005D2406 /* SamplePracticeAppTests.swift */ = {isa = PBXFileReference; lastKnownFileType = sourcecode.swift; path = SamplePracticeAppTests.swift; sourceTree = "<group>"; };
		5A8884F52982C093005D2406 /* SamplePracticeAppUITests.xctest */ = {isa = PBXFileReference; explicitFileType = wrapper.cfbundle; includeInIndex = 0; path = SamplePracticeAppUITests.xctest; sourceTree = BUILT_PRODUCTS_DIR; };
		5A8884F92982C093005D2406 /* SamplePracticeAppUITests.swift */ = {isa = PBXFileReference; lastKnownFileType = sourcecode.swift; path = SamplePracticeAppUITests.swift; sourceTree = "<group>"; };
		5A8884FB2982C093005D2406 /* SamplePracticeAppUITestsLaunchTests.swift */ = {isa = PBXFileReference; lastKnownFileType = sourcecode.swift; path = SamplePracticeAppUITestsLaunchTests.swift; sourceTree = "<group>"; };
/* End PBXFileReference section */

/* Begin PBXFrameworksBuildPhase section */
		5A8884D22982C08F005D2406 /* Frameworks */ = {
			isa = PBXFrameworksBuildPhase;
			buildActionMask = 2147483647;
			files = (
			);
			runOnlyForDeploymentPostprocessing = 0;
		};
		5A8884E82982C093005D2406 /* Frameworks */ = {
			isa = PBXFrameworksBuildPhase;
			buildActionMask = 2147483647;
			files = (
			);
			runOnlyForDeploymentPostprocessing = 0;
		};
		5A8884F22982C093005D2406 /* Frameworks */ = {
			isa = PBXFrameworksBuildPhase;
			buildActionMask = 2147483647;
			files = (
			);
			runOnlyForDeploymentPostprocessing = 0;
		};
/* End PBXFrameworksBuildPhase section */

/* Begin PBXGroup section */
		5A8884CC2982C08F005D2406 = {
			isa = PBXGroup;
			children = (
				5A8884D72982C08F005D2406 /* SamplePracticeApp */,
				5A8884EE2982C093005D2406 /* SamplePracticeAppTests */,
				5A8884F82982C093005D2406 /* SamplePracticeAppUITests */,
				5A8884D62982C08F005D2406 /* Products */,
			);
			sourceTree = "<group>";
		};
		5A8884D62982C08F005D2406 /* Products */ = {
			isa = PBXGroup;
			children = (
				5A8884D52982C08F005D2406 /* SamplePracticeApp.app */,
				5A8884EB2982C093005D2406 /* SamplePracticeAppTests.xctest */,
				5A8884F52982C093005D2406 /* SamplePracticeAppUITests.xctest */,
			);
			name = Products;
			sourceTree = "<group>";
		};
		5A8884D72982C08F005D2406 /* SamplePracticeApp */ = {
			isa = PBXGroup;
			children = (
				5A8884D82982C08F005D2406 /* AppDelegate.swift */,
				5A8884DA2982C08F005D2406 /* SceneDelegate.swift */,
				5A8884DC2982C08F005D2406 /* ViewController.swift */,
				5A8884DE2982C08F005D2406 /* Main.storyboard */,
				5A8884E12982C093005D2406 /* Assets.xcassets */,
				5A8884E32982C093005D2406 /* LaunchScreen.storyboard */,
				5A8884E62982C093005D2406 /* Info.plist */,
			);
			path = SamplePracticeApp;
			sourceTree = "<group>";
		};
		5A8884EE2982C093005D2406 /* SamplePracticeAppTests */ = {
			isa = PBXGroup;
			children = (
				5A8884EF2982C093005D2406 /* SamplePracticeAppTests.swift */,
			);
			path = SamplePracticeAppTests;
			sourceTree = "<group>";
		};
		5A8884F82982C093005D2406 /* SamplePracticeAppUITests */ = {
			isa = PBXGroup;
			children = (
				5A8884F92982C093005D2406 /* SamplePracticeAppUITests.swift */,
				5A8884FB2982C093005D2406 /* SamplePracticeAppUITestsLaunchTests.swift */,
			);
			path = SamplePracticeAppUITests;
			sourceTree = "<group>";
		};
/* End PBXGroup section */

/* Begin PBXNativeTarget section */
		5A8884D42982C08F005D2406 /* SamplePracticeApp */ = {
			isa = PBXNativeTarget;
			buildConfigurationList = 5A8884FF2982C093005D2406 /* Build configuration list for PBXNativeTarget "SamplePracticeApp" */;
			buildPhases = (
				5A8884D12982C08F005D2406 /* Sources */,
				5A8884D22982C08F005D2406 /* Frameworks */,
				5A8884D32982C08F005D2406 /* Resources */,
			);
			buildRules = (
			);
			dependencies = (
			);
			name = SamplePracticeApp;
			productName = SamplePracticeApp;
			productReference = 5A8884D52982C08F005D2406 /* SamplePracticeApp.app */;
			productType = "com.apple.product-type.application";
		};
		5A8884EA2982C093005D2406 /* SamplePracticeAppTests */ = {
			isa = PBXNativeTarget;
			buildConfigurationList = 5A8885022982C093005D2406 /* Build configuration list for PBXNativeTarget "SamplePracticeAppTests" */;
			buildPhases = (
				5A8884E72982C093005D2406 /* Sources */,
				5A8884E82982C093005D2406 /* Frameworks */,
				5A8884E92982C093005D2406 /* Resources */,
			);
			buildRules = (
			);
			dependencies = (
				5A8884ED2982C093005D2406 /* PBXTargetDependency */,
			);
			name = SamplePracticeAppTests;
			productName = SamplePracticeAppTests;
			productReference = 5A8884EB2982C093005D2406 /* SamplePracticeAppTests.xctest */;
			productType = "com.apple.product-type.bundle.unit-test";
		};
		5A8884F42982C093005D2406 /* SamplePracticeAppUITests */ = {
			isa = PBXNativeTarget;
			buildConfigurationList = 5A8885052982C093005D2406 /* Build configuration list for PBXNativeTarget "SamplePracticeAppUITests" */;
			buildPhases = (
				5A8884F12982C093005D2406 /* Sources */,
				5A8884F22982C093005D2406 /* Frameworks */,
				5A8884F32982C093005D2406 /* Resources */,
			);
			buildRules = (
			);
			dependencies = (
				5A8884F72982C093005D2406 /* PBXTargetDependency */,
			);
			name = SamplePracticeAppUITests;
			productName = SamplePracticeAppUITests;
			productReference = 5A8884F52982C093005D2406 /* SamplePracticeAppUITests.xctest */;
			productType = "com.apple.product-type.bundle.ui-testing";
		};
/* End PBXNativeTarget section */

/* Begin PBXProject section */
		5A8884CD2982C08F005D2406 /* Project object */ = {
			isa = PBXProject;
			attributes = {
				BuildIndependentTargetsInParallel = 1;
				LastSwiftUpdateCheck = 1340;
				LastUpgradeCheck = 1340;
				TargetAttributes = {
					5A8884D42982C08F005D2406 = {
						CreatedOnToolsVersion = 13.4.1;
					};
					5A8884EA2982C093005D2406 = {
						CreatedOnToolsVersion = 13.4.1;
						TestTargetID = 5A8884D42982C08F005D2406;
					};
					5A8884F42982C093005D2406 = {
						CreatedOnToolsVersion = 13.4.1;
						TestTargetID = 5A8884D42982C08F005D2406;
					};
				};
			};
			buildConfigurationList = 5A8884D02982C08F005D2406 /* Build configuration list for PBXProject "SamplePracticeApp" */;
			compatibilityVersion = "Xcode 13.0";
			developmentRegion = en;
			hasScannedForEncodings = 0;
			knownRegions = (
				en,
				Base,
			);
			mainGroup = 5A8884CC2982C08F005D2406;
			productRefGroup = 5A8884D62982C08F005D2406 /* Products */;
			projectDirPath = "";
			projectRoot = "";
			targets = (
				5A8884D42982C08F005D2406 /* SamplePracticeApp */,
				5A8884EA2982C093005D2406 /* SamplePracticeAppTests */,
				5A8884F42982C093005D2406 /* SamplePracticeAppUITests */,
			);
		};
/* End PBXProject section */

/* Begin PBXResourcesBuildPhase section */
		5A8884D32982C08F005D2406 /* Resources */ = {
			isa = PBXResourcesBuildPhase;
			buildActionMask = 2147483647;
			files = (
				5A8884E52982C093005D2406 /* LaunchScreen.storyboard in Resources */,
				5A8884E22982C093005D2406 /* Assets.xcassets in Resources */,
				5A8884E02982C08F005D2406 /* Main.storyboard in Resources */,
			);
			runOnlyForDeploymentPostprocessing = 0;
		};
		5A8884E92982C093005D2406 /* Resources */ = {
			isa = PBXResourcesBuildPhase;
			buildActionMask = 2147483647;
			files = (
			);
			runOnlyForDeploymentPostprocessing = 0;
		};
		5A8884F32982C093005D2406 /* Resources */ = {
			isa = PBXResourcesBuildPhase;
			buildActionMask = 2147483647;
			files = (
			);
			runOnlyForDeploymentPostprocessing = 0;
		};
/* End PBXResourcesBuildPhase section */

/* Begin PBXSourcesBuildPhase section */
		5A8884D12982C08F005D2406 /* Sources */ = {
			isa = PBXSourcesBuildPhase;
			buildActionMask = 2147483647;
			files = (
				5A8884DD2982C08F005D2406 /* ViewController.swift in Sources */,
				5A8884D92982C08F005D2406 /* AppDelegate.swift in Sources */,
				5A8884DB2982C08F005D2406 /* SceneDelegate.swift in Sources */,
			);
			runOnlyForDeploymentPostprocessing = 0;
		};
		5A8884E72982C093005D2406 /* Sources */ = {
			isa = PBXSourcesBuildPhase;
			buildActionMask = 2147483647;
			files = (
				5A8884F02982C093005D2406 /* SamplePracticeAppTests.swift in Sources */,
			);
			runOnlyForDeploymentPostprocessing = 0;
		};
		5A8884F12982C093005D2406 /* Sources */ = {
			isa = PBXSourcesBuildPhase;
			buildActionMask = 2147483647;
			files = (
				5A8884FA2982C093005D2406 /* SamplePracticeAppUITests.swift in Sources */,
				5A8884FC2982C093005D2406 /* SamplePracticeAppUITestsLaunchTests.swift in Sources */,
			);
			runOnlyForDeploymentPostprocessing = 0;
		};
/* End PBXSourcesBuildPhase section */

/* Begin PBXTargetDependency section */
		5A8884ED2982C093005D2406 /* PBXTargetDependency */ = {
			isa = PBXTargetDependency;
			target = 5A8884D42982C08F005D2406 /* SamplePracticeApp */;
			targetProxy = 5A8884EC2982C093005D2406 /* PBXContainerItemProxy */;
		};
		5A8884F72982C093005D2406 /* PBXTargetDependency */ = {
			isa = PBXTargetDependency;
			target = 5A8884D42982C08F005D2406 /* SamplePracticeApp */;
			targetProxy = 5A8884F62982C093005D2406 /* PBXContainerItemProxy */;
		};
/* End PBXTargetDependency section */

/* Begin PBXVariantGroup section */
		5A8884DE2982C08F005D2406 /* Main.storyboard */ = {
			isa = PBXVariantGroup;
			children = (
				5A8884DF2982C08F005D2406 /* Base */,
			);
			name = Main.storyboard;
			sourceTree = "<group>";
		};
		5A8884E32982C093005D2406 /* LaunchScreen.storyboard */ = {
			isa = PBXVariantGroup;
			children = (
				5A8884E42982C093005D2406 /* Base */,
			);
			name = LaunchScreen.storyboard;
			sourceTree = "<group>";
		};
/* End PBXVariantGroup section */

/* Begin XCBuildConfiguration section */
		5A8884FD2982C093005D2406 /* Debug */ = {
			isa = XCBuildConfiguration;
			buildSettings = {
				ALWAYS_SEARCH_USER_PATHS = NO;
				CLANG_ANALYZER_NONNULL = YES;
				CLANG_ANALYZER_NUMBER_OBJECT_CONVERSION = YES_AGGRESSIVE;
				CLANG_CXX_LANGUAGE_STANDARD = "gnu++17";
				CLANG_ENABLE_MODULES = YES;
				CLANG_ENABLE_OBJC_ARC = YES;
				CLANG_ENABLE_OBJC_WEAK = YES;
				CLANG_WARN_BLOCK_CAPTURE_AUTORELEASING = YES;
				CLANG_WARN_BOOL_CONVERSION = YES;
				CLANG_WARN_COMMA = YES;
				CLANG_WARN_CONSTANT_CONVERSION = YES;
				CLANG_WARN_DEPRECATED_OBJC_IMPLEMENTATIONS = YES;
				CLANG_WARN_DIRECT_OBJC_ISA_USAGE = YES_ERROR;
				CLANG_WARN_DOCUMENTATION_COMMENTS = YES;
				CLANG_WARN_EMPTY_BODY = YES;
				CLANG_WARN_ENUM_CONVERSION = YES;
				CLANG_WARN_INFINITE_RECURSION = YES;
				CLANG_WARN_INT_CONVERSION = YES;
				CLANG_WARN_NON_LITERAL_NULL_CONVERSION = YES;
				CLANG_WARN_OBJC_IMPLICIT_RETAIN_SELF = YES;
				CLANG_WARN_OBJC_LITERAL_CONVERSION = YES;
				CLANG_WARN_OBJC_ROOT_CLASS = YES_ERROR;
				CLANG_WARN_QUOTED_INCLUDE_IN_FRAMEWORK_HEADER = YES;
				CLANG_WARN_RANGE_LOOP_ANALYSIS = YES;
				CLANG_WARN_STRICT_PROTOTYPES = YES;
				CLANG_WARN_SUSPICIOUS_MOVE = YES;
				CLANG_WARN_UNGUARDED_AVAILABILITY = YES_AGGRESSIVE;
				CLANG_WARN_UNREACHABLE_CODE = YES;
				CLANG_WARN__DUPLICATE_METHOD_MATCH = YES;
				COPY_PHASE_STRIP = NO;
				DEBUG_INFORMATION_FORMAT = dwarf;
				ENABLE_STRICT_OBJC_MSGSEND = YES;
				ENABLE_TESTABILITY = YES;
				GCC_C_LANGUAGE_STANDARD = gnu11;
				GCC_DYNAMIC_NO_PIC = NO;
				GCC_NO_COMMON_BLOCKS = YES;
				GCC_OPTIMIZATION_LEVEL = 0;
				GCC_PREPROCESSOR_DEFINITIONS = (
					"DEBUG=1",
					"$(inherited)",
				);
				GCC_WARN_64_TO_32_BIT_CONVERSION = YES;
				GCC_WARN_ABOUT_RETURN_TYPE = YES_ERROR;
				GCC_WARN_UNDECLARED_SELECTOR = YES;
				GCC_WARN_UNINITIALIZED_AUTOS = YES_AGGRESSIVE;
				GCC_WARN_UNUSED_FUNCTION = YES;
				GCC_WARN_UNUSED_VARIABLE = YES;
				IPHONEOS_DEPLOYMENT_TARGET = 15.5;
				MTL_ENABLE_DEBUG_INFO = INCLUDE_SOURCE;
				MTL_FAST_MATH = YES;
				ONLY_ACTIVE_ARCH = YES;
				SDKROOT = iphoneos;
				SWIFT_ACTIVE_COMPILATION_CONDITIONS = DEBUG;
				SWIFT_OPTIMIZATION_LEVEL = "-Onone";
			};
			name = Debug;
		};
		5A8884FE2982C093005D2406 /* Release */ = {
			isa = XCBuildConfiguration;
			buildSettings = {
				ALWAYS_SEARCH_USER_PATHS = NO;
				CLANG_ANALYZER_NONNULL = YES;
				CLANG_ANALYZER_NUMBER_OBJECT_CONVERSION = YES_AGGRESSIVE;
				CLANG_CXX_LANGUAGE_STANDARD = "gnu++17";
				CLANG_ENABLE_MODULES = YES;
				CLANG_ENABLE_OBJC_ARC = YES;
				CLANG_ENABLE_OBJC_WEAK = YES;
				CLANG_WARN_BLOCK_CAPTURE_AUTORELEASING = YES;
				CLANG_WARN_BOOL_CONVERSION = YES;
				CLANG_WARN_COMMA = YES;
				CLANG_WARN_CONSTANT_CONVERSION = YES;
				CLANG_WARN_DEPRECATED_OBJC_IMPLEMENTATIONS = YES;
				CLANG_WARN_DIRECT_OBJC_ISA_USAGE = YES_ERROR;
				CLANG_WARN_DOCUMENTATION_COMMENTS = YES;
				CLANG_WARN_EMPTY_BODY = YES;
				CLANG_WARN_ENUM_CONVERSION = YES;
				CLANG_WARN_INFINITE_RECURSION = YES;
				CLANG_WARN_INT_CONVERSION = YES;
				CLANG_WARN_NON_LITERAL_NULL_CONVERSION = YES;
				CLANG_WARN_OBJC_IMPLICIT_RETAIN_SELF = YES;
				CLANG_WARN_OBJC_LITERAL_CONVERSION = YES;
				CLANG_WARN_OBJC_ROOT_CLASS = YES_ERROR;
				CLANG_WARN_QUOTED_INCLUDE_IN_FRAMEWORK_HEADER = YES;
				CLANG_WARN_RANGE_LOOP_ANALYSIS = YES;
				CLANG_WARN_STRICT_PROTOTYPES = YES;
				CLANG_WARN_SUSPICIOUS_MOVE = YES;
				CLANG_WARN_UNGUARDED_AVAILABILITY = YES_AGGRESSIVE;
				CLANG_WARN_UNREACHABLE_CODE = YES;
				CLANG_WARN__DUPLICATE_METHOD_MATCH = YES;
				COPY_PHASE_STRIP = NO;
				DEBUG_INFORMATION_FORMAT = "dwarf-with-dsym";
				ENABLE_NS_ASSERTIONS = NO;
				ENABLE_STRICT_OBJC_MSGSEND = YES;
				GCC_C_LANGUAGE_STANDARD = gnu11;
				GCC_NO_COMMON_BLOCKS = YES;
				GCC_WARN_64_TO_32_BIT_CONVERSION = YES;
				GCC_WARN_ABOUT_RETURN_TYPE = YES_ERROR;
				GCC_WARN_UNDECLARED_SELECTOR = YES;
				GCC_WARN_UNINITIALIZED_AUTOS = YES_AGGRESSIVE;
				GCC_WARN_UNUSED_FUNCTION = YES;
				GCC_WARN_UNUSED_VARIABLE = YES;
				IPHONEOS_DEPLOYMENT_TARGET = 15.5;
				MTL_ENABLE_DEBUG_INFO = NO;
				MTL_FAST_MATH = YES;
				SDKROOT = iphoneos;
				SWIFT_COMPILATION_MODE = wholemodule;
				SWIFT_OPTIMIZATION_LEVEL = "-O";
				VALIDATE_PRODUCT = YES;
			};
			name = Release;
		};
		5A8885002982C093005D2406 /* Debug */ = {
			isa = XCBuildConfiguration;
			buildSettings = {
				ASSETCATALOG_COMPILER_APPICON_NAME = AppIcon;
				ASSETCATALOG_COMPILER_GLOBAL_ACCENT_COLOR_NAME = AccentColor;
				CODE_SIGN_STYLE = Automatic;
				CURRENT_PROJECT_VERSION = 1;
				GENERATE_INFOPLIST_FILE = YES;
				INFOPLIST_FILE = SamplePracticeApp/Info.plist;
				INFOPLIST_KEY_CFBundleDisplayName = SamplePracticeApp;
				INFOPLIST_KEY_UIApplicationSupportsIndirectInputEvents = YES;
				INFOPLIST_KEY_UILaunchStoryboardName = LaunchScreen;
				INFOPLIST_KEY_UIMainStoryboardFile = Main;
				INFOPLIST_KEY_UISupportedInterfaceOrientations_iPad = "UIInterfaceOrientationPortrait UIInterfaceOrientationPortraitUpsideDown UIInterfaceOrientationLandscapeLeft UIInterfaceOrientationLandscapeRight";
				INFOPLIST_KEY_UISupportedInterfaceOrientations_iPhone = "UIInterfaceOrientationPortrait UIInterfaceOrientationLandscapeLeft UIInterfaceOrientationLandscapeRight";
				LD_RUNPATH_SEARCH_PATHS = (
					"$(inherited)",
					"@executable_path/Frameworks",
				);
				MARKETING_VERSION = 1.0;
				PRODUCT_BUNDLE_IDENTIFIER = nwmissouri.edu.SamplePracticeApp;
				PRODUCT_NAME = "$(TARGET_NAME)";
				SWIFT_EMIT_LOC_STRINGS = YES;
				SWIFT_VERSION = 5.0;
				TARGETED_DEVICE_FAMILY = "1,2";
			};
			name = Debug;
		};
		5A8885012982C093005D2406 /* Release */ = {
			isa = XCBuildConfiguration;
			buildSettings = {
				ASSETCATALOG_COMPILER_APPICON_NAME = AppIcon;
				ASSETCATALOG_COMPILER_GLOBAL_ACCENT_COLOR_NAME = AccentColor;
				CODE_SIGN_STYLE = Automatic;
				CURRENT_PROJECT_VERSION = 1;
				GENERATE_INFOPLIST_FILE = YES;
				INFOPLIST_FILE = SamplePracticeApp/Info.plist;
				INFOPLIST_KEY_CFBundleDisplayName = SamplePracticeApp;
				INFOPLIST_KEY_UIApplicationSupportsIndirectInputEvents = YES;
				INFOPLIST_KEY_UILaunchStoryboardName = LaunchScreen;
				INFOPLIST_KEY_UIMainStoryboardFile = Main;
				INFOPLIST_KEY_UISupportedInterfaceOrientations_iPad = "UIInterfaceOrientationPortrait UIInterfaceOrientationPortraitUpsideDown UIInterfaceOrientationLandscapeLeft UIInterfaceOrientationLandscapeRight";
				INFOPLIST_KEY_UISupportedInterfaceOrientations_iPhone = "UIInterfaceOrientationPortrait UIInterfaceOrientationLandscapeLeft UIInterfaceOrientationLandscapeRight";
				LD_RUNPATH_SEARCH_PATHS = (
					"$(inherited)",
					"@executable_path/Frameworks",
				);
				MARKETING_VERSION = 1.0;
				PRODUCT_BUNDLE_IDENTIFIER = nwmissouri.edu.SamplePracticeApp;
				PRODUCT_NAME = "$(TARGET_NAME)";
				SWIFT_EMIT_LOC_STRINGS = YES;
				SWIFT_VERSION = 5.0;
				TARGETED_DEVICE_FAMILY = "1,2";
			};
			name = Release;
		};
		5A8885032982C093005D2406 /* Debug */ = {
			isa = XCBuildConfiguration;
			buildSettings = {
				ALWAYS_EMBED_SWIFT_STANDARD_LIBRARIES = YES;
				BUNDLE_LOADER = "$(TEST_HOST)";
				CODE_SIGN_STYLE = Automatic;
				CURRENT_PROJECT_VERSION = 1;
				GENERATE_INFOPLIST_FILE = YES;
				IPHONEOS_DEPLOYMENT_TARGET = 15.5;
				MARKETING_VERSION = 1.0;
				PRODUCT_BUNDLE_IDENTIFIER = nwmissouri.edu.SamplePracticeAppTests;
				PRODUCT_NAME = "$(TARGET_NAME)";
				SWIFT_EMIT_LOC_STRINGS = NO;
				SWIFT_VERSION = 5.0;
				TARGETED_DEVICE_FAMILY = "1,2";
				TEST_HOST = "$(BUILT_PRODUCTS_DIR)/SamplePracticeApp.app/SamplePracticeApp";
			};
			name = Debug;
		};
		5A8885042982C093005D2406 /* Release */ = {
			isa = XCBuildConfiguration;
			buildSettings = {
				ALWAYS_EMBED_SWIFT_STANDARD_LIBRARIES = YES;
				BUNDLE_LOADER = "$(TEST_HOST)";
				CODE_SIGN_STYLE = Automatic;
				CURRENT_PROJECT_VERSION = 1;
				GENERATE_INFOPLIST_FILE = YES;
				IPHONEOS_DEPLOYMENT_TARGET = 15.5;
				MARKETING_VERSION = 1.0;
				PRODUCT_BUNDLE_IDENTIFIER = nwmissouri.edu.SamplePracticeAppTests;
				PRODUCT_NAME = "$(TARGET_NAME)";
				SWIFT_EMIT_LOC_STRINGS = NO;
				SWIFT_VERSION = 5.0;
				TARGETED_DEVICE_FAMILY = "1,2";
				TEST_HOST = "$(BUILT_PRODUCTS_DIR)/SamplePracticeApp.app/SamplePracticeApp";
			};
			name = Release;
		};
		5A8885062982C093005D2406 /* Debug */ = {
			isa = XCBuildConfiguration;
			buildSettings = {
				ALWAYS_EMBED_SWIFT_STANDARD_LIBRARIES = YES;
				CODE_SIGN_STYLE = Automatic;
				CURRENT_PROJECT_VERSION = 1;
				GENERATE_INFOPLIST_FILE = YES;
				MARKETING_VERSION = 1.0;
				PRODUCT_BUNDLE_IDENTIFIER = nwmissouri.edu.SamplePracticeAppUITests;
				PRODUCT_NAME = "$(TARGET_NAME)";
				SWIFT_EMIT_LOC_STRINGS = NO;
				SWIFT_VERSION = 5.0;
				TARGETED_DEVICE_FAMILY = "1,2";
				TEST_TARGET_NAME = SamplePracticeApp;
			};
			name = Debug;
		};
		5A8885072982C093005D2406 /* Release */ = {
			isa = XCBuildConfiguration;
			buildSettings = {
				ALWAYS_EMBED_SWIFT_STANDARD_LIBRARIES = YES;
				CODE_SIGN_STYLE = Automatic;
				CURRENT_PROJECT_VERSION = 1;
				GENERATE_INFOPLIST_FILE = YES;
				MARKETING_VERSION = 1.0;
				PRODUCT_BUNDLE_IDENTIFIER = nwmissouri.edu.SamplePracticeAppUITests;
				PRODUCT_NAME = "$(TARGET_NAME)";
				SWIFT_EMIT_LOC_STRINGS = NO;
				SWIFT_VERSION = 5.0;
				TARGETED_DEVICE_FAMILY = "1,2";
				TEST_TARGET_NAME = SamplePracticeApp;
			};
			name = Release;
		};
/* End XCBuildConfiguration section */

/* Begin XCConfigurationList section */
		5A8884D02982C08F005D2406 /* Build configuration list for PBXProject "SamplePracticeApp" */ = {
			isa = XCConfigurationList;
			buildConfigurations = (
				5A8884FD2982C093005D2406 /* Debug */,
				5A8884FE2982C093005D2406 /* Release */,
			);
			defaultConfigurationIsVisible = 0;
			defaultConfigurationName = Release;
		};
		5A8884FF2982C093005D2406 /* Build configuration list for PBXNativeTarget "SamplePracticeApp" */ = {
			isa = XCConfigurationList;
			buildConfigurations = (
				5A8885002982C093005D2406 /* Debug */,
				5A8885012982C093005D2406 /* Release */,
			);
			defaultConfigurationIsVisible = 0;
			defaultConfigurationName = Release;
		};
		5A8885022982C093005D2406 /* Build configuration list for PBXNativeTarget "SamplePracticeAppTests" */ = {
			isa = XCConfigurationList;
			buildConfigurations = (
				5A8885032982C093005D2406 /* Debug */,
				5A8885042982C093005D2406 /* Release */,
			);
			defaultConfigurationIsVisible = 0;
			defaultConfigurationName = Release;
		};
		5A8885052982C093005D2406 /* Build configuration list for PBXNativeTarget "SamplePracticeAppUITests" */ = {
			isa = XCConfigurationList;
			buildConfigurations = (
				5A8885062982C093005D2406 /* Debug */,
				5A8885072982C093005D2406 /* Release */,
			);
			defaultConfigurationIsVisible = 0;
			defaultConfigurationName = Release;
		};
/* End XCConfigurationList section */
	};
	rootObject = 5A8884CD2982C08F005D2406 /* Project object */;
}
